{
  "version": 4,
  "terraform_version": "1.6.6",
  "serial": 185,
  "lineage": "8827e60c-4fe1-ee4e-1eb0-01b3fe95e622",
  "outputs": {},
  "resources": [
    {
      "mode": "managed",
      "type": "azurerm_iothub",
      "name": "pnp_data_iot_c01",
      "provider": "provider[\"registry.terraform.io/hashicorp/azurerm\"]",
      "instances": [
        {
          "schema_version": 1,
          "attributes": {
            "cloud_to_device": [
              {
                "default_ttl": "PT1H",
                "feedback": [
                  {
                    "lock_duration": "PT1M",
                    "max_delivery_count": 10,
                    "time_to_live": "PT1H"
                  }
                ],
                "max_delivery_count": 10
              }
            ],
            "endpoint": [],
            "enrichment": [],
            "event_hub_events_endpoint": "sb://iothub-ns-pnp-data-i-25397844-e19e640a63.servicebus.windows.net/",
            "event_hub_events_namespace": "iothub-ns-pnp-data-i-25397844-e19e640a63",
            "event_hub_events_path": "pnp-data-iot-c01",
            "event_hub_operations_endpoint": null,
            "event_hub_operations_path": null,
            "event_hub_partition_count": 4,
            "event_hub_retention_in_days": 1,
            "fallback_route": [
              {
                "condition": "true",
                "enabled": true,
                "endpoint_names": [
                  "events"
                ],
                "source": "DeviceMessages"
              }
            ],
            "file_upload": [],
            "hostname": "PNP-DATA-IOT-C01.azure-devices.net",
            "id": "/subscriptions/187d0279-23aa-4f7d-9f3f-fc1a8ac639d5/resourceGroups/PNP-HUB-RG/providers/Microsoft.Devices/iotHubs/PNP-DATA-IOT-C01",
            "identity": [],
            "local_authentication_enabled": true,
            "location": "koreacentral",
            "min_tls_version": "",
            "name": "PNP-DATA-IOT-C01",
            "network_rule_set": [],
            "public_network_access_enabled": null,
            "resource_group_name": "PNP-HUB-RG",
            "route": [],
            "shared_access_policy": [
              {
                "key_name": "iothubowner",
                "permissions": "RegistryWrite, ServiceConnect, DeviceConnect",
                "primary_key": "kuinyWPIfLx8ZAPy8Y/lRmJUejMT+na08AIoTP5rlV4=",
                "secondary_key": "v+PfR/ePqPy9RzT4W2xVYGFlJGU68kFB+AIoTLq38EE="
              },
              {
                "key_name": "service",
                "permissions": "ServiceConnect",
                "primary_key": "QiTtMkXydngyCmBevjVFUSWJNdvQhjyKEAIoTAYIBcU=",
                "secondary_key": "Fu2XHMS9pLi+9ju6mYLJLwrJpzbzJq1kIAIoTDgDSLs="
              },
              {
                "key_name": "device",
                "permissions": "DeviceConnect",
                "primary_key": "x+p1avKAEByiLw8Z0kEb1On5AtI6nxcjOAIoTKYYFtQ=",
                "secondary_key": "gNLaVsFLElbAy73AvMZgs1C+Vjr1yQNXlAIoTM9sBCE="
              },
              {
                "key_name": "registryRead",
                "permissions": "RegistryRead",
                "primary_key": "H86uLmsXTzSgiMo4yr8EAjYabtxTUhpJ4AIoTHSg6H4=",
                "secondary_key": "XnBGs57oThANk+BERNvpJBS2cW11HaVY3AIoTPfip1M="
              },
              {
                "key_name": "registryReadWrite",
                "permissions": "RegistryWrite",
                "primary_key": "8HbJNCt5fKWdbLwlm3fqr+WKngviK5o+0AIoTP4tcd8=",
                "secondary_key": "bE4H+hc7APmoof7S0EnrDtHs9Jqsih7qbAIoTDuoI7c="
              }
            ],
            "sku": [
              {
                "capacity": 1,
                "name": "S1"
              }
            ],
            "tags": {},
            "timeouts": null,
            "type": "Microsoft.Devices/IotHubs"
          },
          "sensitive_attributes": [],
          "private": "eyJlMmJmYjczMC1lY2FhLTExZTYtOGY4OC0zNDM2M2JjN2M0YzAiOnsiY3JlYXRlIjoxODAwMDAwMDAwMDAwLCJkZWxldGUiOjE4MDAwMDAwMDAwMDAsInJlYWQiOjMwMDAwMDAwMDAwMCwidXBkYXRlIjoxODAwMDAwMDAwMDAwfSwic2NoZW1hX3ZlcnNpb24iOiIxIn0=",
          "dependencies": [
            "azurerm_resource_group.pnp_hub_rg"
          ]
        }
      ]
    },
    {
      "mode": "managed",
      "type": "azurerm_network_interface",
      "name": "pnp_hub_bastion_vm_nic",
      "provider": "provider[\"registry.terraform.io/hashicorp/azurerm\"]",
      "instances": [
        {
          "schema_version": 0,
          "attributes": {
            "applied_dns_servers": [],
            "auxiliary_mode": "",
            "auxiliary_sku": "",
            "dns_servers": [],
            "edge_zone": "",
            "enable_accelerated_networking": false,
            "enable_ip_forwarding": false,
            "id": "/subscriptions/187d0279-23aa-4f7d-9f3f-fc1a8ac639d5/resourceGroups/PNP-HUB-RG/providers/Microsoft.Network/networkInterfaces/PNP-HUB-BASTION-VM-NIC",
            "internal_dns_name_label": "",
            "internal_domain_name_suffix": "44xkick4zime1ngym5p1atnxfc.syx.internal.cloudapp.net",
            "ip_configuration": [
              {
                "gateway_load_balancer_frontend_ip_configuration_id": "",
                "name": "PNP-HUB-NIC-CONFIG",
                "primary": true,
                "private_ip_address": "10.0.1.4",
                "private_ip_address_allocation": "Dynamic",
                "private_ip_address_version": "IPv4",
                "public_ip_address_id": "/subscriptions/187d0279-23aa-4f7d-9f3f-fc1a8ac639d5/resourceGroups/PNP-HUB-RG/providers/Microsoft.Network/publicIPAddresses/PNP-HUB-BASTION-VM-IP",
                "subnet_id": "/subscriptions/187d0279-23aa-4f7d-9f3f-fc1a8ac639d5/resourceGroups/PNP-HUB-RG/providers/Microsoft.Network/virtualNetworks/pnp_hub_vnet/subnets/PNP-HUB-BASTION-PEP-SUBNET"
              }
            ],
            "location": "koreacentral",
            "mac_address": "00-22-48-CD-C0-96",
            "name": "PNP-HUB-BASTION-VM-NIC",
            "private_ip_address": "10.0.1.4",
            "private_ip_addresses": [
              "10.0.1.4"
            ],
            "resource_group_name": "PNP-HUB-RG",
            "tags": {},
            "timeouts": null,
            "virtual_machine_id": "/subscriptions/187d0279-23aa-4f7d-9f3f-fc1a8ac639d5/resourceGroups/PNP-HUB-RG/providers/Microsoft.Compute/virtualMachines/PNP-HUB-BS-VM"
          },
          "sensitive_attributes": [],
          "private": "eyJlMmJmYjczMC1lY2FhLTExZTYtOGY4OC0zNDM2M2JjN2M0YzAiOnsiY3JlYXRlIjoxODAwMDAwMDAwMDAwLCJkZWxldGUiOjE4MDAwMDAwMDAwMDAsInJlYWQiOjMwMDAwMDAwMDAwMCwidXBkYXRlIjoxODAwMDAwMDAwMDAwfX0=",
          "dependencies": [
            "azurerm_public_ip.pnp_hub_bastion_vm_ip",
            "azurerm_resource_group.pnp_hub_rg",
            "azurerm_subnet.pnp_hub_bastion_pep_subnet",
            "azurerm_virtual_network.pnp_hub_vnet"
          ]
        }
      ]
    },
    {
      "mode": "managed",
      "type": "azurerm_network_interface_security_group_association",
      "name": "connect_bastion_nic_nsg",
      "provider": "provider[\"registry.terraform.io/hashicorp/azurerm\"]",
      "instances": [
        {
          "schema_version": 0,
          "attributes": {
            "id": "/subscriptions/187d0279-23aa-4f7d-9f3f-fc1a8ac639d5/resourceGroups/PNP-HUB-RG/providers/Microsoft.Network/networkInterfaces/PNP-HUB-BASTION-VM-NIC|/subscriptions/187d0279-23aa-4f7d-9f3f-fc1a8ac639d5/resourceGroups/PNP-HUB-RG/providers/Microsoft.Network/networkSecurityGroups/PNP-HUB-BASTION-VM-NSG",
            "network_interface_id": "/subscriptions/187d0279-23aa-4f7d-9f3f-fc1a8ac639d5/resourceGroups/PNP-HUB-RG/providers/Microsoft.Network/networkInterfaces/PNP-HUB-BASTION-VM-NIC",
            "network_security_group_id": "/subscriptions/187d0279-23aa-4f7d-9f3f-fc1a8ac639d5/resourceGroups/PNP-HUB-RG/providers/Microsoft.Network/networkSecurityGroups/PNP-HUB-BASTION-VM-NIC-nsg",
            "timeouts": null
          },
          "sensitive_attributes": [],
          "private": "eyJlMmJmYjczMC1lY2FhLTExZTYtOGY4OC0zNDM2M2JjN2M0YzAiOnsiY3JlYXRlIjoxODAwMDAwMDAwMDAwLCJkZWxldGUiOjE4MDAwMDAwMDAwMDAsInJlYWQiOjMwMDAwMDAwMDAwMH19",
          "dependencies": [
            "azurerm_network_interface.pnp_hub_bastion_vm_nic",
            "azurerm_network_security_group.pnp_hub_bastion_vm_nsg",
            "azurerm_public_ip.pnp_hub_bastion_vm_ip",
            "azurerm_resource_group.pnp_hub_rg",
            "azurerm_subnet.pnp_hub_bastion_pep_subnet",
            "azurerm_virtual_network.pnp_hub_vnet"
          ]
        }
      ]
    },
    {
      "mode": "managed",
      "type": "azurerm_network_security_group",
      "name": "pnp_hub_bastion_vm_nsg",
      "provider": "provider[\"registry.terraform.io/hashicorp/azurerm\"]",
      "instances": [
        {
          "schema_version": 0,
          "attributes": {
            "id": "/subscriptions/187d0279-23aa-4f7d-9f3f-fc1a8ac639d5/resourceGroups/PNP-HUB-RG/providers/Microsoft.Network/networkSecurityGroups/PNP-HUB-BASTION-VM-NSG",
            "location": "koreacentral",
            "name": "PNP-HUB-BASTION-VM-NSG",
            "resource_group_name": "PNP-HUB-RG",
            "security_rule": [],
            "tags": {},
            "timeouts": null
          },
          "sensitive_attributes": [],
          "private": "eyJlMmJmYjczMC1lY2FhLTExZTYtOGY4OC0zNDM2M2JjN2M0YzAiOnsiY3JlYXRlIjoxODAwMDAwMDAwMDAwLCJkZWxldGUiOjE4MDAwMDAwMDAwMDAsInJlYWQiOjMwMDAwMDAwMDAwMCwidXBkYXRlIjoxODAwMDAwMDAwMDAwfX0=",
          "dependencies": [
            "azurerm_resource_group.pnp_hub_rg"
          ]
        }
      ]
    },
    {
      "mode": "managed",
      "type": "azurerm_private_dns_zone",
      "name": "iothub_private_dns_zone",
      "provider": "provider[\"registry.terraform.io/hashicorp/azurerm\"]",
      "instances": [
        {
          "schema_version": 0,
          "attributes": {
            "id": "/subscriptions/187d0279-23aa-4f7d-9f3f-fc1a8ac639d5/resourceGroups/PNP-HUB-RG/providers/Microsoft.Network/privateDnsZones/privatelink.azure-devices.net",
            "max_number_of_record_sets": 25000,
            "max_number_of_virtual_network_links": 1000,
            "max_number_of_virtual_network_links_with_registration": 100,
            "name": "privatelink.azure-devices.net",
            "number_of_record_sets": 1,
            "resource_group_name": "PNP-HUB-RG",
            "soa_record": [
              {
                "email": "azureprivatedns-host.microsoft.com",
                "expire_time": 2419200,
                "fqdn": "privatelink.azure-devices.net.",
                "host_name": "azureprivatedns.net",
                "minimum_ttl": 10,
                "refresh_time": 3600,
                "retry_time": 300,
                "serial_number": 1,
                "tags": {},
                "ttl": 3600
              }
            ],
            "tags": {},
            "timeouts": null
          },
          "sensitive_attributes": [],
          "private": "eyJlMmJmYjczMC1lY2FhLTExZTYtOGY4OC0zNDM2M2JjN2M0YzAiOnsiY3JlYXRlIjoxODAwMDAwMDAwMDAwLCJkZWxldGUiOjE4MDAwMDAwMDAwMDAsInJlYWQiOjMwMDAwMDAwMDAwMCwidXBkYXRlIjoxODAwMDAwMDAwMDAwfX0=",
          "dependencies": [
            "azurerm_resource_group.pnp_hub_rg"
          ]
        }
      ]
    },
    {
      "mode": "managed",
      "type": "azurerm_private_dns_zone",
      "name": "iothub_servicebus_private_dns_zone",
      "provider": "provider[\"registry.terraform.io/hashicorp/azurerm\"]",
      "instances": [
        {
          "schema_version": 0,
          "attributes": {
            "id": "/subscriptions/187d0279-23aa-4f7d-9f3f-fc1a8ac639d5/resourceGroups/PNP-HUB-RG/providers/Microsoft.Network/privateDnsZones/privatelink.servicebus.windows.net",
            "max_number_of_record_sets": 25000,
            "max_number_of_virtual_network_links": 1000,
            "max_number_of_virtual_network_links_with_registration": 100,
            "name": "privatelink.servicebus.windows.net",
            "number_of_record_sets": 1,
            "resource_group_name": "PNP-HUB-RG",
            "soa_record": [
              {
                "email": "azureprivatedns-host.microsoft.com",
                "expire_time": 2419200,
                "fqdn": "privatelink.servicebus.windows.net.",
                "host_name": "azureprivatedns.net",
                "minimum_ttl": 10,
                "refresh_time": 3600,
                "retry_time": 300,
                "serial_number": 1,
                "tags": {},
                "ttl": 3600
              }
            ],
            "tags": {},
            "timeouts": null
          },
          "sensitive_attributes": [],
          "private": "eyJlMmJmYjczMC1lY2FhLTExZTYtOGY4OC0zNDM2M2JjN2M0YzAiOnsiY3JlYXRlIjoxODAwMDAwMDAwMDAwLCJkZWxldGUiOjE4MDAwMDAwMDAwMDAsInJlYWQiOjMwMDAwMDAwMDAwMCwidXBkYXRlIjoxODAwMDAwMDAwMDAwfX0=",
          "dependencies": [
            "azurerm_resource_group.pnp_hub_rg"
          ]
        }
      ]
    },
    {
      "mode": "managed",
      "type": "azurerm_private_dns_zone",
      "name": "pnp_hub_plh_private_dns_zone",
      "provider": "provider[\"registry.terraform.io/hashicorp/azurerm\"]",
      "instances": [
        {
          "schema_version": 0,
          "attributes": {
            "id": "/subscriptions/187d0279-23aa-4f7d-9f3f-fc1a8ac639d5/resourceGroups/PNP-HUB-RG/providers/Microsoft.Network/privateDnsZones/privatelink.azuresynapse.net",
            "max_number_of_record_sets": 25000,
            "max_number_of_virtual_network_links": 1000,
            "max_number_of_virtual_network_links_with_registration": 100,
            "name": "privatelink.azuresynapse.net",
            "number_of_record_sets": 1,
            "resource_group_name": "PNP-HUB-RG",
            "soa_record": [
              {
                "email": "azureprivatedns-host.microsoft.com",
                "expire_time": 2419200,
                "fqdn": "privatelink.azuresynapse.net.",
                "host_name": "azureprivatedns.net",
                "minimum_ttl": 10,
                "refresh_time": 3600,
                "retry_time": 300,
                "serial_number": 1,
                "tags": {},
                "ttl": 3600
              }
            ],
            "tags": {},
            "timeouts": null
          },
          "sensitive_attributes": [],
          "private": "eyJlMmJmYjczMC1lY2FhLTExZTYtOGY4OC0zNDM2M2JjN2M0YzAiOnsiY3JlYXRlIjoxODAwMDAwMDAwMDAwLCJkZWxldGUiOjE4MDAwMDAwMDAwMDAsInJlYWQiOjMwMDAwMDAwMDAwMCwidXBkYXRlIjoxODAwMDAwMDAwMDAwfX0=",
          "dependencies": [
            "azurerm_resource_group.pnp_hub_rg"
          ]
        }
      ]
    },
    {
      "mode": "managed",
      "type": "azurerm_private_dns_zone",
      "name": "pnp_spoke_adls_blob_dns_zone",
      "provider": "provider[\"registry.terraform.io/hashicorp/azurerm\"]",
      "instances": [
        {
          "schema_version": 0,
          "attributes": {
            "id": "/subscriptions/187d0279-23aa-4f7d-9f3f-fc1a8ac639d5/resourceGroups/PNP-SPOKE-RG/providers/Microsoft.Network/privateDnsZones/privatelink.blob.core.windows.net",
            "max_number_of_record_sets": 25000,
            "max_number_of_virtual_network_links": 1000,
            "max_number_of_virtual_network_links_with_registration": 100,
            "name": "privatelink.blob.core.windows.net",
            "number_of_record_sets": 1,
            "resource_group_name": "PNP-SPOKE-RG",
            "soa_record": [
              {
                "email": "azureprivatedns-host.microsoft.com",
                "expire_time": 2419200,
                "fqdn": "privatelink.blob.core.windows.net.",
                "host_name": "azureprivatedns.net",
                "minimum_ttl": 10,
                "refresh_time": 3600,
                "retry_time": 300,
                "serial_number": 1,
                "tags": {},
                "ttl": 3600
              }
            ],
            "tags": {},
            "timeouts": null
          },
          "sensitive_attributes": [],
          "private": "eyJlMmJmYjczMC1lY2FhLTExZTYtOGY4OC0zNDM2M2JjN2M0YzAiOnsiY3JlYXRlIjoxODAwMDAwMDAwMDAwLCJkZWxldGUiOjE4MDAwMDAwMDAwMDAsInJlYWQiOjMwMDAwMDAwMDAwMCwidXBkYXRlIjoxODAwMDAwMDAwMDAwfX0=",
          "dependencies": [
            "azurerm_resource_group.pnp_spoke_rg"
          ]
        }
      ]
    },
    {
      "mode": "managed",
      "type": "azurerm_private_dns_zone",
      "name": "pnp_spoke_adls_dfs_dns_zone",
      "provider": "provider[\"registry.terraform.io/hashicorp/azurerm\"]",
      "instances": [
        {
          "schema_version": 0,
          "attributes": {
            "id": "/subscriptions/187d0279-23aa-4f7d-9f3f-fc1a8ac639d5/resourceGroups/PNP-SPOKE-RG/providers/Microsoft.Network/privateDnsZones/privatelink.dfs.core.windows.net",
            "max_number_of_record_sets": 25000,
            "max_number_of_virtual_network_links": 1000,
            "max_number_of_virtual_network_links_with_registration": 100,
            "name": "privatelink.dfs.core.windows.net",
            "number_of_record_sets": 2,
            "resource_group_name": "PNP-SPOKE-RG",
            "soa_record": [
              {
                "email": "azureprivatedns-host.microsoft.com",
                "expire_time": 2419200,
                "fqdn": "privatelink.dfs.core.windows.net.",
                "host_name": "azureprivatedns.net",
                "minimum_ttl": 10,
                "refresh_time": 3600,
                "retry_time": 300,
                "serial_number": 1,
                "tags": {},
                "ttl": 3600
              }
            ],
            "tags": {},
            "timeouts": null
          },
          "sensitive_attributes": [],
          "private": "eyJlMmJmYjczMC1lY2FhLTExZTYtOGY4OC0zNDM2M2JjN2M0YzAiOnsiY3JlYXRlIjoxODAwMDAwMDAwMDAwLCJkZWxldGUiOjE4MDAwMDAwMDAwMDAsInJlYWQiOjMwMDAwMDAwMDAwMCwidXBkYXRlIjoxODAwMDAwMDAwMDAwfX0=",
          "dependencies": [
            "azurerm_resource_group.pnp_spoke_rg"
          ]
        }
      ]
    },
    {
      "mode": "managed",
      "type": "azurerm_private_dns_zone",
      "name": "pnp_spoke_adls_web_dns_zone",
      "provider": "provider[\"registry.terraform.io/hashicorp/azurerm\"]",
      "instances": [
        {
          "schema_version": 0,
          "attributes": {
            "id": "/subscriptions/187d0279-23aa-4f7d-9f3f-fc1a8ac639d5/resourceGroups/PNP-SPOKE-RG/providers/Microsoft.Network/privateDnsZones/privatelink.web.core.windows.net",
            "max_number_of_record_sets": 25000,
            "max_number_of_virtual_network_links": 1000,
            "max_number_of_virtual_network_links_with_registration": 100,
            "name": "privatelink.web.core.windows.net",
            "number_of_record_sets": 1,
            "resource_group_name": "PNP-SPOKE-RG",
            "soa_record": [
              {
                "email": "azureprivatedns-host.microsoft.com",
                "expire_time": 2419200,
                "fqdn": "privatelink.web.core.windows.net.",
                "host_name": "azureprivatedns.net",
                "minimum_ttl": 10,
                "refresh_time": 3600,
                "retry_time": 300,
                "serial_number": 1,
                "tags": {},
                "ttl": 3600
              }
            ],
            "tags": {},
            "timeouts": null
          },
          "sensitive_attributes": [],
          "private": "eyJlMmJmYjczMC1lY2FhLTExZTYtOGY4OC0zNDM2M2JjN2M0YzAiOnsiY3JlYXRlIjoxODAwMDAwMDAwMDAwLCJkZWxldGUiOjE4MDAwMDAwMDAwMDAsInJlYWQiOjMwMDAwMDAwMDAwMCwidXBkYXRlIjoxODAwMDAwMDAwMDAwfX0=",
          "dependencies": [
            "azurerm_resource_group.pnp_spoke_rg"
          ]
        }
      ]
    },
    {
      "mode": "managed",
      "type": "azurerm_private_dns_zone",
      "name": "pnp_spoke_syn_dev_dns_zone",
      "provider": "provider[\"registry.terraform.io/hashicorp/azurerm\"]",
      "instances": [
        {
          "schema_version": 0,
          "attributes": {
            "id": "/subscriptions/187d0279-23aa-4f7d-9f3f-fc1a8ac639d5/resourceGroups/PNP-SPOKE-RG/providers/Microsoft.Network/privateDnsZones/privatelink.dev.azuresynapse.net",
            "max_number_of_record_sets": 25000,
            "max_number_of_virtual_network_links": 1000,
            "max_number_of_virtual_network_links_with_registration": 100,
            "name": "privatelink.dev.azuresynapse.net",
            "number_of_record_sets": 1,
            "resource_group_name": "PNP-SPOKE-RG",
            "soa_record": [
              {
                "email": "azureprivatedns-host.microsoft.com",
                "expire_time": 2419200,
                "fqdn": "privatelink.dev.azuresynapse.net.",
                "host_name": "azureprivatedns.net",
                "minimum_ttl": 10,
                "refresh_time": 3600,
                "retry_time": 300,
                "serial_number": 1,
                "tags": {},
                "ttl": 3600
              }
            ],
            "tags": {},
            "timeouts": null
          },
          "sensitive_attributes": [],
          "private": "eyJlMmJmYjczMC1lY2FhLTExZTYtOGY4OC0zNDM2M2JjN2M0YzAiOnsiY3JlYXRlIjoxODAwMDAwMDAwMDAwLCJkZWxldGUiOjE4MDAwMDAwMDAwMDAsInJlYWQiOjMwMDAwMDAwMDAwMCwidXBkYXRlIjoxODAwMDAwMDAwMDAwfX0=",
          "dependencies": [
            "azurerm_resource_group.pnp_spoke_rg"
          ]
        }
      ]
    },
    {
      "mode": "managed",
      "type": "azurerm_private_dns_zone",
      "name": "pnp_spoke_syn_sql_dns_zone",
      "provider": "provider[\"registry.terraform.io/hashicorp/azurerm\"]",
      "instances": [
        {
          "schema_version": 0,
          "attributes": {
            "id": "/subscriptions/187d0279-23aa-4f7d-9f3f-fc1a8ac639d5/resourceGroups/PNP-SPOKE-RG/providers/Microsoft.Network/privateDnsZones/privatelink.sql.azuresynapse.net",
            "max_number_of_record_sets": 25000,
            "max_number_of_virtual_network_links": 1000,
            "max_number_of_virtual_network_links_with_registration": 100,
            "name": "privatelink.sql.azuresynapse.net",
            "number_of_record_sets": 1,
            "resource_group_name": "PNP-SPOKE-RG",
            "soa_record": [
              {
                "email": "azureprivatedns-host.microsoft.com",
                "expire_time": 2419200,
                "fqdn": "privatelink.sql.azuresynapse.net.",
                "host_name": "azureprivatedns.net",
                "minimum_ttl": 10,
                "refresh_time": 3600,
                "retry_time": 300,
                "serial_number": 1,
                "tags": {},
                "ttl": 3600
              }
            ],
            "tags": {},
            "timeouts": null
          },
          "sensitive_attributes": [],
          "private": "eyJlMmJmYjczMC1lY2FhLTExZTYtOGY4OC0zNDM2M2JjN2M0YzAiOnsiY3JlYXRlIjoxODAwMDAwMDAwMDAwLCJkZWxldGUiOjE4MDAwMDAwMDAwMDAsInJlYWQiOjMwMDAwMDAwMDAwMCwidXBkYXRlIjoxODAwMDAwMDAwMDAwfX0=",
          "dependencies": [
            "azurerm_resource_group.pnp_spoke_rg"
          ]
        }
      ]
    },
    {
      "mode": "managed",
      "type": "azurerm_private_endpoint",
      "name": "pnp_data_iot_c01_pep",
      "provider": "provider[\"registry.terraform.io/hashicorp/azurerm\"]",
      "instances": [
        {
          "schema_version": 0,
          "attributes": {
            "custom_dns_configs": [
              {
                "fqdn": "PNP-DATA-IOT-C01.azure-devices.net",
                "ip_addresses": [
                  "10.0.2.4"
                ]
              },
              {
                "fqdn": "iothub-ns-pnp-data-i-25397844-e19e640a63.servicebus.windows.net",
                "ip_addresses": [
                  "10.0.2.5"
                ]
              }
            ],
            "custom_network_interface_name": "",
            "id": "/subscriptions/187d0279-23aa-4f7d-9f3f-fc1a8ac639d5/resourceGroups/PNP-HUB-RG/providers/Microsoft.Network/privateEndpoints/PNP-HUB-IOT-IOTHUB-PEP",
            "ip_configuration": [],
            "location": "koreacentral",
            "name": "PNP-HUB-IOT-IOTHUB-PEP",
            "network_interface": [
              {
                "id": "/subscriptions/187d0279-23aa-4f7d-9f3f-fc1a8ac639d5/resourceGroups/PNP-HUB-RG/providers/Microsoft.Network/networkInterfaces/PNP-HUB-IOT-IOTHUB-PEP.nic.ba246a1a-63e5-4902-9310-0630e23179b0",
                "name": "PNP-HUB-IOT-IOTHUB-PEP.nic.ba246a1a-63e5-4902-9310-0630e23179b0"
              }
            ],
            "private_dns_zone_configs": [],
            "private_dns_zone_group": [],
            "private_service_connection": [
              {
                "is_manual_connection": false,
                "name": "example-iothub-pe-connection",
                "private_connection_resource_alias": "",
                "private_connection_resource_id": "/subscriptions/187d0279-23aa-4f7d-9f3f-fc1a8ac639d5/resourceGroups/PNP-HUB-RG/providers/Microsoft.Devices/iotHubs/PNP-DATA-IOT-C01",
                "private_ip_address": "10.0.2.4",
                "request_message": "",
                "subresource_names": [
                  "iotHub"
                ]
              }
            ],
            "resource_group_name": "PNP-HUB-RG",
            "subnet_id": "/subscriptions/187d0279-23aa-4f7d-9f3f-fc1a8ac639d5/resourceGroups/PNP-HUB-RG/providers/Microsoft.Network/virtualNetworks/pnp_hub_vnet/subnets/PNP-HUB-IOT-PEP-SUBNET",
            "tags": {},
            "timeouts": null
          },
          "sensitive_attributes": [],
          "private": "eyJlMmJmYjczMC1lY2FhLTExZTYtOGY4OC0zNDM2M2JjN2M0YzAiOnsiY3JlYXRlIjozNjAwMDAwMDAwMDAwLCJkZWxldGUiOjM2MDAwMDAwMDAwMDAsInJlYWQiOjMwMDAwMDAwMDAwMCwidXBkYXRlIjozNjAwMDAwMDAwMDAwfX0=",
          "dependencies": [
            "azurerm_iothub.pnp_data_iot_c01",
            "azurerm_private_dns_zone.iothub_private_dns_zone",
            "azurerm_private_dns_zone.iothub_servicebus_private_dns_zone",
            "azurerm_resource_group.pnp_hub_rg",
            "azurerm_subnet.pnp_hub_iot_pep_subnet",
            "azurerm_virtual_network.pnp_hub_vnet"
          ]
        }
      ]
    },
    {
      "mode": "managed",
      "type": "azurerm_private_endpoint",
      "name": "pnp_spoke_data_st_dfs_pep",
      "provider": "provider[\"registry.terraform.io/hashicorp/azurerm\"]",
      "instances": [
        {
          "schema_version": 0,
          "attributes": {
            "custom_dns_configs": [],
            "custom_network_interface_name": "",
            "id": "/subscriptions/187d0279-23aa-4f7d-9f3f-fc1a8ac639d5/resourceGroups/PNP-SPOKE-RG/providers/Microsoft.Network/privateEndpoints/PNP-SPOKE-DATA-ST-DFS-PEP",
            "ip_configuration": [],
            "location": "koreacentral",
            "name": "PNP-SPOKE-DATA-ST-DFS-PEP",
            "network_interface": [
              {
                "id": "/subscriptions/187d0279-23aa-4f7d-9f3f-fc1a8ac639d5/resourceGroups/PNP-SPOKE-RG/providers/Microsoft.Network/networkInterfaces/PNP-SPOKE-DATA-ST-DFS-PEP.nic.37c31575-7e5e-408c-bfb7-7f7baaed1383",
                "name": "PNP-SPOKE-DATA-ST-DFS-PEP.nic.37c31575-7e5e-408c-bfb7-7f7baaed1383"
              }
            ],
            "private_dns_zone_configs": [
              {
                "id": "/subscriptions/187d0279-23aa-4f7d-9f3f-fc1a8ac639d5/resourceGroups/PNP-SPOKE-RG/providers/Microsoft.Network/privateEndpoints/PNP-SPOKE-DATA-ST-DFS-PEP/privateDnsZoneGroups/default/privateDnsZoneConfigs/privatelink.dfs.core.windows.net",
                "name": "privatelink.dfs.core.windows.net",
                "private_dns_zone_id": "/subscriptions/187d0279-23aa-4f7d-9f3f-fc1a8ac639d5/resourceGroups/PNP-SPOKE-RG/providers/Microsoft.Network/privateDnsZones/privatelink.dfs.core.windows.net",
                "record_sets": [
                  {
                    "fqdn": "pnpspokedataadlsd01.privatelink.dfs.core.windows.net",
                    "ip_addresses": [
                      "10.1.2.4"
                    ],
                    "name": "pnpspokedataadlsd01",
                    "ttl": 10,
                    "type": "A"
                  }
                ]
              }
            ],
            "private_dns_zone_group": [
              {
                "id": "/subscriptions/187d0279-23aa-4f7d-9f3f-fc1a8ac639d5/resourceGroups/PNP-SPOKE-RG/providers/Microsoft.Network/privateEndpoints/PNP-SPOKE-DATA-ST-DFS-PEP/privateDnsZoneGroups/default",
                "name": "default",
                "private_dns_zone_ids": [
                  "/subscriptions/187d0279-23aa-4f7d-9f3f-fc1a8ac639d5/resourceGroups/PNP-SPOKE-RG/providers/Microsoft.Network/privateDnsZones/privatelink.dfs.core.windows.net"
                ]
              }
            ],
            "private_service_connection": [
              {
                "is_manual_connection": false,
                "name": "example-iothub-pe-connection",
                "private_connection_resource_alias": "",
                "private_connection_resource_id": "/subscriptions/187d0279-23aa-4f7d-9f3f-fc1a8ac639d5/resourceGroups/PNP-SPOKE-RG/providers/Microsoft.Storage/storageAccounts/pnpspokedataadlsd01",
                "private_ip_address": "10.1.2.4",
                "request_message": "",
                "subresource_names": [
                  "dfs"
                ]
              }
            ],
            "resource_group_name": "PNP-SPOKE-RG",
            "subnet_id": "/subscriptions/187d0279-23aa-4f7d-9f3f-fc1a8ac639d5/resourceGroups/PNP-SPOKE-RG/providers/Microsoft.Network/virtualNetworks/pnp_spoke_vnet/subnets/PNP-SPOKE-DATA-ST-PEP-SUBNET",
            "tags": {},
            "timeouts": null
          },
          "sensitive_attributes": [],
          "private": "eyJlMmJmYjczMC1lY2FhLTExZTYtOGY4OC0zNDM2M2JjN2M0YzAiOnsiY3JlYXRlIjozNjAwMDAwMDAwMDAwLCJkZWxldGUiOjM2MDAwMDAwMDAwMDAsInJlYWQiOjMwMDAwMDAwMDAwMCwidXBkYXRlIjozNjAwMDAwMDAwMDAwfX0=",
          "dependencies": [
            "azurerm_private_dns_zone.pnp_spoke_adls_dfs_dns_zone",
            "azurerm_resource_group.pnp_spoke_rg",
            "azurerm_storage_account.pnp_spoke_data_adls_d01",
            "azurerm_subnet.pnp_spoke_data_st_pep_subnet",
            "azurerm_virtual_network.pnp_spoke_vnet"
          ]
        }
      ]
    },
    {
      "mode": "managed",
      "type": "azurerm_public_ip",
      "name": "pnp_hub_bastion_vm_ip",
      "provider": "provider[\"registry.terraform.io/hashicorp/azurerm\"]",
      "instances": [
        {
          "schema_version": 0,
          "attributes": {
            "allocation_method": "Dynamic",
            "ddos_protection_mode": "VirtualNetworkInherited",
            "ddos_protection_plan_id": null,
            "domain_name_label": null,
            "edge_zone": "",
            "fqdn": null,
            "id": "/subscriptions/187d0279-23aa-4f7d-9f3f-fc1a8ac639d5/resourceGroups/PNP-HUB-RG/providers/Microsoft.Network/publicIPAddresses/PNP-HUB-BASTION-VM-IP",
            "idle_timeout_in_minutes": 4,
            "ip_address": "20.196.194.117",
            "ip_tags": {},
            "ip_version": "IPv4",
            "location": "koreacentral",
            "name": "PNP-HUB-BASTION-VM-IP",
            "public_ip_prefix_id": null,
            "resource_group_name": "PNP-HUB-RG",
            "reverse_fqdn": null,
            "sku": "Basic",
            "sku_tier": "Regional",
            "tags": {},
            "timeouts": null,
            "zones": []
          },
          "sensitive_attributes": [],
          "private": "eyJlMmJmYjczMC1lY2FhLTExZTYtOGY4OC0zNDM2M2JjN2M0YzAiOnsiY3JlYXRlIjoxODAwMDAwMDAwMDAwLCJkZWxldGUiOjE4MDAwMDAwMDAwMDAsInJlYWQiOjMwMDAwMDAwMDAwMCwidXBkYXRlIjoxODAwMDAwMDAwMDAwfX0=",
          "dependencies": [
            "azurerm_resource_group.pnp_hub_rg"
          ]
        }
      ]
    },
    {
      "mode": "managed",
      "type": "azurerm_resource_group",
      "name": "pnp_hub_rg",
      "provider": "provider[\"registry.terraform.io/hashicorp/azurerm\"]",
      "instances": [
        {
          "schema_version": 0,
          "attributes": {
            "id": "/subscriptions/187d0279-23aa-4f7d-9f3f-fc1a8ac639d5/resourceGroups/PNP-HUB-RG",
            "location": "koreacentral",
            "managed_by": "",
            "name": "PNP-HUB-RG",
            "tags": {},
            "timeouts": null
          },
          "sensitive_attributes": [],
          "private": "eyJlMmJmYjczMC1lY2FhLTExZTYtOGY4OC0zNDM2M2JjN2M0YzAiOnsiY3JlYXRlIjo1NDAwMDAwMDAwMDAwLCJkZWxldGUiOjU0MDAwMDAwMDAwMDAsInJlYWQiOjMwMDAwMDAwMDAwMCwidXBkYXRlIjo1NDAwMDAwMDAwMDAwfX0="
        }
      ]
    },
    {
      "mode": "managed",
      "type": "azurerm_resource_group",
      "name": "pnp_spoke_rg",
      "provider": "provider[\"registry.terraform.io/hashicorp/azurerm\"]",
      "instances": [
        {
          "schema_version": 0,
          "attributes": {
            "id": "/subscriptions/187d0279-23aa-4f7d-9f3f-fc1a8ac639d5/resourceGroups/PNP-SPOKE-RG",
            "location": "koreacentral",
            "managed_by": "",
            "name": "PNP-SPOKE-RG",
            "tags": {},
            "timeouts": null
          },
          "sensitive_attributes": [],
          "private": "eyJlMmJmYjczMC1lY2FhLTExZTYtOGY4OC0zNDM2M2JjN2M0YzAiOnsiY3JlYXRlIjo1NDAwMDAwMDAwMDAwLCJkZWxldGUiOjU0MDAwMDAwMDAwMDAsInJlYWQiOjMwMDAwMDAwMDAwMCwidXBkYXRlIjo1NDAwMDAwMDAwMDAwfX0="
        }
      ]
    },
    {
      "mode": "managed",
      "type": "azurerm_storage_account",
      "name": "pnp_spoke_data_adls_d01",
      "provider": "provider[\"registry.terraform.io/hashicorp/azurerm\"]",
      "instances": [
        {
          "schema_version": 4,
          "attributes": {
            "access_tier": "",
            "account_kind": "BlockBlobStorage",
            "account_replication_type": "LRS",
            "account_tier": "Premium",
            "allow_nested_items_to_be_public": true,
            "allowed_copy_scope": "",
            "azure_files_authentication": [],
            "blob_properties": [
              {
                "change_feed_enabled": false,
                "change_feed_retention_in_days": 0,
                "container_delete_retention_policy": [],
                "cors_rule": [],
                "default_service_version": "",
                "delete_retention_policy": [],
                "last_access_time_enabled": false,
                "restore_policy": [],
                "versioning_enabled": false
              }
            ],
            "cross_tenant_replication_enabled": true,
            "custom_domain": [],
            "customer_managed_key": [],
            "default_to_oauth_authentication": false,
            "edge_zone": "",
            "enable_https_traffic_only": true,
            "id": "/subscriptions/187d0279-23aa-4f7d-9f3f-fc1a8ac639d5/resourceGroups/PNP-SPOKE-RG/providers/Microsoft.Storage/storageAccounts/pnpspokedataadlsd01",
            "identity": [],
            "immutability_policy": [],
            "infrastructure_encryption_enabled": false,
            "is_hns_enabled": true,
            "large_file_share_enabled": null,
            "location": "koreacentral",
            "min_tls_version": "TLS1_2",
            "name": "pnpspokedataadlsd01",
            "network_rules": [
              {
                "bypass": [
                  "AzureServices"
                ],
                "default_action": "Deny",
                "ip_rules": [],
                "private_link_access": [],
                "virtual_network_subnet_ids": []
              }
            ],
            "nfsv3_enabled": false,
            "primary_access_key": "KX5Fpd9DWAAUNXoFQ9w7JqV/PZEH9IJ0kUrtIHJqmFJvxqhbtOHK/1jjjFF7dPfqBXqBCK/yTEUM+AStIUWX9g==",
            "primary_blob_connection_string": "DefaultEndpointsProtocol=https;BlobEndpoint=https://pnpspokedataadlsd01.blob.core.windows.net/;AccountName=pnpspokedataadlsd01;AccountKey=KX5Fpd9DWAAUNXoFQ9w7JqV/PZEH9IJ0kUrtIHJqmFJvxqhbtOHK/1jjjFF7dPfqBXqBCK/yTEUM+AStIUWX9g==",
            "primary_blob_endpoint": "https://pnpspokedataadlsd01.blob.core.windows.net/",
            "primary_blob_host": "pnpspokedataadlsd01.blob.core.windows.net",
            "primary_blob_internet_endpoint": null,
            "primary_blob_internet_host": null,
            "primary_blob_microsoft_endpoint": null,
            "primary_blob_microsoft_host": null,
            "primary_connection_string": "DefaultEndpointsProtocol=https;AccountName=pnpspokedataadlsd01;AccountKey=KX5Fpd9DWAAUNXoFQ9w7JqV/PZEH9IJ0kUrtIHJqmFJvxqhbtOHK/1jjjFF7dPfqBXqBCK/yTEUM+AStIUWX9g==;EndpointSuffix=core.windows.net",
            "primary_dfs_endpoint": "https://pnpspokedataadlsd01.dfs.core.windows.net/",
            "primary_dfs_host": "pnpspokedataadlsd01.dfs.core.windows.net",
            "primary_dfs_internet_endpoint": null,
            "primary_dfs_internet_host": null,
            "primary_dfs_microsoft_endpoint": null,
            "primary_dfs_microsoft_host": null,
            "primary_file_endpoint": "",
            "primary_file_host": "",
            "primary_file_internet_endpoint": null,
            "primary_file_internet_host": null,
            "primary_file_microsoft_endpoint": null,
            "primary_file_microsoft_host": null,
            "primary_location": "koreacentral",
            "primary_queue_endpoint": "",
            "primary_queue_host": "",
            "primary_queue_microsoft_endpoint": null,
            "primary_queue_microsoft_host": null,
            "primary_table_endpoint": "",
            "primary_table_host": "",
            "primary_table_microsoft_endpoint": null,
            "primary_table_microsoft_host": null,
            "primary_web_endpoint": "https://pnpspokedataadlsd01.z12.web.core.windows.net/",
            "primary_web_host": "pnpspokedataadlsd01.z12.web.core.windows.net",
            "primary_web_internet_endpoint": null,
            "primary_web_internet_host": null,
            "primary_web_microsoft_endpoint": null,
            "primary_web_microsoft_host": null,
            "public_network_access_enabled": true,
            "queue_encryption_key_type": "Service",
            "queue_properties": [],
            "resource_group_name": "PNP-SPOKE-RG",
            "routing": [],
            "sas_policy": [],
            "secondary_access_key": "A9uL8OOnYQbKVxerhOl7Ykfq+r4yd5ZLdHBhfZ2MYv750qeKgcHOV61RE8QfuIiHrLT+uMxyGH0e+ASt8Q6osw==",
            "secondary_blob_connection_string": "",
            "secondary_blob_endpoint": null,
            "secondary_blob_host": null,
            "secondary_blob_internet_endpoint": null,
            "secondary_blob_internet_host": null,
            "secondary_blob_microsoft_endpoint": null,
            "secondary_blob_microsoft_host": null,
            "secondary_connection_string": "DefaultEndpointsProtocol=https;AccountName=pnpspokedataadlsd01;AccountKey=A9uL8OOnYQbKVxerhOl7Ykfq+r4yd5ZLdHBhfZ2MYv750qeKgcHOV61RE8QfuIiHrLT+uMxyGH0e+ASt8Q6osw==;EndpointSuffix=core.windows.net",
            "secondary_dfs_endpoint": null,
            "secondary_dfs_host": null,
            "secondary_dfs_internet_endpoint": null,
            "secondary_dfs_internet_host": null,
            "secondary_dfs_microsoft_endpoint": null,
            "secondary_dfs_microsoft_host": null,
            "secondary_file_endpoint": null,
            "secondary_file_host": null,
            "secondary_file_internet_endpoint": null,
            "secondary_file_internet_host": null,
            "secondary_file_microsoft_endpoint": null,
            "secondary_file_microsoft_host": null,
            "secondary_location": "",
            "secondary_queue_endpoint": null,
            "secondary_queue_host": null,
            "secondary_queue_microsoft_endpoint": null,
            "secondary_queue_microsoft_host": null,
            "secondary_table_endpoint": null,
            "secondary_table_host": null,
            "secondary_table_microsoft_endpoint": null,
            "secondary_table_microsoft_host": null,
            "secondary_web_endpoint": null,
            "secondary_web_host": null,
            "secondary_web_internet_endpoint": null,
            "secondary_web_internet_host": null,
            "secondary_web_microsoft_endpoint": null,
            "secondary_web_microsoft_host": null,
            "sftp_enabled": false,
            "share_properties": [],
            "shared_access_key_enabled": true,
            "static_website": [],
            "table_encryption_key_type": "Service",
            "tags": {},
            "timeouts": null
          },
          "sensitive_attributes": [],
          "private": "eyJlMmJmYjczMC1lY2FhLTExZTYtOGY4OC0zNDM2M2JjN2M0YzAiOnsiY3JlYXRlIjozNjAwMDAwMDAwMDAwLCJkZWxldGUiOjM2MDAwMDAwMDAwMDAsInJlYWQiOjMwMDAwMDAwMDAwMCwidXBkYXRlIjozNjAwMDAwMDAwMDAwfSwic2NoZW1hX3ZlcnNpb24iOiI0In0=",
          "dependencies": [
            "azurerm_resource_group.pnp_spoke_rg"
          ]
        }
      ]
    },
    {
      "mode": "managed",
      "type": "azurerm_storage_account",
      "name": "pnp_spoke_syn_adls_d01",
      "provider": "provider[\"registry.terraform.io/hashicorp/azurerm\"]",
      "instances": [
        {
          "schema_version": 4,
          "attributes": {
            "access_tier": "",
            "account_kind": "BlockBlobStorage",
            "account_replication_type": "LRS",
            "account_tier": "Premium",
            "allow_nested_items_to_be_public": true,
            "allowed_copy_scope": "",
            "azure_files_authentication": [],
            "blob_properties": [
              {
                "change_feed_enabled": false,
                "change_feed_retention_in_days": 0,
                "container_delete_retention_policy": [],
                "cors_rule": [],
                "default_service_version": "",
                "delete_retention_policy": [],
                "last_access_time_enabled": false,
                "restore_policy": [],
                "versioning_enabled": false
              }
            ],
            "cross_tenant_replication_enabled": true,
            "custom_domain": [],
            "customer_managed_key": [],
            "default_to_oauth_authentication": false,
            "edge_zone": "",
            "enable_https_traffic_only": true,
            "id": "/subscriptions/187d0279-23aa-4f7d-9f3f-fc1a8ac639d5/resourceGroups/PNP-SPOKE-RG/providers/Microsoft.Storage/storageAccounts/pnpspokesynadlsd01",
            "identity": [],
            "immutability_policy": [],
            "infrastructure_encryption_enabled": false,
            "is_hns_enabled": true,
            "large_file_share_enabled": null,
            "location": "koreacentral",
            "min_tls_version": "TLS1_2",
            "name": "pnpspokesynadlsd01",
            "network_rules": [
              {
                "bypass": [
                  "AzureServices"
                ],
                "default_action": "Allow",
                "ip_rules": [],
                "private_link_access": [],
                "virtual_network_subnet_ids": []
              }
            ],
            "nfsv3_enabled": false,
            "primary_access_key": "efgSpwe7IuDMuicTlnipXgsppmedISi0naZP+EaDpRWqfQww8WXnU82rZ/BFXYeiITYmyQq/fNAz+ASt/2WpIg==",
            "primary_blob_connection_string": "DefaultEndpointsProtocol=https;BlobEndpoint=https://pnpspokesynadlsd01.blob.core.windows.net/;AccountName=pnpspokesynadlsd01;AccountKey=efgSpwe7IuDMuicTlnipXgsppmedISi0naZP+EaDpRWqfQww8WXnU82rZ/BFXYeiITYmyQq/fNAz+ASt/2WpIg==",
            "primary_blob_endpoint": "https://pnpspokesynadlsd01.blob.core.windows.net/",
            "primary_blob_host": "pnpspokesynadlsd01.blob.core.windows.net",
            "primary_blob_internet_endpoint": null,
            "primary_blob_internet_host": null,
            "primary_blob_microsoft_endpoint": null,
            "primary_blob_microsoft_host": null,
            "primary_connection_string": "DefaultEndpointsProtocol=https;AccountName=pnpspokesynadlsd01;AccountKey=efgSpwe7IuDMuicTlnipXgsppmedISi0naZP+EaDpRWqfQww8WXnU82rZ/BFXYeiITYmyQq/fNAz+ASt/2WpIg==;EndpointSuffix=core.windows.net",
            "primary_dfs_endpoint": "https://pnpspokesynadlsd01.dfs.core.windows.net/",
            "primary_dfs_host": "pnpspokesynadlsd01.dfs.core.windows.net",
            "primary_dfs_internet_endpoint": null,
            "primary_dfs_internet_host": null,
            "primary_dfs_microsoft_endpoint": null,
            "primary_dfs_microsoft_host": null,
            "primary_file_endpoint": "",
            "primary_file_host": "",
            "primary_file_internet_endpoint": null,
            "primary_file_internet_host": null,
            "primary_file_microsoft_endpoint": null,
            "primary_file_microsoft_host": null,
            "primary_location": "koreacentral",
            "primary_queue_endpoint": "",
            "primary_queue_host": "",
            "primary_queue_microsoft_endpoint": null,
            "primary_queue_microsoft_host": null,
            "primary_table_endpoint": "",
            "primary_table_host": "",
            "primary_table_microsoft_endpoint": null,
            "primary_table_microsoft_host": null,
            "primary_web_endpoint": "https://pnpspokesynadlsd01.z12.web.core.windows.net/",
            "primary_web_host": "pnpspokesynadlsd01.z12.web.core.windows.net",
            "primary_web_internet_endpoint": null,
            "primary_web_internet_host": null,
            "primary_web_microsoft_endpoint": null,
            "primary_web_microsoft_host": null,
            "public_network_access_enabled": true,
            "queue_encryption_key_type": "Service",
            "queue_properties": [],
            "resource_group_name": "PNP-SPOKE-RG",
            "routing": [],
            "sas_policy": [],
            "secondary_access_key": "8r//KYCkOqm3Wjpdl4nJgBxycyCKSabMJrspGPQYZ9+fltjxUoNbHHTa9mU3Tq+ACasoKiqhsYA/+AStkitXkA==",
            "secondary_blob_connection_string": "",
            "secondary_blob_endpoint": null,
            "secondary_blob_host": null,
            "secondary_blob_internet_endpoint": null,
            "secondary_blob_internet_host": null,
            "secondary_blob_microsoft_endpoint": null,
            "secondary_blob_microsoft_host": null,
            "secondary_connection_string": "DefaultEndpointsProtocol=https;AccountName=pnpspokesynadlsd01;AccountKey=8r//KYCkOqm3Wjpdl4nJgBxycyCKSabMJrspGPQYZ9+fltjxUoNbHHTa9mU3Tq+ACasoKiqhsYA/+AStkitXkA==;EndpointSuffix=core.windows.net",
            "secondary_dfs_endpoint": null,
            "secondary_dfs_host": null,
            "secondary_dfs_internet_endpoint": null,
            "secondary_dfs_internet_host": null,
            "secondary_dfs_microsoft_endpoint": null,
            "secondary_dfs_microsoft_host": null,
            "secondary_file_endpoint": null,
            "secondary_file_host": null,
            "secondary_file_internet_endpoint": null,
            "secondary_file_internet_host": null,
            "secondary_file_microsoft_endpoint": null,
            "secondary_file_microsoft_host": null,
            "secondary_location": "",
            "secondary_queue_endpoint": null,
            "secondary_queue_host": null,
            "secondary_queue_microsoft_endpoint": null,
            "secondary_queue_microsoft_host": null,
            "secondary_table_endpoint": null,
            "secondary_table_host": null,
            "secondary_table_microsoft_endpoint": null,
            "secondary_table_microsoft_host": null,
            "secondary_web_endpoint": null,
            "secondary_web_host": null,
            "secondary_web_internet_endpoint": null,
            "secondary_web_internet_host": null,
            "secondary_web_microsoft_endpoint": null,
            "secondary_web_microsoft_host": null,
            "sftp_enabled": false,
            "share_properties": [],
            "shared_access_key_enabled": true,
            "static_website": [],
            "table_encryption_key_type": "Service",
            "tags": {},
            "timeouts": null
          },
          "sensitive_attributes": [],
          "private": "eyJlMmJmYjczMC1lY2FhLTExZTYtOGY4OC0zNDM2M2JjN2M0YzAiOnsiY3JlYXRlIjozNjAwMDAwMDAwMDAwLCJkZWxldGUiOjM2MDAwMDAwMDAwMDAsInJlYWQiOjMwMDAwMDAwMDAwMCwidXBkYXRlIjozNjAwMDAwMDAwMDAwfSwic2NoZW1hX3ZlcnNpb24iOiI0In0=",
          "dependencies": [
            "azurerm_resource_group.pnp_spoke_rg"
          ]
        }
      ]
    },
    {
      "mode": "managed",
      "type": "azurerm_storage_data_lake_gen2_filesystem",
      "name": "synapse_filesystem",
      "provider": "provider[\"registry.terraform.io/hashicorp/azurerm\"]",
      "instances": [
        {
          "schema_version": 0,
          "attributes": {
            "ace": [
              {
                "id": "",
                "permissions": "---",
                "scope": "access",
                "type": "other"
              },
              {
                "id": "",
                "permissions": "r-x",
                "scope": "access",
                "type": "group"
              },
              {
                "id": "",
                "permissions": "rwx",
                "scope": "access",
                "type": "user"
              }
            ],
            "group": "76d2f82a-d4eb-41c0-a734-10b0d81c7ea4",
            "id": "https://pnpspokesynadlsd01.dfs.core.windows.net/synapse",
            "name": "synapse",
            "owner": "76d2f82a-d4eb-41c0-a734-10b0d81c7ea4",
            "properties": {},
            "storage_account_id": "/subscriptions/187d0279-23aa-4f7d-9f3f-fc1a8ac639d5/resourceGroups/PNP-SPOKE-RG/providers/Microsoft.Storage/storageAccounts/pnpspokesynadlsd01",
            "timeouts": null
          },
          "sensitive_attributes": [],
          "private": "eyJlMmJmYjczMC1lY2FhLTExZTYtOGY4OC0zNDM2M2JjN2M0YzAiOnsiY3JlYXRlIjoxODAwMDAwMDAwMDAwLCJkZWxldGUiOjE4MDAwMDAwMDAwMDAsInJlYWQiOjMwMDAwMDAwMDAwMCwidXBkYXRlIjoxODAwMDAwMDAwMDAwfX0=",
          "dependencies": [
            "azurerm_resource_group.pnp_spoke_rg",
            "azurerm_storage_account.pnp_spoke_syn_adls_d01"
          ]
        }
      ]
    },
    {
      "mode": "managed",
      "type": "azurerm_subnet",
      "name": "pnp_hub_bastion_pep_subnet",
      "provider": "provider[\"registry.terraform.io/hashicorp/azurerm\"]",
      "instances": [
        {
          "schema_version": 0,
          "attributes": {
            "address_prefixes": [
              "10.0.1.0/24"
            ],
            "delegation": [],
            "enforce_private_link_endpoint_network_policies": false,
            "enforce_private_link_service_network_policies": false,
            "id": "/subscriptions/187d0279-23aa-4f7d-9f3f-fc1a8ac639d5/resourceGroups/PNP-HUB-RG/providers/Microsoft.Network/virtualNetworks/pnp_hub_vnet/subnets/PNP-HUB-BASTION-PEP-SUBNET",
            "name": "PNP-HUB-BASTION-PEP-SUBNET",
            "private_endpoint_network_policies_enabled": true,
            "private_link_service_network_policies_enabled": true,
            "resource_group_name": "PNP-HUB-RG",
            "service_endpoint_policy_ids": [],
            "service_endpoints": [],
            "timeouts": null,
            "virtual_network_name": "pnp_hub_vnet"
          },
          "sensitive_attributes": [],
          "private": "eyJlMmJmYjczMC1lY2FhLTExZTYtOGY4OC0zNDM2M2JjN2M0YzAiOnsiY3JlYXRlIjoxODAwMDAwMDAwMDAwLCJkZWxldGUiOjE4MDAwMDAwMDAwMDAsInJlYWQiOjMwMDAwMDAwMDAwMCwidXBkYXRlIjoxODAwMDAwMDAwMDAwfX0=",
          "dependencies": [
            "azurerm_resource_group.pnp_hub_rg",
            "azurerm_virtual_network.pnp_hub_vnet"
          ]
        }
      ]
    },
    {
      "mode": "managed",
      "type": "azurerm_subnet",
      "name": "pnp_hub_iot_pep_subnet",
      "provider": "provider[\"registry.terraform.io/hashicorp/azurerm\"]",
      "instances": [
        {
          "schema_version": 0,
          "attributes": {
            "address_prefixes": [
              "10.0.2.0/24"
            ],
            "delegation": [],
            "enforce_private_link_endpoint_network_policies": false,
            "enforce_private_link_service_network_policies": false,
            "id": "/subscriptions/187d0279-23aa-4f7d-9f3f-fc1a8ac639d5/resourceGroups/PNP-HUB-RG/providers/Microsoft.Network/virtualNetworks/pnp_hub_vnet/subnets/PNP-HUB-IOT-PEP-SUBNET",
            "name": "PNP-HUB-IOT-PEP-SUBNET",
            "private_endpoint_network_policies_enabled": true,
            "private_link_service_network_policies_enabled": true,
            "resource_group_name": "PNP-HUB-RG",
            "service_endpoint_policy_ids": [],
            "service_endpoints": [],
            "timeouts": null,
            "virtual_network_name": "pnp_hub_vnet"
          },
          "sensitive_attributes": [],
          "private": "eyJlMmJmYjczMC1lY2FhLTExZTYtOGY4OC0zNDM2M2JjN2M0YzAiOnsiY3JlYXRlIjoxODAwMDAwMDAwMDAwLCJkZWxldGUiOjE4MDAwMDAwMDAwMDAsInJlYWQiOjMwMDAwMDAwMDAwMCwidXBkYXRlIjoxODAwMDAwMDAwMDAwfX0=",
          "dependencies": [
            "azurerm_resource_group.pnp_hub_rg",
            "azurerm_virtual_network.pnp_hub_vnet"
          ]
        }
      ]
    },
    {
      "mode": "managed",
      "type": "azurerm_subnet",
      "name": "pnp_hub_plh_pep_subnet",
      "provider": "provider[\"registry.terraform.io/hashicorp/azurerm\"]",
      "instances": [
        {
          "schema_version": 0,
          "attributes": {
            "address_prefixes": [
              "10.0.3.0/24"
            ],
            "delegation": [],
            "enforce_private_link_endpoint_network_policies": false,
            "enforce_private_link_service_network_policies": false,
            "id": "/subscriptions/187d0279-23aa-4f7d-9f3f-fc1a8ac639d5/resourceGroups/PNP-HUB-RG/providers/Microsoft.Network/virtualNetworks/pnp_hub_vnet/subnets/PNP-HUB-PLH-PEP-SUBNET",
            "name": "PNP-HUB-PLH-PEP-SUBNET",
            "private_endpoint_network_policies_enabled": true,
            "private_link_service_network_policies_enabled": true,
            "resource_group_name": "PNP-HUB-RG",
            "service_endpoint_policy_ids": [],
            "service_endpoints": [],
            "timeouts": null,
            "virtual_network_name": "pnp_hub_vnet"
          },
          "sensitive_attributes": [],
          "private": "eyJlMmJmYjczMC1lY2FhLTExZTYtOGY4OC0zNDM2M2JjN2M0YzAiOnsiY3JlYXRlIjoxODAwMDAwMDAwMDAwLCJkZWxldGUiOjE4MDAwMDAwMDAwMDAsInJlYWQiOjMwMDAwMDAwMDAwMCwidXBkYXRlIjoxODAwMDAwMDAwMDAwfX0=",
          "dependencies": [
            "azurerm_resource_group.pnp_hub_rg",
            "azurerm_virtual_network.pnp_hub_vnet"
          ]
        }
      ]
    },
    {
      "mode": "managed",
      "type": "azurerm_subnet",
      "name": "pnp_spoke_data_st_pep_subnet",
      "provider": "provider[\"registry.terraform.io/hashicorp/azurerm\"]",
      "instances": [
        {
          "schema_version": 0,
          "attributes": {
            "address_prefixes": [
              "10.1.2.0/24"
            ],
            "delegation": [],
            "enforce_private_link_endpoint_network_policies": false,
            "enforce_private_link_service_network_policies": false,
            "id": "/subscriptions/187d0279-23aa-4f7d-9f3f-fc1a8ac639d5/resourceGroups/PNP-SPOKE-RG/providers/Microsoft.Network/virtualNetworks/pnp_spoke_vnet/subnets/PNP-SPOKE-DATA-ST-PEP-SUBNET",
            "name": "PNP-SPOKE-DATA-ST-PEP-SUBNET",
            "private_endpoint_network_policies_enabled": true,
            "private_link_service_network_policies_enabled": true,
            "resource_group_name": "PNP-SPOKE-RG",
            "service_endpoint_policy_ids": [],
            "service_endpoints": [],
            "timeouts": null,
            "virtual_network_name": "pnp_spoke_vnet"
          },
          "sensitive_attributes": [],
          "private": "eyJlMmJmYjczMC1lY2FhLTExZTYtOGY4OC0zNDM2M2JjN2M0YzAiOnsiY3JlYXRlIjoxODAwMDAwMDAwMDAwLCJkZWxldGUiOjE4MDAwMDAwMDAwMDAsInJlYWQiOjMwMDAwMDAwMDAwMCwidXBkYXRlIjoxODAwMDAwMDAwMDAwfX0=",
          "dependencies": [
            "azurerm_resource_group.pnp_spoke_rg",
            "azurerm_virtual_network.pnp_spoke_vnet"
          ]
        }
      ]
    },
    {
      "mode": "managed",
      "type": "azurerm_subnet",
      "name": "pnp_spoke_syn_pep_subnet",
      "provider": "provider[\"registry.terraform.io/hashicorp/azurerm\"]",
      "instances": [
        {
          "schema_version": 0,
          "attributes": {
            "address_prefixes": [
              "10.1.1.0/24"
            ],
            "delegation": [],
            "enforce_private_link_endpoint_network_policies": false,
            "enforce_private_link_service_network_policies": false,
            "id": "/subscriptions/187d0279-23aa-4f7d-9f3f-fc1a8ac639d5/resourceGroups/PNP-SPOKE-RG/providers/Microsoft.Network/virtualNetworks/pnp_spoke_vnet/subnets/PNP-SPOKE-SYN-PEP-SUBNET",
            "name": "PNP-SPOKE-SYN-PEP-SUBNET",
            "private_endpoint_network_policies_enabled": true,
            "private_link_service_network_policies_enabled": true,
            "resource_group_name": "PNP-SPOKE-RG",
            "service_endpoint_policy_ids": [],
            "service_endpoints": [],
            "timeouts": null,
            "virtual_network_name": "pnp_spoke_vnet"
          },
          "sensitive_attributes": [],
          "private": "eyJlMmJmYjczMC1lY2FhLTExZTYtOGY4OC0zNDM2M2JjN2M0YzAiOnsiY3JlYXRlIjoxODAwMDAwMDAwMDAwLCJkZWxldGUiOjE4MDAwMDAwMDAwMDAsInJlYWQiOjMwMDAwMDAwMDAwMCwidXBkYXRlIjoxODAwMDAwMDAwMDAwfX0=",
          "dependencies": [
            "azurerm_resource_group.pnp_spoke_rg",
            "azurerm_virtual_network.pnp_spoke_vnet"
          ]
        }
      ]
    },
    {
      "mode": "managed",
      "type": "azurerm_synapse_private_link_hub",
      "name": "pnp_hub_plh_c01",
      "provider": "provider[\"registry.terraform.io/hashicorp/azurerm\"]",
      "instances": [
        {
          "schema_version": 0,
          "attributes": {
            "id": "/subscriptions/187d0279-23aa-4f7d-9f3f-fc1a8ac639d5/resourceGroups/PNP-HUB-RG/providers/Microsoft.Synapse/privateLinkHubs/pnphubplhc01",
            "location": "koreacentral",
            "name": "pnphubplhc01",
            "resource_group_name": "PNP-HUB-RG",
            "tags": {},
            "timeouts": null
          },
          "sensitive_attributes": [],
          "private": "eyJlMmJmYjczMC1lY2FhLTExZTYtOGY4OC0zNDM2M2JjN2M0YzAiOnsiY3JlYXRlIjoxODAwMDAwMDAwMDAwLCJkZWxldGUiOjE4MDAwMDAwMDAwMDAsInJlYWQiOjMwMDAwMDAwMDAwMCwidXBkYXRlIjoxODAwMDAwMDAwMDAwfX0=",
          "dependencies": [
            "azurerm_resource_group.pnp_hub_rg"
          ]
        }
      ]
    },
    {
      "mode": "managed",
      "type": "azurerm_synapse_workspace",
      "name": "pnp-spoke-syn-d01",
      "provider": "provider[\"registry.terraform.io/hashicorp/azurerm\"]",
      "instances": [
        {
          "schema_version": 0,
          "attributes": {
            "aad_admin": [
              {
                "login": "derik@megazone.com",
                "object_id": "76d2f82a-d4eb-41c0-a734-10b0d81c7ea4",
                "tenant_id": "97f42f55-f1db-4804-b1eb-08db083efd4f"
              }
            ],
            "azure_devops_repo": [],
            "azuread_authentication_only": false,
            "compute_subnet_id": null,
            "connectivity_endpoints": {
              "dev": "https://pnp-spoke-syn-d01.dev.azuresynapse.net",
              "sql": "pnp-spoke-syn-d01.sql.azuresynapse.net",
              "sqlOnDemand": "pnp-spoke-syn-d01-ondemand.sql.azuresynapse.net",
              "web": "https://web.azuresynapse.net?workspace=%2fsubscriptions%2f187d0279-23aa-4f7d-9f3f-fc1a8ac639d5%2fresourceGroups%2fPNP-SPOKE-RG%2fproviders%2fMicrosoft.Synapse%2fworkspaces%2fpnp-spoke-syn-d01"
            },
            "customer_managed_key": [],
            "data_exfiltration_protection_enabled": false,
            "github_repo": [],
            "id": "/subscriptions/187d0279-23aa-4f7d-9f3f-fc1a8ac639d5/resourceGroups/PNP-SPOKE-RG/providers/Microsoft.Synapse/workspaces/pnp-spoke-syn-d01",
            "identity": [
              {
                "identity_ids": [],
                "principal_id": "5a1e3b8a-886a-4738-8ff5-4e0f3f816eb5",
                "tenant_id": "97f42f55-f1db-4804-b1eb-08db083efd4f",
                "type": "SystemAssigned"
              }
            ],
            "linking_allowed_for_aad_tenant_ids": [],
            "location": "koreacentral",
            "managed_resource_group_name": "synapseworkspace-managedrg-b429965c-22bb-4c9b-b7ad-e5ecb036bcb0",
            "managed_virtual_network_enabled": true,
            "name": "pnp-spoke-syn-d01",
            "public_network_access_enabled": true,
            "purview_id": null,
            "resource_group_name": "PNP-SPOKE-RG",
            "sql_aad_admin": [
              {
                "login": "derik@megazone.com",
                "object_id": "76d2f82a-d4eb-41c0-a734-10b0d81c7ea4",
                "tenant_id": "97f42f55-f1db-4804-b1eb-08db083efd4f"
              }
            ],
            "sql_administrator_login": "iotsynadmin",
            "sql_administrator_login_password": "aprkwhs123!@#",
            "sql_identity_control_enabled": false,
            "storage_data_lake_gen2_filesystem_id": "https://pnpspokesynadlsd01.dfs.core.windows.net/synapse",
            "tags": {},
            "timeouts": null
          },
          "sensitive_attributes": [],
          "private": "eyJlMmJmYjczMC1lY2FhLTExZTYtOGY4OC0zNDM2M2JjN2M0YzAiOnsiY3JlYXRlIjoxODAwMDAwMDAwMDAwLCJkZWxldGUiOjE4MDAwMDAwMDAwMDAsInJlYWQiOjMwMDAwMDAwMDAwMCwidXBkYXRlIjoxODAwMDAwMDAwMDAwfX0=",
          "dependencies": [
            "azurerm_resource_group.pnp_spoke_rg",
            "azurerm_storage_account.pnp_spoke_syn_adls_d01",
            "azurerm_storage_data_lake_gen2_filesystem.synapse_filesystem"
          ]
        }
      ]
    },
    {
      "mode": "managed",
      "type": "azurerm_virtual_network",
      "name": "pnp_hub_vnet",
      "provider": "provider[\"registry.terraform.io/hashicorp/azurerm\"]",
      "instances": [
        {
          "schema_version": 0,
          "attributes": {
            "address_space": [
              "10.0.0.0/16"
            ],
            "bgp_community": "",
            "ddos_protection_plan": [],
            "dns_servers": [],
            "edge_zone": "",
            "encryption": [],
            "flow_timeout_in_minutes": 0,
            "guid": "09a4aef7-ca5e-4d18-b4d8-67dfb04db72a",
            "id": "/subscriptions/187d0279-23aa-4f7d-9f3f-fc1a8ac639d5/resourceGroups/PNP-HUB-RG/providers/Microsoft.Network/virtualNetworks/pnp_hub_vnet",
            "location": "koreacentral",
            "name": "pnp_hub_vnet",
            "resource_group_name": "PNP-HUB-RG",
            "subnet": [
              {
                "address_prefix": "10.0.1.0/24",
                "id": "/subscriptions/187d0279-23aa-4f7d-9f3f-fc1a8ac639d5/resourceGroups/PNP-HUB-RG/providers/Microsoft.Network/virtualNetworks/pnp_hub_vnet/subnets/PNP-HUB-BASTION-PEP-SUBNET",
                "name": "PNP-HUB-BASTION-PEP-SUBNET",
                "security_group": ""
              },
              {
                "address_prefix": "10.0.2.0/24",
                "id": "/subscriptions/187d0279-23aa-4f7d-9f3f-fc1a8ac639d5/resourceGroups/PNP-HUB-RG/providers/Microsoft.Network/virtualNetworks/pnp_hub_vnet/subnets/PNP-HUB-IOT-PEP-SUBNET",
                "name": "PNP-HUB-IOT-PEP-SUBNET",
                "security_group": ""
              },
              {
                "address_prefix": "10.0.3.0/24",
                "id": "/subscriptions/187d0279-23aa-4f7d-9f3f-fc1a8ac639d5/resourceGroups/PNP-HUB-RG/providers/Microsoft.Network/virtualNetworks/pnp_hub_vnet/subnets/PNP-HUB-PLH-PEP-SUBNET",
                "name": "PNP-HUB-PLH-PEP-SUBNET",
                "security_group": ""
              }
            ],
            "tags": {},
            "timeouts": null
          },
          "sensitive_attributes": [],
          "private": "eyJlMmJmYjczMC1lY2FhLTExZTYtOGY4OC0zNDM2M2JjN2M0YzAiOnsiY3JlYXRlIjoxODAwMDAwMDAwMDAwLCJkZWxldGUiOjE4MDAwMDAwMDAwMDAsInJlYWQiOjMwMDAwMDAwMDAwMCwidXBkYXRlIjoxODAwMDAwMDAwMDAwfX0=",
          "dependencies": [
            "azurerm_resource_group.pnp_hub_rg"
          ]
        }
      ]
    },
    {
      "mode": "managed",
      "type": "azurerm_virtual_network",
      "name": "pnp_spoke_vnet",
      "provider": "provider[\"registry.terraform.io/hashicorp/azurerm\"]",
      "instances": [
        {
          "schema_version": 0,
          "attributes": {
            "address_space": [
              "10.1.0.0/16"
            ],
            "bgp_community": "",
            "ddos_protection_plan": [],
            "dns_servers": [],
            "edge_zone": "",
            "encryption": [],
            "flow_timeout_in_minutes": 0,
            "guid": "96a8b776-0c68-454c-9d88-2f7f190a5448",
            "id": "/subscriptions/187d0279-23aa-4f7d-9f3f-fc1a8ac639d5/resourceGroups/PNP-SPOKE-RG/providers/Microsoft.Network/virtualNetworks/pnp_spoke_vnet",
            "location": "koreacentral",
            "name": "pnp_spoke_vnet",
            "resource_group_name": "PNP-SPOKE-RG",
            "subnet": [
              {
                "address_prefix": "10.1.1.0/24",
                "id": "/subscriptions/187d0279-23aa-4f7d-9f3f-fc1a8ac639d5/resourceGroups/PNP-SPOKE-RG/providers/Microsoft.Network/virtualNetworks/pnp_spoke_vnet/subnets/PNP-SPOKE-SYN-PEP-SUBNET",
                "name": "PNP-SPOKE-SYN-PEP-SUBNET",
                "security_group": ""
              },
              {
                "address_prefix": "10.1.2.0/24",
                "id": "/subscriptions/187d0279-23aa-4f7d-9f3f-fc1a8ac639d5/resourceGroups/PNP-SPOKE-RG/providers/Microsoft.Network/virtualNetworks/pnp_spoke_vnet/subnets/PNP-SPOKE-DATA-ST-PEP-SUBNET",
                "name": "PNP-SPOKE-DATA-ST-PEP-SUBNET",
                "security_group": ""
              }
            ],
            "tags": {},
            "timeouts": null
          },
          "sensitive_attributes": [],
          "private": "eyJlMmJmYjczMC1lY2FhLTExZTYtOGY4OC0zNDM2M2JjN2M0YzAiOnsiY3JlYXRlIjoxODAwMDAwMDAwMDAwLCJkZWxldGUiOjE4MDAwMDAwMDAwMDAsInJlYWQiOjMwMDAwMDAwMDAwMCwidXBkYXRlIjoxODAwMDAwMDAwMDAwfX0=",
          "dependencies": [
            "azurerm_resource_group.pnp_spoke_rg"
          ]
        }
      ]
    },
    {
      "mode": "managed",
      "type": "azurerm_virtual_network_peering",
      "name": "peer_hub_to_spoke",
      "provider": "provider[\"registry.terraform.io/hashicorp/azurerm\"]",
      "instances": [
        {
          "schema_version": 0,
          "attributes": {
            "allow_forwarded_traffic": true,
            "allow_gateway_transit": true,
            "allow_virtual_network_access": true,
            "id": "/subscriptions/187d0279-23aa-4f7d-9f3f-fc1a8ac639d5/resourceGroups/PNP-HUB-RG/providers/Microsoft.Network/virtualNetworks/pnp_hub_vnet/virtualNetworkPeerings/peer_hub_to_spoke",
            "name": "peer_hub_to_spoke",
            "remote_virtual_network_id": "/subscriptions/187d0279-23aa-4f7d-9f3f-fc1a8ac639d5/resourceGroups/PNP-SPOKE-RG/providers/Microsoft.Network/virtualNetworks/pnp_spoke_vnet",
            "resource_group_name": "PNP-HUB-RG",
            "timeouts": null,
            "triggers": null,
            "use_remote_gateways": false,
            "virtual_network_name": "pnp_hub_vnet"
          },
          "sensitive_attributes": [],
          "private": "eyJlMmJmYjczMC1lY2FhLTExZTYtOGY4OC0zNDM2M2JjN2M0YzAiOnsiY3JlYXRlIjoxODAwMDAwMDAwMDAwLCJkZWxldGUiOjE4MDAwMDAwMDAwMDAsInJlYWQiOjMwMDAwMDAwMDAwMCwidXBkYXRlIjoxODAwMDAwMDAwMDAwfX0=",
          "dependencies": [
            "azurerm_resource_group.pnp_hub_rg",
            "azurerm_resource_group.pnp_spoke_rg",
            "azurerm_virtual_network.pnp_hub_vnet",
            "azurerm_virtual_network.pnp_spoke_vnet"
          ]
        }
      ]
    },
    {
      "mode": "managed",
      "type": "azurerm_virtual_network_peering",
      "name": "peer_spoke_to_hub",
      "provider": "provider[\"registry.terraform.io/hashicorp/azurerm\"]",
      "instances": [
        {
          "schema_version": 0,
          "attributes": {
            "allow_forwarded_traffic": false,
            "allow_gateway_transit": true,
            "allow_virtual_network_access": true,
            "id": "/subscriptions/187d0279-23aa-4f7d-9f3f-fc1a8ac639d5/resourceGroups/PNP-SPOKE-RG/providers/Microsoft.Network/virtualNetworks/pnp_spoke_vnet/virtualNetworkPeerings/peer_spoke_to_hub",
            "name": "peer_spoke_to_hub",
            "remote_virtual_network_id": "/subscriptions/187d0279-23aa-4f7d-9f3f-fc1a8ac639d5/resourceGroups/PNP-HUB-RG/providers/Microsoft.Network/virtualNetworks/pnp_hub_vnet",
            "resource_group_name": "PNP-SPOKE-RG",
            "timeouts": null,
            "triggers": null,
            "use_remote_gateways": false,
            "virtual_network_name": "pnp_spoke_vnet"
          },
          "sensitive_attributes": [],
          "private": "eyJlMmJmYjczMC1lY2FhLTExZTYtOGY4OC0zNDM2M2JjN2M0YzAiOnsiY3JlYXRlIjoxODAwMDAwMDAwMDAwLCJkZWxldGUiOjE4MDAwMDAwMDAwMDAsInJlYWQiOjMwMDAwMDAwMDAwMCwidXBkYXRlIjoxODAwMDAwMDAwMDAwfX0=",
          "dependencies": [
            "azurerm_resource_group.pnp_hub_rg",
            "azurerm_resource_group.pnp_spoke_rg",
            "azurerm_virtual_network.pnp_hub_vnet",
            "azurerm_virtual_network.pnp_spoke_vnet"
          ]
        }
      ]
    },
    {
      "mode": "managed",
      "type": "azurerm_windows_virtual_machine",
      "name": "PNP-HUB-BASTION-VM",
      "provider": "provider[\"registry.terraform.io/hashicorp/azurerm\"]",
      "instances": [
        {
          "schema_version": 0,
          "attributes": {
            "additional_capabilities": [],
            "additional_unattend_content": [],
            "admin_password": "aprkwhs123!@#",
            "admin_username": "iotvmadmin",
            "allow_extension_operations": true,
            "availability_set_id": "",
            "boot_diagnostics": [],
            "bypass_platform_safety_checks_on_user_schedule_enabled": false,
            "capacity_reservation_group_id": "",
            "computer_name": "PNP-HUB-BS-VM",
            "custom_data": null,
            "dedicated_host_group_id": "",
            "dedicated_host_id": "",
            "edge_zone": "",
            "enable_automatic_updates": true,
            "encryption_at_host_enabled": false,
            "eviction_policy": "",
            "extensions_time_budget": "PT1H30M",
            "gallery_application": [],
            "hotpatching_enabled": false,
            "id": "/subscriptions/187d0279-23aa-4f7d-9f3f-fc1a8ac639d5/resourceGroups/PNP-HUB-RG/providers/Microsoft.Compute/virtualMachines/PNP-HUB-BS-VM",
            "identity": [],
            "license_type": "",
            "location": "koreacentral",
            "max_bid_price": -1,
            "name": "PNP-HUB-BS-VM",
            "network_interface_ids": [
              "/subscriptions/187d0279-23aa-4f7d-9f3f-fc1a8ac639d5/resourceGroups/PNP-HUB-RG/providers/Microsoft.Network/networkInterfaces/PNP-HUB-BASTION-VM-NIC"
            ],
            "os_disk": [
              {
                "caching": "ReadWrite",
                "diff_disk_settings": [],
                "disk_encryption_set_id": "",
                "disk_size_gb": 127,
                "name": "PNP-HUB-BS-VM_OsDisk_1_a21c29ac9a3243ce9b825a3af2dc2e3c",
                "secure_vm_disk_encryption_set_id": "",
                "security_encryption_type": "",
                "storage_account_type": "Standard_LRS",
                "write_accelerator_enabled": false
              }
            ],
            "patch_assessment_mode": "ImageDefault",
            "patch_mode": "AutomaticByOS",
            "plan": [],
            "platform_fault_domain": -1,
            "priority": "Regular",
            "private_ip_address": "10.0.1.4",
            "private_ip_addresses": [
              "10.0.1.4"
            ],
            "provision_vm_agent": true,
            "proximity_placement_group_id": "",
            "public_ip_address": "20.196.194.117",
            "public_ip_addresses": [
              "20.196.194.117"
            ],
            "reboot_setting": "",
            "resource_group_name": "PNP-HUB-RG",
            "secret": [],
            "secure_boot_enabled": false,
            "size": "Standard_D2s_v3",
            "source_image_id": "",
            "source_image_reference": [
              {
                "offer": "windows-11",
                "publisher": "microsoftwindowsdesktop",
                "sku": "win11-22h2-pro",
                "version": "latest"
              }
            ],
            "tags": {},
            "termination_notification": [],
            "timeouts": null,
            "timezone": "",
            "user_data": "",
            "virtual_machine_id": "310708ab-c39b-486d-99c7-852282c6889b",
            "virtual_machine_scale_set_id": "",
            "vtpm_enabled": false,
            "winrm_listener": [],
            "zone": ""
          },
          "sensitive_attributes": [],
          "private": "eyJlMmJmYjczMC1lY2FhLTExZTYtOGY4OC0zNDM2M2JjN2M0YzAiOnsiY3JlYXRlIjoyNzAwMDAwMDAwMDAwLCJkZWxldGUiOjI3MDAwMDAwMDAwMDAsInJlYWQiOjMwMDAwMDAwMDAwMCwidXBkYXRlIjoyNzAwMDAwMDAwMDAwfX0=",
          "dependencies": [
            "azurerm_network_interface.pnp_hub_bastion_vm_nic",
            "azurerm_public_ip.pnp_hub_bastion_vm_ip",
            "azurerm_resource_group.pnp_hub_rg",
            "azurerm_subnet.pnp_hub_bastion_pep_subnet",
            "azurerm_virtual_network.pnp_hub_vnet"
          ]
        }
      ]
    },
    {
      "module": "module.infra_module",
      "mode": "managed",
      "type": "azurerm_resource_group",
      "name": "pnp_hub_rg",
      "provider": "provider[\"registry.terraform.io/hashicorp/azurerm\"]",
      "instances": []
    },
    {
      "module": "module.infra_module",
      "mode": "managed",
      "type": "azurerm_resource_group",
      "name": "pnp_spoke_rg",
      "provider": "provider[\"registry.terraform.io/hashicorp/azurerm\"]",
      "instances": []
    },
    {
      "module": "module.infra_module[0]",
      "mode": "managed",
      "type": "azurerm_resource_group",
      "name": "pnp_hub_rg",
      "provider": "provider[\"registry.terraform.io/hashicorp/azurerm\"]",
      "instances": []
    }
  ],
  "check_results": null
}
