{
  "version": 4,
  "terraform_version": "1.6.6",
  "serial": 459,
  "lineage": "8827e60c-4fe1-ee4e-1eb0-01b3fe95e622",
  "outputs": {},
  "resources": [
    {
      "module": "module.bastion[0]",
      "mode": "managed",
      "type": "azurerm_network_interface",
      "name": "pnp_hub_bastion_vm_nic",
      "provider": "provider[\"registry.terraform.io/hashicorp/azurerm\"]",
      "instances": [
        {
          "schema_version": 0,
          "attributes": {
            "applied_dns_servers": [],
            "auxiliary_mode": "",
            "auxiliary_sku": "",
            "dns_servers": [],
            "edge_zone": "",
            "enable_accelerated_networking": false,
            "enable_ip_forwarding": false,
            "id": "/subscriptions/187d0279-23aa-4f7d-9f3f-fc1a8ac639d5/resourceGroups/PNP-HUB-RG/providers/Microsoft.Network/networkInterfaces/PNP-HUB-BASTION-VM-NIC",
            "internal_dns_name_label": "",
            "internal_domain_name_suffix": "",
            "ip_configuration": [
              {
                "gateway_load_balancer_frontend_ip_configuration_id": "",
                "name": "PNP-HUB-NIC-CONFIG",
                "primary": true,
                "private_ip_address": "10.0.1.4",
                "private_ip_address_allocation": "Dynamic",
                "private_ip_address_version": "IPv4",
                "public_ip_address_id": "/subscriptions/187d0279-23aa-4f7d-9f3f-fc1a8ac639d5/resourceGroups/PNP-HUB-RG/providers/Microsoft.Network/publicIPAddresses/PNP-HUB-BASTION-VM-IP",
                "subnet_id": "/subscriptions/187d0279-23aa-4f7d-9f3f-fc1a8ac639d5/resourceGroups/PNP-HUB-RG/providers/Microsoft.Network/virtualNetworks/pnp_hub_vnet/subnets/PNP-HUB-BASTION-PEP-SUBNET"
              }
            ],
            "location": "koreacentral",
            "mac_address": "60-45-BD-45-3E-15",
            "name": "PNP-HUB-BASTION-VM-NIC",
            "private_ip_address": "10.0.1.4",
            "private_ip_addresses": [
              "10.0.1.4"
            ],
            "resource_group_name": "PNP-HUB-RG",
            "tags": {},
            "timeouts": null,
            "virtual_machine_id": "/subscriptions/187d0279-23aa-4f7d-9f3f-fc1a8ac639d5/resourceGroups/PNP-HUB-RG/providers/Microsoft.Compute/virtualMachines/PNP-HUB-BS-VM"
          },
          "sensitive_attributes": [],
          "private": "eyJlMmJmYjczMC1lY2FhLTExZTYtOGY4OC0zNDM2M2JjN2M0YzAiOnsiY3JlYXRlIjoxODAwMDAwMDAwMDAwLCJkZWxldGUiOjE4MDAwMDAwMDAwMDAsInJlYWQiOjMwMDAwMDAwMDAwMCwidXBkYXRlIjoxODAwMDAwMDAwMDAwfX0=",
          "dependencies": [
            "module.bastion.azurerm_public_ip.pnp_hub_bastion_vm_ip",
            "module.network.azurerm_subnet.pnp_hub_bastion_pep_subnet",
            "module.network.azurerm_subnet.pnp_hub_iot_pep_subnet",
            "module.network.azurerm_subnet.pnp_hub_plh_pep_subnet",
            "module.network.azurerm_subnet.pnp_spoke_data_st_pep_subnet",
            "module.network.azurerm_subnet.pnp_spoke_syn_pep_subnet",
            "module.network.azurerm_virtual_network.pnp_hub_vnet",
            "module.network.azurerm_virtual_network.pnp_spoke_vnet",
            "module.network.azurerm_virtual_network_peering.peer_hub_to_spoke",
            "module.network.azurerm_virtual_network_peering.peer_spoke_to_hub",
            "module.resource_group.azurerm_resource_group.pnp_hub_rg",
            "module.resource_group.azurerm_resource_group.pnp_spoke_rg"
          ]
        }
      ]
    },
    {
      "module": "module.bastion[0]",
      "mode": "managed",
      "type": "azurerm_network_interface_security_group_association",
      "name": "connect_bastion_nic_nsg",
      "provider": "provider[\"registry.terraform.io/hashicorp/azurerm\"]",
      "instances": [
        {
          "schema_version": 0,
          "attributes": {
            "id": "/subscriptions/187d0279-23aa-4f7d-9f3f-fc1a8ac639d5/resourceGroups/PNP-HUB-RG/providers/Microsoft.Network/networkInterfaces/PNP-HUB-BASTION-VM-NIC|/subscriptions/187d0279-23aa-4f7d-9f3f-fc1a8ac639d5/resourceGroups/PNP-HUB-RG/providers/Microsoft.Network/networkSecurityGroups/PNP-HUB-BASTION-VM-NSG",
            "network_interface_id": "/subscriptions/187d0279-23aa-4f7d-9f3f-fc1a8ac639d5/resourceGroups/PNP-HUB-RG/providers/Microsoft.Network/networkInterfaces/PNP-HUB-BASTION-VM-NIC",
            "network_security_group_id": "/subscriptions/187d0279-23aa-4f7d-9f3f-fc1a8ac639d5/resourceGroups/PNP-HUB-RG/providers/Microsoft.Network/networkSecurityGroups/PNP-HUB-BASTION-VM-NSG",
            "timeouts": null
          },
          "sensitive_attributes": [],
          "private": "eyJlMmJmYjczMC1lY2FhLTExZTYtOGY4OC0zNDM2M2JjN2M0YzAiOnsiY3JlYXRlIjoxODAwMDAwMDAwMDAwLCJkZWxldGUiOjE4MDAwMDAwMDAwMDAsInJlYWQiOjMwMDAwMDAwMDAwMH19",
          "dependencies": [
            "module.bastion.azurerm_network_interface.pnp_hub_bastion_vm_nic",
            "module.bastion.azurerm_network_security_group.pnp_hub_bastion_vm_nsg",
            "module.bastion.azurerm_public_ip.pnp_hub_bastion_vm_ip",
            "module.network.azurerm_subnet.pnp_hub_bastion_pep_subnet",
            "module.network.azurerm_subnet.pnp_hub_iot_pep_subnet",
            "module.network.azurerm_subnet.pnp_hub_plh_pep_subnet",
            "module.network.azurerm_subnet.pnp_spoke_data_st_pep_subnet",
            "module.network.azurerm_subnet.pnp_spoke_syn_pep_subnet",
            "module.network.azurerm_virtual_network.pnp_hub_vnet",
            "module.network.azurerm_virtual_network.pnp_spoke_vnet",
            "module.network.azurerm_virtual_network_peering.peer_hub_to_spoke",
            "module.network.azurerm_virtual_network_peering.peer_spoke_to_hub",
            "module.resource_group.azurerm_resource_group.pnp_hub_rg",
            "module.resource_group.azurerm_resource_group.pnp_spoke_rg"
          ]
        }
      ]
    },
    {
      "module": "module.bastion[0]",
      "mode": "managed",
      "type": "azurerm_network_security_group",
      "name": "pnp_hub_bastion_vm_nsg",
      "provider": "provider[\"registry.terraform.io/hashicorp/azurerm\"]",
      "instances": [
        {
          "schema_version": 0,
          "attributes": {
            "id": "/subscriptions/187d0279-23aa-4f7d-9f3f-fc1a8ac639d5/resourceGroups/PNP-HUB-RG/providers/Microsoft.Network/networkSecurityGroups/PNP-HUB-BASTION-VM-NSG",
            "location": "koreacentral",
            "name": "PNP-HUB-BASTION-VM-NSG",
            "resource_group_name": "PNP-HUB-RG",
            "security_rule": [
              {
                "access": "Allow",
                "description": "",
                "destination_address_prefix": "*",
                "destination_address_prefixes": [],
                "destination_application_security_group_ids": [],
                "destination_port_range": "3389",
                "destination_port_ranges": [],
                "direction": "Inbound",
                "name": "RDPAllow",
                "priority": 1001,
                "protocol": "Tcp",
                "source_address_prefix": "*",
                "source_address_prefixes": [],
                "source_application_security_group_ids": [],
                "source_port_range": "*",
                "source_port_ranges": []
              }
            ],
            "tags": {},
            "timeouts": null
          },
          "sensitive_attributes": [],
          "private": "eyJlMmJmYjczMC1lY2FhLTExZTYtOGY4OC0zNDM2M2JjN2M0YzAiOnsiY3JlYXRlIjoxODAwMDAwMDAwMDAwLCJkZWxldGUiOjE4MDAwMDAwMDAwMDAsInJlYWQiOjMwMDAwMDAwMDAwMCwidXBkYXRlIjoxODAwMDAwMDAwMDAwfX0=",
          "dependencies": [
            "module.network.azurerm_subnet.pnp_hub_bastion_pep_subnet",
            "module.network.azurerm_subnet.pnp_hub_iot_pep_subnet",
            "module.network.azurerm_subnet.pnp_hub_plh_pep_subnet",
            "module.network.azurerm_subnet.pnp_spoke_data_st_pep_subnet",
            "module.network.azurerm_subnet.pnp_spoke_syn_pep_subnet",
            "module.network.azurerm_virtual_network.pnp_hub_vnet",
            "module.network.azurerm_virtual_network.pnp_spoke_vnet",
            "module.network.azurerm_virtual_network_peering.peer_hub_to_spoke",
            "module.network.azurerm_virtual_network_peering.peer_spoke_to_hub",
            "module.resource_group.azurerm_resource_group.pnp_hub_rg",
            "module.resource_group.azurerm_resource_group.pnp_spoke_rg"
          ]
        }
      ]
    },
    {
      "module": "module.bastion[0]",
      "mode": "managed",
      "type": "azurerm_network_security_rule",
      "name": "pnp_hub_bastion_vm_nsg_3389_inbound",
      "provider": "provider[\"registry.terraform.io/hashicorp/azurerm\"]",
      "instances": [
        {
          "schema_version": 0,
          "attributes": {
            "access": "Allow",
            "description": "",
            "destination_address_prefix": "*",
            "destination_address_prefixes": [],
            "destination_application_security_group_ids": [],
            "destination_port_range": "3389",
            "destination_port_ranges": [],
            "direction": "Inbound",
            "id": "/subscriptions/187d0279-23aa-4f7d-9f3f-fc1a8ac639d5/resourceGroups/PNP-HUB-RG/providers/Microsoft.Network/networkSecurityGroups/PNP-HUB-BASTION-VM-NSG/securityRules/RDPAllow",
            "name": "RDPAllow",
            "network_security_group_name": "PNP-HUB-BASTION-VM-NSG",
            "priority": 1001,
            "protocol": "Tcp",
            "resource_group_name": "PNP-HUB-RG",
            "source_address_prefix": "*",
            "source_address_prefixes": [],
            "source_application_security_group_ids": [],
            "source_port_range": "*",
            "source_port_ranges": [],
            "timeouts": null
          },
          "sensitive_attributes": [],
          "private": "eyJlMmJmYjczMC1lY2FhLTExZTYtOGY4OC0zNDM2M2JjN2M0YzAiOnsiY3JlYXRlIjoxODAwMDAwMDAwMDAwLCJkZWxldGUiOjE4MDAwMDAwMDAwMDAsInJlYWQiOjMwMDAwMDAwMDAwMCwidXBkYXRlIjoxODAwMDAwMDAwMDAwfX0=",
          "dependencies": [
            "module.bastion.azurerm_network_security_group.pnp_hub_bastion_vm_nsg",
            "module.network.azurerm_subnet.pnp_hub_bastion_pep_subnet",
            "module.network.azurerm_subnet.pnp_hub_iot_pep_subnet",
            "module.network.azurerm_subnet.pnp_hub_plh_pep_subnet",
            "module.network.azurerm_subnet.pnp_spoke_data_st_pep_subnet",
            "module.network.azurerm_subnet.pnp_spoke_syn_pep_subnet",
            "module.network.azurerm_virtual_network.pnp_hub_vnet",
            "module.network.azurerm_virtual_network.pnp_spoke_vnet",
            "module.network.azurerm_virtual_network_peering.peer_hub_to_spoke",
            "module.network.azurerm_virtual_network_peering.peer_spoke_to_hub",
            "module.resource_group.azurerm_resource_group.pnp_hub_rg",
            "module.resource_group.azurerm_resource_group.pnp_spoke_rg"
          ]
        }
      ]
    },
    {
      "module": "module.bastion[0]",
      "mode": "managed",
      "type": "azurerm_public_ip",
      "name": "pnp_hub_bastion_vm_ip",
      "provider": "provider[\"registry.terraform.io/hashicorp/azurerm\"]",
      "instances": [
        {
          "schema_version": 0,
          "attributes": {
            "allocation_method": "Dynamic",
            "ddos_protection_mode": "VirtualNetworkInherited",
            "ddos_protection_plan_id": null,
            "domain_name_label": null,
            "edge_zone": "",
            "fqdn": null,
            "id": "/subscriptions/187d0279-23aa-4f7d-9f3f-fc1a8ac639d5/resourceGroups/PNP-HUB-RG/providers/Microsoft.Network/publicIPAddresses/PNP-HUB-BASTION-VM-IP",
            "idle_timeout_in_minutes": 4,
            "ip_address": "",
            "ip_tags": {},
            "ip_version": "IPv4",
            "location": "koreacentral",
            "name": "PNP-HUB-BASTION-VM-IP",
            "public_ip_prefix_id": null,
            "resource_group_name": "PNP-HUB-RG",
            "reverse_fqdn": null,
            "sku": "Basic",
            "sku_tier": "Regional",
            "tags": {},
            "timeouts": null,
            "zones": []
          },
          "sensitive_attributes": [],
          "private": "eyJlMmJmYjczMC1lY2FhLTExZTYtOGY4OC0zNDM2M2JjN2M0YzAiOnsiY3JlYXRlIjoxODAwMDAwMDAwMDAwLCJkZWxldGUiOjE4MDAwMDAwMDAwMDAsInJlYWQiOjMwMDAwMDAwMDAwMCwidXBkYXRlIjoxODAwMDAwMDAwMDAwfX0=",
          "dependencies": [
            "module.network.azurerm_subnet.pnp_hub_bastion_pep_subnet",
            "module.network.azurerm_subnet.pnp_hub_iot_pep_subnet",
            "module.network.azurerm_subnet.pnp_hub_plh_pep_subnet",
            "module.network.azurerm_subnet.pnp_spoke_data_st_pep_subnet",
            "module.network.azurerm_subnet.pnp_spoke_syn_pep_subnet",
            "module.network.azurerm_virtual_network.pnp_hub_vnet",
            "module.network.azurerm_virtual_network.pnp_spoke_vnet",
            "module.network.azurerm_virtual_network_peering.peer_hub_to_spoke",
            "module.network.azurerm_virtual_network_peering.peer_spoke_to_hub",
            "module.resource_group.azurerm_resource_group.pnp_hub_rg",
            "module.resource_group.azurerm_resource_group.pnp_spoke_rg"
          ]
        }
      ]
    },
    {
      "module": "module.bastion[0]",
      "mode": "managed",
      "type": "azurerm_windows_virtual_machine",
      "name": "PNP-HUB-BASTION-VM",
      "provider": "provider[\"registry.terraform.io/hashicorp/azurerm\"]",
      "instances": [
        {
          "schema_version": 0,
          "attributes": {
            "additional_capabilities": [],
            "additional_unattend_content": [],
            "admin_password": "aprkwhs123!@#",
            "admin_username": "iotvmadmin",
            "allow_extension_operations": true,
            "availability_set_id": "",
            "boot_diagnostics": [],
            "bypass_platform_safety_checks_on_user_schedule_enabled": false,
            "capacity_reservation_group_id": "",
            "computer_name": "PNP-HUB-BS-VM",
            "custom_data": null,
            "dedicated_host_group_id": "",
            "dedicated_host_id": "",
            "edge_zone": "",
            "enable_automatic_updates": true,
            "encryption_at_host_enabled": false,
            "eviction_policy": "",
            "extensions_time_budget": "PT1H30M",
            "gallery_application": [],
            "hotpatching_enabled": false,
            "id": "/subscriptions/187d0279-23aa-4f7d-9f3f-fc1a8ac639d5/resourceGroups/PNP-HUB-RG/providers/Microsoft.Compute/virtualMachines/PNP-HUB-BS-VM",
            "identity": [],
            "license_type": "",
            "location": "koreacentral",
            "max_bid_price": -1,
            "name": "PNP-HUB-BS-VM",
            "network_interface_ids": [
              "/subscriptions/187d0279-23aa-4f7d-9f3f-fc1a8ac639d5/resourceGroups/PNP-HUB-RG/providers/Microsoft.Network/networkInterfaces/PNP-HUB-BASTION-VM-NIC"
            ],
            "os_disk": [
              {
                "caching": "ReadWrite",
                "diff_disk_settings": [],
                "disk_encryption_set_id": "",
                "disk_size_gb": 127,
                "name": "PNP-HUB-BS-VM_OsDisk_1_4fc99f5e0c6546298dde0823cf7e4c0b",
                "secure_vm_disk_encryption_set_id": "",
                "security_encryption_type": "",
                "storage_account_type": "Standard_LRS",
                "write_accelerator_enabled": false
              }
            ],
            "patch_assessment_mode": "ImageDefault",
            "patch_mode": "AutomaticByOS",
            "plan": [],
            "platform_fault_domain": -1,
            "priority": "Regular",
            "private_ip_address": "10.0.1.4",
            "private_ip_addresses": [
              "10.0.1.4"
            ],
            "provision_vm_agent": true,
            "proximity_placement_group_id": "",
            "public_ip_address": "",
            "public_ip_addresses": [],
            "reboot_setting": "",
            "resource_group_name": "PNP-HUB-RG",
            "secret": [],
            "secure_boot_enabled": false,
            "size": "Standard_D2s_v3",
            "source_image_id": "",
            "source_image_reference": [
              {
                "offer": "windows-11",
                "publisher": "microsoftwindowsdesktop",
                "sku": "win11-22h2-pro",
                "version": "latest"
              }
            ],
            "tags": {},
            "termination_notification": [],
            "timeouts": null,
            "timezone": "",
            "user_data": "",
            "virtual_machine_id": "9ad61621-f7fa-4cdb-a641-99b683515ca2",
            "virtual_machine_scale_set_id": "",
            "vtpm_enabled": false,
            "winrm_listener": [],
            "zone": ""
          },
          "sensitive_attributes": [],
          "private": "eyJlMmJmYjczMC1lY2FhLTExZTYtOGY4OC0zNDM2M2JjN2M0YzAiOnsiY3JlYXRlIjoyNzAwMDAwMDAwMDAwLCJkZWxldGUiOjI3MDAwMDAwMDAwMDAsInJlYWQiOjMwMDAwMDAwMDAwMCwidXBkYXRlIjoyNzAwMDAwMDAwMDAwfX0=",
          "dependencies": [
            "module.bastion.azurerm_network_interface.pnp_hub_bastion_vm_nic",
            "module.bastion.azurerm_public_ip.pnp_hub_bastion_vm_ip",
            "module.network.azurerm_subnet.pnp_hub_bastion_pep_subnet",
            "module.network.azurerm_subnet.pnp_hub_iot_pep_subnet",
            "module.network.azurerm_subnet.pnp_hub_plh_pep_subnet",
            "module.network.azurerm_subnet.pnp_spoke_data_st_pep_subnet",
            "module.network.azurerm_subnet.pnp_spoke_syn_pep_subnet",
            "module.network.azurerm_virtual_network.pnp_hub_vnet",
            "module.network.azurerm_virtual_network.pnp_spoke_vnet",
            "module.network.azurerm_virtual_network_peering.peer_hub_to_spoke",
            "module.network.azurerm_virtual_network_peering.peer_spoke_to_hub",
            "module.resource_group.azurerm_resource_group.pnp_hub_rg",
            "module.resource_group.azurerm_resource_group.pnp_spoke_rg"
          ]
        }
      ]
    },
    {
      "module": "module.datalake_module[0]",
      "mode": "managed",
      "type": "azurerm_private_dns_zone",
      "name": "pnp_spoke_adls_blob_dns_zone",
      "provider": "provider[\"registry.terraform.io/hashicorp/azurerm\"]",
      "instances": [
        {
          "schema_version": 0,
          "attributes": {
            "id": "/subscriptions/187d0279-23aa-4f7d-9f3f-fc1a8ac639d5/resourceGroups/PNP-SPOKE-RG/providers/Microsoft.Network/privateDnsZones/privatelink.blob.core.windows.net",
            "max_number_of_record_sets": 25000,
            "max_number_of_virtual_network_links": 1000,
            "max_number_of_virtual_network_links_with_registration": 100,
            "name": "privatelink.blob.core.windows.net",
            "number_of_record_sets": 2,
            "resource_group_name": "PNP-SPOKE-RG",
            "soa_record": [
              {
                "email": "azureprivatedns-host.microsoft.com",
                "expire_time": 2419200,
                "fqdn": "privatelink.blob.core.windows.net.",
                "host_name": "azureprivatedns.net",
                "minimum_ttl": 10,
                "refresh_time": 3600,
                "retry_time": 300,
                "serial_number": 1,
                "tags": {},
                "ttl": 3600
              }
            ],
            "tags": {},
            "timeouts": null
          },
          "sensitive_attributes": [],
          "private": "eyJlMmJmYjczMC1lY2FhLTExZTYtOGY4OC0zNDM2M2JjN2M0YzAiOnsiY3JlYXRlIjoxODAwMDAwMDAwMDAwLCJkZWxldGUiOjE4MDAwMDAwMDAwMDAsInJlYWQiOjMwMDAwMDAwMDAwMCwidXBkYXRlIjoxODAwMDAwMDAwMDAwfX0=",
          "dependencies": [
            "module.network.azurerm_subnet.pnp_hub_bastion_pep_subnet",
            "module.network.azurerm_subnet.pnp_hub_iot_pep_subnet",
            "module.network.azurerm_subnet.pnp_hub_plh_pep_subnet",
            "module.network.azurerm_subnet.pnp_spoke_data_st_pep_subnet",
            "module.network.azurerm_subnet.pnp_spoke_syn_pep_subnet",
            "module.network.azurerm_virtual_network.pnp_hub_vnet",
            "module.network.azurerm_virtual_network.pnp_spoke_vnet",
            "module.network.azurerm_virtual_network_peering.peer_hub_to_spoke",
            "module.network.azurerm_virtual_network_peering.peer_spoke_to_hub",
            "module.resource_group.azurerm_resource_group.pnp_hub_rg",
            "module.resource_group.azurerm_resource_group.pnp_spoke_rg"
          ]
        }
      ]
    },
    {
      "module": "module.datalake_module[0]",
      "mode": "managed",
      "type": "azurerm_private_dns_zone",
      "name": "pnp_spoke_adls_dfs_dns_zone",
      "provider": "provider[\"registry.terraform.io/hashicorp/azurerm\"]",
      "instances": [
        {
          "schema_version": 0,
          "attributes": {
            "id": "/subscriptions/187d0279-23aa-4f7d-9f3f-fc1a8ac639d5/resourceGroups/PNP-SPOKE-RG/providers/Microsoft.Network/privateDnsZones/privatelink.dfs.core.windows.net",
            "max_number_of_record_sets": 25000,
            "max_number_of_virtual_network_links": 1000,
            "max_number_of_virtual_network_links_with_registration": 100,
            "name": "privatelink.dfs.core.windows.net",
            "number_of_record_sets": 2,
            "resource_group_name": "PNP-SPOKE-RG",
            "soa_record": [
              {
                "email": "azureprivatedns-host.microsoft.com",
                "expire_time": 2419200,
                "fqdn": "privatelink.dfs.core.windows.net.",
                "host_name": "azureprivatedns.net",
                "minimum_ttl": 10,
                "refresh_time": 3600,
                "retry_time": 300,
                "serial_number": 1,
                "tags": {},
                "ttl": 3600
              }
            ],
            "tags": {},
            "timeouts": null
          },
          "sensitive_attributes": [],
          "private": "eyJlMmJmYjczMC1lY2FhLTExZTYtOGY4OC0zNDM2M2JjN2M0YzAiOnsiY3JlYXRlIjoxODAwMDAwMDAwMDAwLCJkZWxldGUiOjE4MDAwMDAwMDAwMDAsInJlYWQiOjMwMDAwMDAwMDAwMCwidXBkYXRlIjoxODAwMDAwMDAwMDAwfX0=",
          "dependencies": [
            "module.network.azurerm_subnet.pnp_hub_bastion_pep_subnet",
            "module.network.azurerm_subnet.pnp_hub_iot_pep_subnet",
            "module.network.azurerm_subnet.pnp_hub_plh_pep_subnet",
            "module.network.azurerm_subnet.pnp_spoke_data_st_pep_subnet",
            "module.network.azurerm_subnet.pnp_spoke_syn_pep_subnet",
            "module.network.azurerm_virtual_network.pnp_hub_vnet",
            "module.network.azurerm_virtual_network.pnp_spoke_vnet",
            "module.network.azurerm_virtual_network_peering.peer_hub_to_spoke",
            "module.network.azurerm_virtual_network_peering.peer_spoke_to_hub",
            "module.resource_group.azurerm_resource_group.pnp_hub_rg",
            "module.resource_group.azurerm_resource_group.pnp_spoke_rg"
          ]
        }
      ]
    },
    {
      "module": "module.datalake_module[0]",
      "mode": "managed",
      "type": "azurerm_private_dns_zone",
      "name": "pnp_spoke_adls_web_dns_zone",
      "provider": "provider[\"registry.terraform.io/hashicorp/azurerm\"]",
      "instances": [
        {
          "schema_version": 0,
          "attributes": {
            "id": "/subscriptions/187d0279-23aa-4f7d-9f3f-fc1a8ac639d5/resourceGroups/PNP-SPOKE-RG/providers/Microsoft.Network/privateDnsZones/privatelink.web.core.windows.net",
            "max_number_of_record_sets": 25000,
            "max_number_of_virtual_network_links": 1000,
            "max_number_of_virtual_network_links_with_registration": 100,
            "name": "privatelink.web.core.windows.net",
            "number_of_record_sets": 2,
            "resource_group_name": "PNP-SPOKE-RG",
            "soa_record": [
              {
                "email": "azureprivatedns-host.microsoft.com",
                "expire_time": 2419200,
                "fqdn": "privatelink.web.core.windows.net.",
                "host_name": "azureprivatedns.net",
                "minimum_ttl": 10,
                "refresh_time": 3600,
                "retry_time": 300,
                "serial_number": 1,
                "tags": {},
                "ttl": 3600
              }
            ],
            "tags": {},
            "timeouts": null
          },
          "sensitive_attributes": [],
          "private": "eyJlMmJmYjczMC1lY2FhLTExZTYtOGY4OC0zNDM2M2JjN2M0YzAiOnsiY3JlYXRlIjoxODAwMDAwMDAwMDAwLCJkZWxldGUiOjE4MDAwMDAwMDAwMDAsInJlYWQiOjMwMDAwMDAwMDAwMCwidXBkYXRlIjoxODAwMDAwMDAwMDAwfX0=",
          "dependencies": [
            "module.network.azurerm_subnet.pnp_hub_bastion_pep_subnet",
            "module.network.azurerm_subnet.pnp_hub_iot_pep_subnet",
            "module.network.azurerm_subnet.pnp_hub_plh_pep_subnet",
            "module.network.azurerm_subnet.pnp_spoke_data_st_pep_subnet",
            "module.network.azurerm_subnet.pnp_spoke_syn_pep_subnet",
            "module.network.azurerm_virtual_network.pnp_hub_vnet",
            "module.network.azurerm_virtual_network.pnp_spoke_vnet",
            "module.network.azurerm_virtual_network_peering.peer_hub_to_spoke",
            "module.network.azurerm_virtual_network_peering.peer_spoke_to_hub",
            "module.resource_group.azurerm_resource_group.pnp_hub_rg",
            "module.resource_group.azurerm_resource_group.pnp_spoke_rg"
          ]
        }
      ]
    },
    {
      "module": "module.datalake_module[0]",
      "mode": "managed",
      "type": "azurerm_private_dns_zone_virtual_network_link",
      "name": "pnp_spoke_adls_blob_dns_zone_link_hub",
      "provider": "provider[\"registry.terraform.io/hashicorp/azurerm\"]",
      "instances": [
        {
          "schema_version": 0,
          "attributes": {
            "id": "/subscriptions/187d0279-23aa-4f7d-9f3f-fc1a8ac639d5/resourceGroups/PNP-SPOKE-RG/providers/Microsoft.Network/privateDnsZones/privatelink.blob.core.windows.net/virtualNetworkLinks/link_hub",
            "name": "link_hub",
            "private_dns_zone_name": "privatelink.blob.core.windows.net",
            "registration_enabled": false,
            "resource_group_name": "PNP-SPOKE-RG",
            "tags": {},
            "timeouts": null,
            "virtual_network_id": "/subscriptions/187d0279-23aa-4f7d-9f3f-fc1a8ac639d5/resourceGroups/PNP-HUB-RG/providers/Microsoft.Network/virtualNetworks/pnp_hub_vnet"
          },
          "sensitive_attributes": [],
          "private": "eyJlMmJmYjczMC1lY2FhLTExZTYtOGY4OC0zNDM2M2JjN2M0YzAiOnsiY3JlYXRlIjoxODAwMDAwMDAwMDAwLCJkZWxldGUiOjE4MDAwMDAwMDAwMDAsInJlYWQiOjMwMDAwMDAwMDAwMCwidXBkYXRlIjoxODAwMDAwMDAwMDAwfX0=",
          "dependencies": [
            "module.datalake_module.azurerm_private_dns_zone.pnp_spoke_adls_blob_dns_zone",
            "module.network.azurerm_subnet.pnp_hub_bastion_pep_subnet",
            "module.network.azurerm_subnet.pnp_hub_iot_pep_subnet",
            "module.network.azurerm_subnet.pnp_hub_plh_pep_subnet",
            "module.network.azurerm_subnet.pnp_spoke_data_st_pep_subnet",
            "module.network.azurerm_subnet.pnp_spoke_syn_pep_subnet",
            "module.network.azurerm_virtual_network.pnp_hub_vnet",
            "module.network.azurerm_virtual_network.pnp_spoke_vnet",
            "module.network.azurerm_virtual_network_peering.peer_hub_to_spoke",
            "module.network.azurerm_virtual_network_peering.peer_spoke_to_hub",
            "module.resource_group.azurerm_resource_group.pnp_hub_rg",
            "module.resource_group.azurerm_resource_group.pnp_spoke_rg"
          ]
        }
      ]
    },
    {
      "module": "module.datalake_module[0]",
      "mode": "managed",
      "type": "azurerm_private_dns_zone_virtual_network_link",
      "name": "pnp_spoke_adls_blob_dns_zone_link_spoke",
      "provider": "provider[\"registry.terraform.io/hashicorp/azurerm\"]",
      "instances": [
        {
          "schema_version": 0,
          "attributes": {
            "id": "/subscriptions/187d0279-23aa-4f7d-9f3f-fc1a8ac639d5/resourceGroups/PNP-SPOKE-RG/providers/Microsoft.Network/privateDnsZones/privatelink.blob.core.windows.net/virtualNetworkLinks/link_spoke",
            "name": "link_spoke",
            "private_dns_zone_name": "privatelink.blob.core.windows.net",
            "registration_enabled": false,
            "resource_group_name": "PNP-SPOKE-RG",
            "tags": {},
            "timeouts": null,
            "virtual_network_id": "/subscriptions/187d0279-23aa-4f7d-9f3f-fc1a8ac639d5/resourceGroups/PNP-SPOKE-RG/providers/Microsoft.Network/virtualNetworks/pnp_spoke_vnet"
          },
          "sensitive_attributes": [],
          "private": "eyJlMmJmYjczMC1lY2FhLTExZTYtOGY4OC0zNDM2M2JjN2M0YzAiOnsiY3JlYXRlIjoxODAwMDAwMDAwMDAwLCJkZWxldGUiOjE4MDAwMDAwMDAwMDAsInJlYWQiOjMwMDAwMDAwMDAwMCwidXBkYXRlIjoxODAwMDAwMDAwMDAwfX0=",
          "dependencies": [
            "module.datalake_module.azurerm_private_dns_zone.pnp_spoke_adls_blob_dns_zone",
            "module.network.azurerm_subnet.pnp_hub_bastion_pep_subnet",
            "module.network.azurerm_subnet.pnp_hub_iot_pep_subnet",
            "module.network.azurerm_subnet.pnp_hub_plh_pep_subnet",
            "module.network.azurerm_subnet.pnp_spoke_data_st_pep_subnet",
            "module.network.azurerm_subnet.pnp_spoke_syn_pep_subnet",
            "module.network.azurerm_virtual_network.pnp_hub_vnet",
            "module.network.azurerm_virtual_network.pnp_spoke_vnet",
            "module.network.azurerm_virtual_network_peering.peer_hub_to_spoke",
            "module.network.azurerm_virtual_network_peering.peer_spoke_to_hub",
            "module.resource_group.azurerm_resource_group.pnp_hub_rg",
            "module.resource_group.azurerm_resource_group.pnp_spoke_rg"
          ]
        }
      ]
    },
    {
      "module": "module.datalake_module[0]",
      "mode": "managed",
      "type": "azurerm_private_dns_zone_virtual_network_link",
      "name": "pnp_spoke_adls_dfs_dns_zone_link_hub",
      "provider": "provider[\"registry.terraform.io/hashicorp/azurerm\"]",
      "instances": [
        {
          "schema_version": 0,
          "attributes": {
            "id": "/subscriptions/187d0279-23aa-4f7d-9f3f-fc1a8ac639d5/resourceGroups/PNP-SPOKE-RG/providers/Microsoft.Network/privateDnsZones/privatelink.dfs.core.windows.net/virtualNetworkLinks/link_hub",
            "name": "link_hub",
            "private_dns_zone_name": "privatelink.dfs.core.windows.net",
            "registration_enabled": false,
            "resource_group_name": "PNP-SPOKE-RG",
            "tags": {},
            "timeouts": null,
            "virtual_network_id": "/subscriptions/187d0279-23aa-4f7d-9f3f-fc1a8ac639d5/resourceGroups/PNP-HUB-RG/providers/Microsoft.Network/virtualNetworks/pnp_hub_vnet"
          },
          "sensitive_attributes": [],
          "private": "eyJlMmJmYjczMC1lY2FhLTExZTYtOGY4OC0zNDM2M2JjN2M0YzAiOnsiY3JlYXRlIjoxODAwMDAwMDAwMDAwLCJkZWxldGUiOjE4MDAwMDAwMDAwMDAsInJlYWQiOjMwMDAwMDAwMDAwMCwidXBkYXRlIjoxODAwMDAwMDAwMDAwfX0=",
          "dependencies": [
            "module.datalake_module.azurerm_private_dns_zone.pnp_spoke_adls_dfs_dns_zone",
            "module.network.azurerm_subnet.pnp_hub_bastion_pep_subnet",
            "module.network.azurerm_subnet.pnp_hub_iot_pep_subnet",
            "module.network.azurerm_subnet.pnp_hub_plh_pep_subnet",
            "module.network.azurerm_subnet.pnp_spoke_data_st_pep_subnet",
            "module.network.azurerm_subnet.pnp_spoke_syn_pep_subnet",
            "module.network.azurerm_virtual_network.pnp_hub_vnet",
            "module.network.azurerm_virtual_network.pnp_spoke_vnet",
            "module.network.azurerm_virtual_network_peering.peer_hub_to_spoke",
            "module.network.azurerm_virtual_network_peering.peer_spoke_to_hub",
            "module.resource_group.azurerm_resource_group.pnp_hub_rg",
            "module.resource_group.azurerm_resource_group.pnp_spoke_rg"
          ]
        }
      ]
    },
    {
      "module": "module.datalake_module[0]",
      "mode": "managed",
      "type": "azurerm_private_dns_zone_virtual_network_link",
      "name": "pnp_spoke_adls_dfs_dns_zone_link_spoke",
      "provider": "provider[\"registry.terraform.io/hashicorp/azurerm\"]",
      "instances": [
        {
          "schema_version": 0,
          "attributes": {
            "id": "/subscriptions/187d0279-23aa-4f7d-9f3f-fc1a8ac639d5/resourceGroups/PNP-SPOKE-RG/providers/Microsoft.Network/privateDnsZones/privatelink.dfs.core.windows.net/virtualNetworkLinks/link_spoke",
            "name": "link_spoke",
            "private_dns_zone_name": "privatelink.dfs.core.windows.net",
            "registration_enabled": false,
            "resource_group_name": "PNP-SPOKE-RG",
            "tags": {},
            "timeouts": null,
            "virtual_network_id": "/subscriptions/187d0279-23aa-4f7d-9f3f-fc1a8ac639d5/resourceGroups/PNP-SPOKE-RG/providers/Microsoft.Network/virtualNetworks/pnp_spoke_vnet"
          },
          "sensitive_attributes": [],
          "private": "eyJlMmJmYjczMC1lY2FhLTExZTYtOGY4OC0zNDM2M2JjN2M0YzAiOnsiY3JlYXRlIjoxODAwMDAwMDAwMDAwLCJkZWxldGUiOjE4MDAwMDAwMDAwMDAsInJlYWQiOjMwMDAwMDAwMDAwMCwidXBkYXRlIjoxODAwMDAwMDAwMDAwfX0=",
          "dependencies": [
            "module.datalake_module.azurerm_private_dns_zone.pnp_spoke_adls_dfs_dns_zone",
            "module.network.azurerm_subnet.pnp_hub_bastion_pep_subnet",
            "module.network.azurerm_subnet.pnp_hub_iot_pep_subnet",
            "module.network.azurerm_subnet.pnp_hub_plh_pep_subnet",
            "module.network.azurerm_subnet.pnp_spoke_data_st_pep_subnet",
            "module.network.azurerm_subnet.pnp_spoke_syn_pep_subnet",
            "module.network.azurerm_virtual_network.pnp_hub_vnet",
            "module.network.azurerm_virtual_network.pnp_spoke_vnet",
            "module.network.azurerm_virtual_network_peering.peer_hub_to_spoke",
            "module.network.azurerm_virtual_network_peering.peer_spoke_to_hub",
            "module.resource_group.azurerm_resource_group.pnp_hub_rg",
            "module.resource_group.azurerm_resource_group.pnp_spoke_rg"
          ]
        }
      ]
    },
    {
      "module": "module.datalake_module[0]",
      "mode": "managed",
      "type": "azurerm_private_dns_zone_virtual_network_link",
      "name": "pnp_spoke_adls_web_dns_zone_link_hub",
      "provider": "provider[\"registry.terraform.io/hashicorp/azurerm\"]",
      "instances": [
        {
          "schema_version": 0,
          "attributes": {
            "id": "/subscriptions/187d0279-23aa-4f7d-9f3f-fc1a8ac639d5/resourceGroups/PNP-SPOKE-RG/providers/Microsoft.Network/privateDnsZones/privatelink.web.core.windows.net/virtualNetworkLinks/link_hub",
            "name": "link_hub",
            "private_dns_zone_name": "privatelink.web.core.windows.net",
            "registration_enabled": false,
            "resource_group_name": "PNP-SPOKE-RG",
            "tags": {},
            "timeouts": null,
            "virtual_network_id": "/subscriptions/187d0279-23aa-4f7d-9f3f-fc1a8ac639d5/resourceGroups/PNP-HUB-RG/providers/Microsoft.Network/virtualNetworks/pnp_hub_vnet"
          },
          "sensitive_attributes": [],
          "private": "eyJlMmJmYjczMC1lY2FhLTExZTYtOGY4OC0zNDM2M2JjN2M0YzAiOnsiY3JlYXRlIjoxODAwMDAwMDAwMDAwLCJkZWxldGUiOjE4MDAwMDAwMDAwMDAsInJlYWQiOjMwMDAwMDAwMDAwMCwidXBkYXRlIjoxODAwMDAwMDAwMDAwfX0=",
          "dependencies": [
            "module.datalake_module.azurerm_private_dns_zone.pnp_spoke_adls_web_dns_zone",
            "module.network.azurerm_subnet.pnp_hub_bastion_pep_subnet",
            "module.network.azurerm_subnet.pnp_hub_iot_pep_subnet",
            "module.network.azurerm_subnet.pnp_hub_plh_pep_subnet",
            "module.network.azurerm_subnet.pnp_spoke_data_st_pep_subnet",
            "module.network.azurerm_subnet.pnp_spoke_syn_pep_subnet",
            "module.network.azurerm_virtual_network.pnp_hub_vnet",
            "module.network.azurerm_virtual_network.pnp_spoke_vnet",
            "module.network.azurerm_virtual_network_peering.peer_hub_to_spoke",
            "module.network.azurerm_virtual_network_peering.peer_spoke_to_hub",
            "module.resource_group.azurerm_resource_group.pnp_hub_rg",
            "module.resource_group.azurerm_resource_group.pnp_spoke_rg"
          ]
        }
      ]
    },
    {
      "module": "module.datalake_module[0]",
      "mode": "managed",
      "type": "azurerm_private_dns_zone_virtual_network_link",
      "name": "pnp_spoke_adls_web_dns_zone_link_spoke",
      "provider": "provider[\"registry.terraform.io/hashicorp/azurerm\"]",
      "instances": [
        {
          "schema_version": 0,
          "attributes": {
            "id": "/subscriptions/187d0279-23aa-4f7d-9f3f-fc1a8ac639d5/resourceGroups/PNP-SPOKE-RG/providers/Microsoft.Network/privateDnsZones/privatelink.web.core.windows.net/virtualNetworkLinks/link_spoke",
            "name": "link_spoke",
            "private_dns_zone_name": "privatelink.web.core.windows.net",
            "registration_enabled": false,
            "resource_group_name": "PNP-SPOKE-RG",
            "tags": {},
            "timeouts": null,
            "virtual_network_id": "/subscriptions/187d0279-23aa-4f7d-9f3f-fc1a8ac639d5/resourceGroups/PNP-SPOKE-RG/providers/Microsoft.Network/virtualNetworks/pnp_spoke_vnet"
          },
          "sensitive_attributes": [],
          "private": "eyJlMmJmYjczMC1lY2FhLTExZTYtOGY4OC0zNDM2M2JjN2M0YzAiOnsiY3JlYXRlIjoxODAwMDAwMDAwMDAwLCJkZWxldGUiOjE4MDAwMDAwMDAwMDAsInJlYWQiOjMwMDAwMDAwMDAwMCwidXBkYXRlIjoxODAwMDAwMDAwMDAwfX0=",
          "dependencies": [
            "module.datalake_module.azurerm_private_dns_zone.pnp_spoke_adls_web_dns_zone",
            "module.network.azurerm_subnet.pnp_hub_bastion_pep_subnet",
            "module.network.azurerm_subnet.pnp_hub_iot_pep_subnet",
            "module.network.azurerm_subnet.pnp_hub_plh_pep_subnet",
            "module.network.azurerm_subnet.pnp_spoke_data_st_pep_subnet",
            "module.network.azurerm_subnet.pnp_spoke_syn_pep_subnet",
            "module.network.azurerm_virtual_network.pnp_hub_vnet",
            "module.network.azurerm_virtual_network.pnp_spoke_vnet",
            "module.network.azurerm_virtual_network_peering.peer_hub_to_spoke",
            "module.network.azurerm_virtual_network_peering.peer_spoke_to_hub",
            "module.resource_group.azurerm_resource_group.pnp_hub_rg",
            "module.resource_group.azurerm_resource_group.pnp_spoke_rg"
          ]
        }
      ]
    },
    {
      "module": "module.datalake_module[0]",
      "mode": "managed",
      "type": "azurerm_private_endpoint",
      "name": "pnp_spoke_data_st_blob_pep",
      "provider": "provider[\"registry.terraform.io/hashicorp/azurerm\"]",
      "instances": [
        {
          "schema_version": 0,
          "attributes": {
            "custom_dns_configs": [],
            "custom_network_interface_name": "",
            "id": "/subscriptions/187d0279-23aa-4f7d-9f3f-fc1a8ac639d5/resourceGroups/PNP-SPOKE-RG/providers/Microsoft.Network/privateEndpoints/PNP-SPOKE-DATA-ST-BLOB-PEP",
            "ip_configuration": [],
            "location": "koreacentral",
            "name": "PNP-SPOKE-DATA-ST-BLOB-PEP",
            "network_interface": [
              {
                "id": "/subscriptions/187d0279-23aa-4f7d-9f3f-fc1a8ac639d5/resourceGroups/PNP-SPOKE-RG/providers/Microsoft.Network/networkInterfaces/PNP-SPOKE-DATA-ST-BLOB-PEP.nic.d563a4d0-45d5-4057-bb1b-55f2048042a8",
                "name": "PNP-SPOKE-DATA-ST-BLOB-PEP.nic.d563a4d0-45d5-4057-bb1b-55f2048042a8"
              }
            ],
            "private_dns_zone_configs": [
              {
                "id": "/subscriptions/187d0279-23aa-4f7d-9f3f-fc1a8ac639d5/resourceGroups/PNP-SPOKE-RG/providers/Microsoft.Network/privateEndpoints/PNP-SPOKE-DATA-ST-BLOB-PEP/privateDnsZoneGroups/default/privateDnsZoneConfigs/privatelink.blob.core.windows.net",
                "name": "privatelink.blob.core.windows.net",
                "private_dns_zone_id": "/subscriptions/187d0279-23aa-4f7d-9f3f-fc1a8ac639d5/resourceGroups/PNP-SPOKE-RG/providers/Microsoft.Network/privateDnsZones/privatelink.blob.core.windows.net",
                "record_sets": [
                  {
                    "fqdn": "pnpspokedataadlsd01.privatelink.blob.core.windows.net",
                    "ip_addresses": [
                      "10.1.2.5"
                    ],
                    "name": "pnpspokedataadlsd01",
                    "ttl": 10,
                    "type": "A"
                  }
                ]
              }
            ],
            "private_dns_zone_group": [
              {
                "id": "/subscriptions/187d0279-23aa-4f7d-9f3f-fc1a8ac639d5/resourceGroups/PNP-SPOKE-RG/providers/Microsoft.Network/privateEndpoints/PNP-SPOKE-DATA-ST-BLOB-PEP/privateDnsZoneGroups/default",
                "name": "default",
                "private_dns_zone_ids": [
                  "/subscriptions/187d0279-23aa-4f7d-9f3f-fc1a8ac639d5/resourceGroups/PNP-SPOKE-RG/providers/Microsoft.Network/privateDnsZones/privatelink.blob.core.windows.net"
                ]
              }
            ],
            "private_service_connection": [
              {
                "is_manual_connection": false,
                "name": "example-storage-pe-connection",
                "private_connection_resource_alias": "",
                "private_connection_resource_id": "/subscriptions/187d0279-23aa-4f7d-9f3f-fc1a8ac639d5/resourceGroups/PNP-SPOKE-RG/providers/Microsoft.Storage/storageAccounts/pnpspokedataadlsd01",
                "private_ip_address": "10.1.2.5",
                "request_message": "",
                "subresource_names": [
                  "blob"
                ]
              }
            ],
            "resource_group_name": "PNP-SPOKE-RG",
            "subnet_id": "/subscriptions/187d0279-23aa-4f7d-9f3f-fc1a8ac639d5/resourceGroups/PNP-SPOKE-RG/providers/Microsoft.Network/virtualNetworks/pnp_spoke_vnet/subnets/PNP-SPOKE-DATA-ST-PEP-SUBNET",
            "tags": {},
            "timeouts": null
          },
          "sensitive_attributes": [],
          "private": "eyJlMmJmYjczMC1lY2FhLTExZTYtOGY4OC0zNDM2M2JjN2M0YzAiOnsiY3JlYXRlIjozNjAwMDAwMDAwMDAwLCJkZWxldGUiOjM2MDAwMDAwMDAwMDAsInJlYWQiOjMwMDAwMDAwMDAwMCwidXBkYXRlIjozNjAwMDAwMDAwMDAwfX0=",
          "dependencies": [
            "module.datalake_module.azurerm_private_dns_zone.pnp_spoke_adls_blob_dns_zone",
            "module.datalake_module.azurerm_storage_account.pnp_spoke_data_adls_d01",
            "module.network.azurerm_subnet.pnp_hub_bastion_pep_subnet",
            "module.network.azurerm_subnet.pnp_hub_iot_pep_subnet",
            "module.network.azurerm_subnet.pnp_hub_plh_pep_subnet",
            "module.network.azurerm_subnet.pnp_spoke_data_st_pep_subnet",
            "module.network.azurerm_subnet.pnp_spoke_syn_pep_subnet",
            "module.network.azurerm_virtual_network.pnp_hub_vnet",
            "module.network.azurerm_virtual_network.pnp_spoke_vnet",
            "module.network.azurerm_virtual_network_peering.peer_hub_to_spoke",
            "module.network.azurerm_virtual_network_peering.peer_spoke_to_hub",
            "module.resource_group.azurerm_resource_group.pnp_hub_rg",
            "module.resource_group.azurerm_resource_group.pnp_spoke_rg"
          ]
        }
      ]
    },
    {
      "module": "module.datalake_module[0]",
      "mode": "managed",
      "type": "azurerm_private_endpoint",
      "name": "pnp_spoke_data_st_dfs_pep",
      "provider": "provider[\"registry.terraform.io/hashicorp/azurerm\"]",
      "instances": [
        {
          "schema_version": 0,
          "attributes": {
            "custom_dns_configs": [],
            "custom_network_interface_name": "",
            "id": "/subscriptions/187d0279-23aa-4f7d-9f3f-fc1a8ac639d5/resourceGroups/PNP-SPOKE-RG/providers/Microsoft.Network/privateEndpoints/PNP-SPOKE-DATA-ST-DFS-PEP",
            "ip_configuration": [],
            "location": "koreacentral",
            "name": "PNP-SPOKE-DATA-ST-DFS-PEP",
            "network_interface": [
              {
                "id": "/subscriptions/187d0279-23aa-4f7d-9f3f-fc1a8ac639d5/resourceGroups/PNP-SPOKE-RG/providers/Microsoft.Network/networkInterfaces/PNP-SPOKE-DATA-ST-DFS-PEP.nic.bbe66451-5e1b-485f-b247-e93d2bfcb4f8",
                "name": "PNP-SPOKE-DATA-ST-DFS-PEP.nic.bbe66451-5e1b-485f-b247-e93d2bfcb4f8"
              }
            ],
            "private_dns_zone_configs": [
              {
                "id": "/subscriptions/187d0279-23aa-4f7d-9f3f-fc1a8ac639d5/resourceGroups/PNP-SPOKE-RG/providers/Microsoft.Network/privateEndpoints/PNP-SPOKE-DATA-ST-DFS-PEP/privateDnsZoneGroups/default/privateDnsZoneConfigs/privatelink.dfs.core.windows.net",
                "name": "privatelink.dfs.core.windows.net",
                "private_dns_zone_id": "/subscriptions/187d0279-23aa-4f7d-9f3f-fc1a8ac639d5/resourceGroups/PNP-SPOKE-RG/providers/Microsoft.Network/privateDnsZones/privatelink.dfs.core.windows.net",
                "record_sets": [
                  {
                    "fqdn": "pnpspokedataadlsd01.privatelink.dfs.core.windows.net",
                    "ip_addresses": [
                      "10.1.2.6"
                    ],
                    "name": "pnpspokedataadlsd01",
                    "ttl": 10,
                    "type": "A"
                  }
                ]
              }
            ],
            "private_dns_zone_group": [
              {
                "id": "/subscriptions/187d0279-23aa-4f7d-9f3f-fc1a8ac639d5/resourceGroups/PNP-SPOKE-RG/providers/Microsoft.Network/privateEndpoints/PNP-SPOKE-DATA-ST-DFS-PEP/privateDnsZoneGroups/default",
                "name": "default",
                "private_dns_zone_ids": [
                  "/subscriptions/187d0279-23aa-4f7d-9f3f-fc1a8ac639d5/resourceGroups/PNP-SPOKE-RG/providers/Microsoft.Network/privateDnsZones/privatelink.dfs.core.windows.net"
                ]
              }
            ],
            "private_service_connection": [
              {
                "is_manual_connection": false,
                "name": "example-iothub-pe-connection",
                "private_connection_resource_alias": "",
                "private_connection_resource_id": "/subscriptions/187d0279-23aa-4f7d-9f3f-fc1a8ac639d5/resourceGroups/PNP-SPOKE-RG/providers/Microsoft.Storage/storageAccounts/pnpspokedataadlsd01",
                "private_ip_address": "10.1.2.6",
                "request_message": "",
                "subresource_names": [
                  "dfs"
                ]
              }
            ],
            "resource_group_name": "PNP-SPOKE-RG",
            "subnet_id": "/subscriptions/187d0279-23aa-4f7d-9f3f-fc1a8ac639d5/resourceGroups/PNP-SPOKE-RG/providers/Microsoft.Network/virtualNetworks/pnp_spoke_vnet/subnets/PNP-SPOKE-DATA-ST-PEP-SUBNET",
            "tags": {},
            "timeouts": null
          },
          "sensitive_attributes": [],
          "private": "eyJlMmJmYjczMC1lY2FhLTExZTYtOGY4OC0zNDM2M2JjN2M0YzAiOnsiY3JlYXRlIjozNjAwMDAwMDAwMDAwLCJkZWxldGUiOjM2MDAwMDAwMDAwMDAsInJlYWQiOjMwMDAwMDAwMDAwMCwidXBkYXRlIjozNjAwMDAwMDAwMDAwfX0=",
          "dependencies": [
            "module.datalake_module.azurerm_private_dns_zone.pnp_spoke_adls_dfs_dns_zone",
            "module.datalake_module.azurerm_storage_account.pnp_spoke_data_adls_d01",
            "module.network.azurerm_subnet.pnp_hub_bastion_pep_subnet",
            "module.network.azurerm_subnet.pnp_hub_iot_pep_subnet",
            "module.network.azurerm_subnet.pnp_hub_plh_pep_subnet",
            "module.network.azurerm_subnet.pnp_spoke_data_st_pep_subnet",
            "module.network.azurerm_subnet.pnp_spoke_syn_pep_subnet",
            "module.network.azurerm_virtual_network.pnp_hub_vnet",
            "module.network.azurerm_virtual_network.pnp_spoke_vnet",
            "module.network.azurerm_virtual_network_peering.peer_hub_to_spoke",
            "module.network.azurerm_virtual_network_peering.peer_spoke_to_hub",
            "module.resource_group.azurerm_resource_group.pnp_hub_rg",
            "module.resource_group.azurerm_resource_group.pnp_spoke_rg"
          ]
        }
      ]
    },
    {
      "module": "module.datalake_module[0]",
      "mode": "managed",
      "type": "azurerm_private_endpoint",
      "name": "pnp_spoke_data_st_web_pep",
      "provider": "provider[\"registry.terraform.io/hashicorp/azurerm\"]",
      "instances": [
        {
          "schema_version": 0,
          "attributes": {
            "custom_dns_configs": [],
            "custom_network_interface_name": "",
            "id": "/subscriptions/187d0279-23aa-4f7d-9f3f-fc1a8ac639d5/resourceGroups/PNP-SPOKE-RG/providers/Microsoft.Network/privateEndpoints/PNP-SPOKE-DATA-ST-WEB-PEP",
            "ip_configuration": [],
            "location": "koreacentral",
            "name": "PNP-SPOKE-DATA-ST-WEB-PEP",
            "network_interface": [
              {
                "id": "/subscriptions/187d0279-23aa-4f7d-9f3f-fc1a8ac639d5/resourceGroups/PNP-SPOKE-RG/providers/Microsoft.Network/networkInterfaces/PNP-SPOKE-DATA-ST-WEB-PEP.nic.5de24bc1-09fd-43b7-b096-444533fd89bf",
                "name": "PNP-SPOKE-DATA-ST-WEB-PEP.nic.5de24bc1-09fd-43b7-b096-444533fd89bf"
              }
            ],
            "private_dns_zone_configs": [
              {
                "id": "/subscriptions/187d0279-23aa-4f7d-9f3f-fc1a8ac639d5/resourceGroups/PNP-SPOKE-RG/providers/Microsoft.Network/privateEndpoints/PNP-SPOKE-DATA-ST-WEB-PEP/privateDnsZoneGroups/default/privateDnsZoneConfigs/privatelink.web.core.windows.net",
                "name": "privatelink.web.core.windows.net",
                "private_dns_zone_id": "/subscriptions/187d0279-23aa-4f7d-9f3f-fc1a8ac639d5/resourceGroups/PNP-SPOKE-RG/providers/Microsoft.Network/privateDnsZones/privatelink.web.core.windows.net",
                "record_sets": [
                  {
                    "fqdn": "pnpspokedataadlsd01.privatelink.web.core.windows.net",
                    "ip_addresses": [
                      "10.1.2.4"
                    ],
                    "name": "pnpspokedataadlsd01",
                    "ttl": 10,
                    "type": "A"
                  }
                ]
              }
            ],
            "private_dns_zone_group": [
              {
                "id": "/subscriptions/187d0279-23aa-4f7d-9f3f-fc1a8ac639d5/resourceGroups/PNP-SPOKE-RG/providers/Microsoft.Network/privateEndpoints/PNP-SPOKE-DATA-ST-WEB-PEP/privateDnsZoneGroups/default",
                "name": "default",
                "private_dns_zone_ids": [
                  "/subscriptions/187d0279-23aa-4f7d-9f3f-fc1a8ac639d5/resourceGroups/PNP-SPOKE-RG/providers/Microsoft.Network/privateDnsZones/privatelink.web.core.windows.net"
                ]
              }
            ],
            "private_service_connection": [
              {
                "is_manual_connection": false,
                "name": "example-storage-pe-connection",
                "private_connection_resource_alias": "",
                "private_connection_resource_id": "/subscriptions/187d0279-23aa-4f7d-9f3f-fc1a8ac639d5/resourceGroups/PNP-SPOKE-RG/providers/Microsoft.Storage/storageAccounts/pnpspokedataadlsd01",
                "private_ip_address": "10.1.2.4",
                "request_message": "",
                "subresource_names": [
                  "web"
                ]
              }
            ],
            "resource_group_name": "PNP-SPOKE-RG",
            "subnet_id": "/subscriptions/187d0279-23aa-4f7d-9f3f-fc1a8ac639d5/resourceGroups/PNP-SPOKE-RG/providers/Microsoft.Network/virtualNetworks/pnp_spoke_vnet/subnets/PNP-SPOKE-DATA-ST-PEP-SUBNET",
            "tags": {},
            "timeouts": null
          },
          "sensitive_attributes": [],
          "private": "eyJlMmJmYjczMC1lY2FhLTExZTYtOGY4OC0zNDM2M2JjN2M0YzAiOnsiY3JlYXRlIjozNjAwMDAwMDAwMDAwLCJkZWxldGUiOjM2MDAwMDAwMDAwMDAsInJlYWQiOjMwMDAwMDAwMDAwMCwidXBkYXRlIjozNjAwMDAwMDAwMDAwfX0=",
          "dependencies": [
            "module.datalake_module.azurerm_private_dns_zone.pnp_spoke_adls_web_dns_zone",
            "module.datalake_module.azurerm_storage_account.pnp_spoke_data_adls_d01",
            "module.network.azurerm_subnet.pnp_hub_bastion_pep_subnet",
            "module.network.azurerm_subnet.pnp_hub_iot_pep_subnet",
            "module.network.azurerm_subnet.pnp_hub_plh_pep_subnet",
            "module.network.azurerm_subnet.pnp_spoke_data_st_pep_subnet",
            "module.network.azurerm_subnet.pnp_spoke_syn_pep_subnet",
            "module.network.azurerm_virtual_network.pnp_hub_vnet",
            "module.network.azurerm_virtual_network.pnp_spoke_vnet",
            "module.network.azurerm_virtual_network_peering.peer_hub_to_spoke",
            "module.network.azurerm_virtual_network_peering.peer_spoke_to_hub",
            "module.resource_group.azurerm_resource_group.pnp_hub_rg",
            "module.resource_group.azurerm_resource_group.pnp_spoke_rg"
          ]
        }
      ]
    },
    {
      "module": "module.datalake_module[0]",
      "mode": "managed",
      "type": "azurerm_storage_account",
      "name": "pnp_spoke_data_adls_d01",
      "provider": "provider[\"registry.terraform.io/hashicorp/azurerm\"]",
      "instances": [
        {
          "schema_version": 4,
          "attributes": {
            "access_tier": "",
            "account_kind": "BlockBlobStorage",
            "account_replication_type": "LRS",
            "account_tier": "Premium",
            "allow_nested_items_to_be_public": true,
            "allowed_copy_scope": "",
            "azure_files_authentication": [],
            "blob_properties": [
              {
                "change_feed_enabled": false,
                "change_feed_retention_in_days": 0,
                "container_delete_retention_policy": [],
                "cors_rule": [],
                "default_service_version": "",
                "delete_retention_policy": [],
                "last_access_time_enabled": false,
                "restore_policy": [],
                "versioning_enabled": false
              }
            ],
            "cross_tenant_replication_enabled": true,
            "custom_domain": [],
            "customer_managed_key": [],
            "default_to_oauth_authentication": false,
            "edge_zone": "",
            "enable_https_traffic_only": true,
            "id": "/subscriptions/187d0279-23aa-4f7d-9f3f-fc1a8ac639d5/resourceGroups/PNP-SPOKE-RG/providers/Microsoft.Storage/storageAccounts/pnpspokedataadlsd01",
            "identity": [],
            "immutability_policy": [],
            "infrastructure_encryption_enabled": false,
            "is_hns_enabled": true,
            "large_file_share_enabled": null,
            "location": "koreacentral",
            "min_tls_version": "TLS1_2",
            "name": "pnpspokedataadlsd01",
            "network_rules": [
              {
                "bypass": [
                  "AzureServices"
                ],
                "default_action": "Allow",
                "ip_rules": [],
                "private_link_access": [],
                "virtual_network_subnet_ids": []
              }
            ],
            "nfsv3_enabled": false,
            "primary_access_key": "FdAc6Cz0m46ccVVW8lOsYi2pm1fAuHV56MAUYTOMvbo0GLfLPc0VIoE0jTtjbEhGvG3L5vWjaBuM+AStQMH2kg==",
            "primary_blob_connection_string": "DefaultEndpointsProtocol=https;BlobEndpoint=https://pnpspokedataadlsd01.blob.core.windows.net/;AccountName=pnpspokedataadlsd01;AccountKey=FdAc6Cz0m46ccVVW8lOsYi2pm1fAuHV56MAUYTOMvbo0GLfLPc0VIoE0jTtjbEhGvG3L5vWjaBuM+AStQMH2kg==",
            "primary_blob_endpoint": "https://pnpspokedataadlsd01.blob.core.windows.net/",
            "primary_blob_host": "pnpspokedataadlsd01.blob.core.windows.net",
            "primary_blob_internet_endpoint": null,
            "primary_blob_internet_host": null,
            "primary_blob_microsoft_endpoint": null,
            "primary_blob_microsoft_host": null,
            "primary_connection_string": "DefaultEndpointsProtocol=https;AccountName=pnpspokedataadlsd01;AccountKey=FdAc6Cz0m46ccVVW8lOsYi2pm1fAuHV56MAUYTOMvbo0GLfLPc0VIoE0jTtjbEhGvG3L5vWjaBuM+AStQMH2kg==;EndpointSuffix=core.windows.net",
            "primary_dfs_endpoint": "https://pnpspokedataadlsd01.dfs.core.windows.net/",
            "primary_dfs_host": "pnpspokedataadlsd01.dfs.core.windows.net",
            "primary_dfs_internet_endpoint": null,
            "primary_dfs_internet_host": null,
            "primary_dfs_microsoft_endpoint": null,
            "primary_dfs_microsoft_host": null,
            "primary_file_endpoint": "",
            "primary_file_host": "",
            "primary_file_internet_endpoint": null,
            "primary_file_internet_host": null,
            "primary_file_microsoft_endpoint": null,
            "primary_file_microsoft_host": null,
            "primary_location": "koreacentral",
            "primary_queue_endpoint": "",
            "primary_queue_host": "",
            "primary_queue_microsoft_endpoint": null,
            "primary_queue_microsoft_host": null,
            "primary_table_endpoint": "",
            "primary_table_host": "",
            "primary_table_microsoft_endpoint": null,
            "primary_table_microsoft_host": null,
            "primary_web_endpoint": "https://pnpspokedataadlsd01.z12.web.core.windows.net/",
            "primary_web_host": "pnpspokedataadlsd01.z12.web.core.windows.net",
            "primary_web_internet_endpoint": null,
            "primary_web_internet_host": null,
            "primary_web_microsoft_endpoint": null,
            "primary_web_microsoft_host": null,
            "public_network_access_enabled": true,
            "queue_encryption_key_type": "Service",
            "queue_properties": [],
            "resource_group_name": "PNP-SPOKE-RG",
            "routing": [],
            "sas_policy": [],
            "secondary_access_key": "7eelbAg3OYjXqaoiQ7GDUD802yxs2eNnX6ABmc1sR6b+H5C4yKX4m9P4U+XJtuxQsm+kVnWUhNXr+ASt4KoIug==",
            "secondary_blob_connection_string": "",
            "secondary_blob_endpoint": null,
            "secondary_blob_host": null,
            "secondary_blob_internet_endpoint": null,
            "secondary_blob_internet_host": null,
            "secondary_blob_microsoft_endpoint": null,
            "secondary_blob_microsoft_host": null,
            "secondary_connection_string": "DefaultEndpointsProtocol=https;AccountName=pnpspokedataadlsd01;AccountKey=7eelbAg3OYjXqaoiQ7GDUD802yxs2eNnX6ABmc1sR6b+H5C4yKX4m9P4U+XJtuxQsm+kVnWUhNXr+ASt4KoIug==;EndpointSuffix=core.windows.net",
            "secondary_dfs_endpoint": null,
            "secondary_dfs_host": null,
            "secondary_dfs_internet_endpoint": null,
            "secondary_dfs_internet_host": null,
            "secondary_dfs_microsoft_endpoint": null,
            "secondary_dfs_microsoft_host": null,
            "secondary_file_endpoint": null,
            "secondary_file_host": null,
            "secondary_file_internet_endpoint": null,
            "secondary_file_internet_host": null,
            "secondary_file_microsoft_endpoint": null,
            "secondary_file_microsoft_host": null,
            "secondary_location": "",
            "secondary_queue_endpoint": null,
            "secondary_queue_host": null,
            "secondary_queue_microsoft_endpoint": null,
            "secondary_queue_microsoft_host": null,
            "secondary_table_endpoint": null,
            "secondary_table_host": null,
            "secondary_table_microsoft_endpoint": null,
            "secondary_table_microsoft_host": null,
            "secondary_web_endpoint": null,
            "secondary_web_host": null,
            "secondary_web_internet_endpoint": null,
            "secondary_web_internet_host": null,
            "secondary_web_microsoft_endpoint": null,
            "secondary_web_microsoft_host": null,
            "sftp_enabled": false,
            "share_properties": [],
            "shared_access_key_enabled": true,
            "static_website": [],
            "table_encryption_key_type": "Service",
            "tags": {},
            "timeouts": null
          },
          "sensitive_attributes": [],
          "private": "eyJlMmJmYjczMC1lY2FhLTExZTYtOGY4OC0zNDM2M2JjN2M0YzAiOnsiY3JlYXRlIjozNjAwMDAwMDAwMDAwLCJkZWxldGUiOjM2MDAwMDAwMDAwMDAsInJlYWQiOjMwMDAwMDAwMDAwMCwidXBkYXRlIjozNjAwMDAwMDAwMDAwfSwic2NoZW1hX3ZlcnNpb24iOiI0In0=",
          "dependencies": [
            "module.network.azurerm_subnet.pnp_hub_bastion_pep_subnet",
            "module.network.azurerm_subnet.pnp_hub_iot_pep_subnet",
            "module.network.azurerm_subnet.pnp_hub_plh_pep_subnet",
            "module.network.azurerm_subnet.pnp_spoke_data_st_pep_subnet",
            "module.network.azurerm_subnet.pnp_spoke_syn_pep_subnet",
            "module.network.azurerm_virtual_network.pnp_hub_vnet",
            "module.network.azurerm_virtual_network.pnp_spoke_vnet",
            "module.network.azurerm_virtual_network_peering.peer_hub_to_spoke",
            "module.network.azurerm_virtual_network_peering.peer_spoke_to_hub",
            "module.resource_group.azurerm_resource_group.pnp_hub_rg",
            "module.resource_group.azurerm_resource_group.pnp_spoke_rg"
          ]
        }
      ]
    },
    {
      "module": "module.function_module[0]",
      "mode": "managed",
      "type": "azurerm_application_insights",
      "name": "pnp_hub_app_insight_c01",
      "provider": "provider[\"registry.terraform.io/hashicorp/azurerm\"]",
      "instances": [
        {
          "schema_version": 1,
          "attributes": {
            "app_id": "b7c402d5-d2b0-4271-83b6-a01eb3b5f593",
            "application_type": "web",
            "connection_string": "InstrumentationKey=9b1d6875-70c1-479d-baec-0ef49d4fb01c;IngestionEndpoint=https://koreacentral-0.in.applicationinsights.azure.com/;LiveEndpoint=https://koreacentral.livediagnostics.monitor.azure.com/",
            "daily_data_cap_in_gb": 100,
            "daily_data_cap_notifications_disabled": false,
            "disable_ip_masking": false,
            "force_customer_storage_for_profiler": false,
            "id": "/subscriptions/187d0279-23aa-4f7d-9f3f-fc1a8ac639d5/resourceGroups/PNP-HUB-RG/providers/Microsoft.Insights/components/PNP-HUB-APP-INSIGHT-C01",
            "instrumentation_key": "9b1d6875-70c1-479d-baec-0ef49d4fb01c",
            "internet_ingestion_enabled": true,
            "internet_query_enabled": true,
            "local_authentication_disabled": false,
            "location": "koreacentral",
            "name": "PNP-HUB-APP-INSIGHT-C01",
            "resource_group_name": "PNP-HUB-RG",
            "retention_in_days": 90,
            "sampling_percentage": 100,
            "tags": {},
            "timeouts": null,
            "workspace_id": ""
          },
          "sensitive_attributes": [],
          "private": "eyJlMmJmYjczMC1lY2FhLTExZTYtOGY4OC0zNDM2M2JjN2M0YzAiOnsiY3JlYXRlIjozNjAwMDAwMDAwMDAwLCJkZWxldGUiOjE4MDAwMDAwMDAwMDAsInJlYWQiOjMwMDAwMDAwMDAwMCwidXBkYXRlIjoxODAwMDAwMDAwMDAwfSwic2NoZW1hX3ZlcnNpb24iOiIxIn0=",
          "dependencies": [
            "module.network.azurerm_subnet.pnp_hub_bastion_pep_subnet",
            "module.network.azurerm_subnet.pnp_hub_iot_pep_subnet",
            "module.network.azurerm_subnet.pnp_hub_plh_pep_subnet",
            "module.network.azurerm_subnet.pnp_spoke_data_st_pep_subnet",
            "module.network.azurerm_subnet.pnp_spoke_syn_pep_subnet",
            "module.network.azurerm_virtual_network.pnp_hub_vnet",
            "module.network.azurerm_virtual_network.pnp_spoke_vnet",
            "module.network.azurerm_virtual_network_peering.peer_hub_to_spoke",
            "module.network.azurerm_virtual_network_peering.peer_spoke_to_hub",
            "module.resource_group.azurerm_resource_group.pnp_hub_rg",
            "module.resource_group.azurerm_resource_group.pnp_spoke_rg"
          ]
        }
      ]
    },
    {
      "module": "module.function_module[0]",
      "mode": "managed",
      "type": "azurerm_linux_function_app",
      "name": "pnp_hub_function_app",
      "provider": "provider[\"registry.terraform.io/hashicorp/azurerm\"]",
      "instances": [
        {
          "schema_version": 0,
          "attributes": {
            "app_settings": {
              "FUNCTIONS_WORKER_RUNTIME": "python",
              "SCM_DO_BUILD_DURING_DEPLOYMENT": "true"
            },
            "auth_settings": [],
            "auth_settings_v2": [],
            "backup": [],
            "builtin_logging_enabled": true,
            "client_certificate_enabled": false,
            "client_certificate_exclusion_paths": "",
            "client_certificate_mode": "Optional",
            "connection_string": [],
            "content_share_force_disabled": false,
            "custom_domain_verification_id": "E24A8840EF44C7FEBD41B9F07D4C205CEA538C9209594A815ECE52EF0C67735E",
            "daily_memory_time_quota": 0,
            "default_hostname": "pnp-hub-device-to-cloud-func.azurewebsites.net",
            "enabled": true,
            "ftp_publish_basic_authentication_enabled": true,
            "functions_extension_version": "~4",
            "hosting_environment_id": "",
            "https_only": false,
            "id": "/subscriptions/187d0279-23aa-4f7d-9f3f-fc1a8ac639d5/resourceGroups/PNP-HUB-RG/providers/Microsoft.Web/sites/pnp-hub-device-to-cloud-func",
            "identity": [],
            "key_vault_reference_identity_id": "SystemAssigned",
            "kind": "functionapp,linux",
            "location": "koreacentral",
            "name": "pnp-hub-device-to-cloud-func",
            "outbound_ip_address_list": [
              "20.196.228.38",
              "20.196.246.45",
              "20.196.246.81",
              "20.196.246.105",
              "20.196.246.109",
              "20.196.231.93",
              "20.200.197.2"
            ],
            "outbound_ip_addresses": "20.196.228.38,20.196.246.45,20.196.246.81,20.196.246.105,20.196.246.109,20.196.231.93,20.200.197.2",
            "possible_outbound_ip_address_list": [
              "20.196.228.38",
              "20.196.246.45",
              "20.196.246.81",
              "20.196.246.105",
              "20.196.246.109",
              "20.196.231.93",
              "20.196.246.125",
              "20.196.226.147",
              "20.196.246.173",
              "20.196.246.177",
              "20.196.246.250",
              "20.196.240.2",
              "20.196.247.36",
              "20.196.227.122",
              "20.196.247.87",
              "20.196.224.69",
              "20.196.245.194",
              "20.196.246.67",
              "20.196.246.157",
              "20.196.247.92",
              "20.196.247.101",
              "20.196.247.103",
              "20.196.247.106",
              "20.196.247.132",
              "20.200.197.2"
            ],
            "possible_outbound_ip_addresses": "20.196.228.38,20.196.246.45,20.196.246.81,20.196.246.105,20.196.246.109,20.196.231.93,20.196.246.125,20.196.226.147,20.196.246.173,20.196.246.177,20.196.246.250,20.196.240.2,20.196.247.36,20.196.227.122,20.196.247.87,20.196.224.69,20.196.245.194,20.196.246.67,20.196.246.157,20.196.247.92,20.196.247.101,20.196.247.103,20.196.247.106,20.196.247.132,20.200.197.2",
            "public_network_access_enabled": true,
            "resource_group_name": "PNP-HUB-RG",
            "service_plan_id": "/subscriptions/187d0279-23aa-4f7d-9f3f-fc1a8ac639d5/resourceGroups/PNP-HUB-RG/providers/Microsoft.Web/serverfarms/pnp-hub-app-plan",
            "site_config": [
              {
                "always_on": false,
                "api_definition_url": "",
                "api_management_api_id": "",
                "app_command_line": "",
                "app_scale_limit": 0,
                "app_service_logs": [],
                "application_insights_connection_string": "",
                "application_insights_key": "9b1d6875-70c1-479d-baec-0ef49d4fb01c",
                "application_stack": [
                  {
                    "docker": [],
                    "dotnet_version": "",
                    "java_version": "",
                    "node_version": "",
                    "powershell_core_version": "",
                    "python_version": "3.11",
                    "use_custom_runtime": false,
                    "use_dotnet_isolated_runtime": false
                  }
                ],
                "container_registry_managed_identity_client_id": "",
                "container_registry_use_managed_identity": false,
                "cors": [
                  {
                    "allowed_origins": [
                      "https://portal.azure.com"
                    ],
                    "support_credentials": false
                  }
                ],
                "default_documents": [
                  "Default.htm",
                  "Default.html",
                  "Default.asp",
                  "index.htm",
                  "index.html",
                  "iisstart.htm",
                  "default.aspx",
                  "index.php"
                ],
                "detailed_error_logging_enabled": false,
                "elastic_instance_minimum": 0,
                "ftps_state": "Disabled",
                "health_check_eviction_time_in_min": 0,
                "health_check_path": "",
                "http2_enabled": false,
                "ip_restriction": [],
                "linux_fx_version": "PYTHON|3.11",
                "load_balancing_mode": "LeastRequests",
                "managed_pipeline_mode": "Integrated",
                "minimum_tls_version": "1.2",
                "pre_warmed_instance_count": 0,
                "remote_debugging_enabled": false,
                "remote_debugging_version": "",
                "runtime_scale_monitoring_enabled": false,
                "scm_ip_restriction": [],
                "scm_minimum_tls_version": "1.2",
                "scm_type": "None",
                "scm_use_main_ip_restriction": false,
                "use_32_bit_worker": false,
                "vnet_route_all_enabled": false,
                "websockets_enabled": false,
                "worker_count": 1
              }
            ],
            "site_credential": [
              {
                "name": "$pnp-hub-device-to-cloud-func",
                "password": "22nMwGZk8TctnvDj5oQJffsYTAdBxsEpib3opkfq35GTfjcnJ1bwM9YZxkrM"
              }
            ],
            "sticky_settings": [],
            "storage_account": [],
            "storage_account_access_key": "HLdWrC969/om7jqLZpWkZXSIw7LP8yQG470M6GiB3/UUCpE4GJ4dR+JELpQ6HQuSTHeso72GMzqm+AStMuIlMg==",
            "storage_account_name": "pnphubfuncadlsc01",
            "storage_key_vault_secret_id": "",
            "storage_uses_managed_identity": false,
            "tags": {},
            "timeouts": null,
            "virtual_network_subnet_id": "",
            "webdeploy_publish_basic_authentication_enabled": true,
            "zip_deploy_file": ""
          },
          "sensitive_attributes": [
            [
              {
                "type": "get_attr",
                "value": "storage_account_access_key"
              }
            ]
          ],
          "private": "eyJlMmJmYjczMC1lY2FhLTExZTYtOGY4OC0zNDM2M2JjN2M0YzAiOnsiY3JlYXRlIjoxODAwMDAwMDAwMDAwLCJkZWxldGUiOjE4MDAwMDAwMDAwMDAsInJlYWQiOjMwMDAwMDAwMDAwMCwidXBkYXRlIjoxODAwMDAwMDAwMDAwfX0=",
          "dependencies": [
            "module.function_module.azurerm_application_insights.pnp_hub_app_insight_c01",
            "module.function_module.azurerm_service_plan.pnp-hub-app-plan",
            "module.function_module.azurerm_storage_account.pnp_hub_func_adls_d01",
            "module.network.azurerm_subnet.pnp_hub_bastion_pep_subnet",
            "module.network.azurerm_subnet.pnp_hub_iot_pep_subnet",
            "module.network.azurerm_subnet.pnp_hub_plh_pep_subnet",
            "module.network.azurerm_subnet.pnp_spoke_data_st_pep_subnet",
            "module.network.azurerm_subnet.pnp_spoke_syn_pep_subnet",
            "module.network.azurerm_virtual_network.pnp_hub_vnet",
            "module.network.azurerm_virtual_network.pnp_spoke_vnet",
            "module.network.azurerm_virtual_network_peering.peer_hub_to_spoke",
            "module.network.azurerm_virtual_network_peering.peer_spoke_to_hub",
            "module.resource_group.azurerm_resource_group.pnp_hub_rg",
            "module.resource_group.azurerm_resource_group.pnp_spoke_rg"
          ]
        }
      ]
    },
    {
      "module": "module.function_module[0]",
      "mode": "managed",
      "type": "azurerm_service_plan",
      "name": "pnp-hub-app-plan",
      "provider": "provider[\"registry.terraform.io/hashicorp/azurerm\"]",
      "instances": [
        {
          "schema_version": 0,
          "attributes": {
            "app_service_environment_id": "",
            "id": "/subscriptions/187d0279-23aa-4f7d-9f3f-fc1a8ac639d5/resourceGroups/PNP-HUB-RG/providers/Microsoft.Web/serverfarms/pnp-hub-app-plan",
            "kind": "linux",
            "location": "koreacentral",
            "maximum_elastic_worker_count": 1,
            "name": "pnp-hub-app-plan",
            "os_type": "Linux",
            "per_site_scaling_enabled": false,
            "reserved": true,
            "resource_group_name": "PNP-HUB-RG",
            "sku_name": "S1",
            "tags": {},
            "timeouts": null,
            "worker_count": 1,
            "zone_balancing_enabled": false
          },
          "sensitive_attributes": [],
          "private": "eyJlMmJmYjczMC1lY2FhLTExZTYtOGY4OC0zNDM2M2JjN2M0YzAiOnsiY3JlYXRlIjozNjAwMDAwMDAwMDAwLCJkZWxldGUiOjM2MDAwMDAwMDAwMDAsInJlYWQiOjMwMDAwMDAwMDAwMCwidXBkYXRlIjozNjAwMDAwMDAwMDAwfX0=",
          "dependencies": [
            "module.network.azurerm_subnet.pnp_hub_bastion_pep_subnet",
            "module.network.azurerm_subnet.pnp_hub_iot_pep_subnet",
            "module.network.azurerm_subnet.pnp_hub_plh_pep_subnet",
            "module.network.azurerm_subnet.pnp_spoke_data_st_pep_subnet",
            "module.network.azurerm_subnet.pnp_spoke_syn_pep_subnet",
            "module.network.azurerm_virtual_network.pnp_hub_vnet",
            "module.network.azurerm_virtual_network.pnp_spoke_vnet",
            "module.network.azurerm_virtual_network_peering.peer_hub_to_spoke",
            "module.network.azurerm_virtual_network_peering.peer_spoke_to_hub",
            "module.resource_group.azurerm_resource_group.pnp_hub_rg",
            "module.resource_group.azurerm_resource_group.pnp_spoke_rg"
          ]
        }
      ]
    },
    {
      "module": "module.function_module[0]",
      "mode": "managed",
      "type": "azurerm_storage_account",
      "name": "pnp_hub_func_adls_d01",
      "provider": "provider[\"registry.terraform.io/hashicorp/azurerm\"]",
      "instances": [
        {
          "schema_version": 4,
          "attributes": {
            "access_tier": "",
            "account_kind": "BlockBlobStorage",
            "account_replication_type": "LRS",
            "account_tier": "Premium",
            "allow_nested_items_to_be_public": true,
            "allowed_copy_scope": "",
            "azure_files_authentication": [],
            "blob_properties": [
              {
                "change_feed_enabled": false,
                "change_feed_retention_in_days": 0,
                "container_delete_retention_policy": [],
                "cors_rule": [],
                "default_service_version": "",
                "delete_retention_policy": [],
                "last_access_time_enabled": false,
                "restore_policy": [],
                "versioning_enabled": false
              }
            ],
            "cross_tenant_replication_enabled": true,
            "custom_domain": [],
            "customer_managed_key": [],
            "default_to_oauth_authentication": false,
            "edge_zone": "",
            "enable_https_traffic_only": true,
            "id": "/subscriptions/187d0279-23aa-4f7d-9f3f-fc1a8ac639d5/resourceGroups/PNP-HUB-RG/providers/Microsoft.Storage/storageAccounts/pnphubfuncadlsc01",
            "identity": [],
            "immutability_policy": [],
            "infrastructure_encryption_enabled": false,
            "is_hns_enabled": true,
            "large_file_share_enabled": null,
            "location": "koreacentral",
            "min_tls_version": "TLS1_2",
            "name": "pnphubfuncadlsc01",
            "network_rules": [
              {
                "bypass": [
                  "AzureServices"
                ],
                "default_action": "Allow",
                "ip_rules": [],
                "private_link_access": [],
                "virtual_network_subnet_ids": []
              }
            ],
            "nfsv3_enabled": false,
            "primary_access_key": "HLdWrC969/om7jqLZpWkZXSIw7LP8yQG470M6GiB3/UUCpE4GJ4dR+JELpQ6HQuSTHeso72GMzqm+AStMuIlMg==",
            "primary_blob_connection_string": "DefaultEndpointsProtocol=https;BlobEndpoint=https://pnphubfuncadlsc01.blob.core.windows.net/;AccountName=pnphubfuncadlsc01;AccountKey=HLdWrC969/om7jqLZpWkZXSIw7LP8yQG470M6GiB3/UUCpE4GJ4dR+JELpQ6HQuSTHeso72GMzqm+AStMuIlMg==",
            "primary_blob_endpoint": "https://pnphubfuncadlsc01.blob.core.windows.net/",
            "primary_blob_host": "pnphubfuncadlsc01.blob.core.windows.net",
            "primary_blob_internet_endpoint": null,
            "primary_blob_internet_host": null,
            "primary_blob_microsoft_endpoint": null,
            "primary_blob_microsoft_host": null,
            "primary_connection_string": "DefaultEndpointsProtocol=https;AccountName=pnphubfuncadlsc01;AccountKey=HLdWrC969/om7jqLZpWkZXSIw7LP8yQG470M6GiB3/UUCpE4GJ4dR+JELpQ6HQuSTHeso72GMzqm+AStMuIlMg==;EndpointSuffix=core.windows.net",
            "primary_dfs_endpoint": "https://pnphubfuncadlsc01.dfs.core.windows.net/",
            "primary_dfs_host": "pnphubfuncadlsc01.dfs.core.windows.net",
            "primary_dfs_internet_endpoint": null,
            "primary_dfs_internet_host": null,
            "primary_dfs_microsoft_endpoint": null,
            "primary_dfs_microsoft_host": null,
            "primary_file_endpoint": "",
            "primary_file_host": "",
            "primary_file_internet_endpoint": null,
            "primary_file_internet_host": null,
            "primary_file_microsoft_endpoint": null,
            "primary_file_microsoft_host": null,
            "primary_location": "koreacentral",
            "primary_queue_endpoint": "",
            "primary_queue_host": "",
            "primary_queue_microsoft_endpoint": null,
            "primary_queue_microsoft_host": null,
            "primary_table_endpoint": "",
            "primary_table_host": "",
            "primary_table_microsoft_endpoint": null,
            "primary_table_microsoft_host": null,
            "primary_web_endpoint": "https://pnphubfuncadlsc01.z12.web.core.windows.net/",
            "primary_web_host": "pnphubfuncadlsc01.z12.web.core.windows.net",
            "primary_web_internet_endpoint": null,
            "primary_web_internet_host": null,
            "primary_web_microsoft_endpoint": null,
            "primary_web_microsoft_host": null,
            "public_network_access_enabled": true,
            "queue_encryption_key_type": "Service",
            "queue_properties": [],
            "resource_group_name": "PNP-HUB-RG",
            "routing": [],
            "sas_policy": [],
            "secondary_access_key": "d16pFYLFXRvrT+7wupnZXiAJSVQuZEQ9JkF1GwieyTEUsD3IQuHs63Ya0QCClaUZfH1CtF8H55gd+ASt0Kibag==",
            "secondary_blob_connection_string": "",
            "secondary_blob_endpoint": null,
            "secondary_blob_host": null,
            "secondary_blob_internet_endpoint": null,
            "secondary_blob_internet_host": null,
            "secondary_blob_microsoft_endpoint": null,
            "secondary_blob_microsoft_host": null,
            "secondary_connection_string": "DefaultEndpointsProtocol=https;AccountName=pnphubfuncadlsc01;AccountKey=d16pFYLFXRvrT+7wupnZXiAJSVQuZEQ9JkF1GwieyTEUsD3IQuHs63Ya0QCClaUZfH1CtF8H55gd+ASt0Kibag==;EndpointSuffix=core.windows.net",
            "secondary_dfs_endpoint": null,
            "secondary_dfs_host": null,
            "secondary_dfs_internet_endpoint": null,
            "secondary_dfs_internet_host": null,
            "secondary_dfs_microsoft_endpoint": null,
            "secondary_dfs_microsoft_host": null,
            "secondary_file_endpoint": null,
            "secondary_file_host": null,
            "secondary_file_internet_endpoint": null,
            "secondary_file_internet_host": null,
            "secondary_file_microsoft_endpoint": null,
            "secondary_file_microsoft_host": null,
            "secondary_location": "",
            "secondary_queue_endpoint": null,
            "secondary_queue_host": null,
            "secondary_queue_microsoft_endpoint": null,
            "secondary_queue_microsoft_host": null,
            "secondary_table_endpoint": null,
            "secondary_table_host": null,
            "secondary_table_microsoft_endpoint": null,
            "secondary_table_microsoft_host": null,
            "secondary_web_endpoint": null,
            "secondary_web_host": null,
            "secondary_web_internet_endpoint": null,
            "secondary_web_internet_host": null,
            "secondary_web_microsoft_endpoint": null,
            "secondary_web_microsoft_host": null,
            "sftp_enabled": false,
            "share_properties": [],
            "shared_access_key_enabled": true,
            "static_website": [],
            "table_encryption_key_type": "Service",
            "tags": {},
            "timeouts": null
          },
          "sensitive_attributes": [],
          "private": "eyJlMmJmYjczMC1lY2FhLTExZTYtOGY4OC0zNDM2M2JjN2M0YzAiOnsiY3JlYXRlIjozNjAwMDAwMDAwMDAwLCJkZWxldGUiOjM2MDAwMDAwMDAwMDAsInJlYWQiOjMwMDAwMDAwMDAwMCwidXBkYXRlIjozNjAwMDAwMDAwMDAwfSwic2NoZW1hX3ZlcnNpb24iOiI0In0=",
          "dependencies": [
            "module.network.azurerm_subnet.pnp_hub_bastion_pep_subnet",
            "module.network.azurerm_subnet.pnp_hub_iot_pep_subnet",
            "module.network.azurerm_subnet.pnp_hub_plh_pep_subnet",
            "module.network.azurerm_subnet.pnp_spoke_data_st_pep_subnet",
            "module.network.azurerm_subnet.pnp_spoke_syn_pep_subnet",
            "module.network.azurerm_virtual_network.pnp_hub_vnet",
            "module.network.azurerm_virtual_network.pnp_spoke_vnet",
            "module.network.azurerm_virtual_network_peering.peer_hub_to_spoke",
            "module.network.azurerm_virtual_network_peering.peer_spoke_to_hub",
            "module.resource_group.azurerm_resource_group.pnp_hub_rg",
            "module.resource_group.azurerm_resource_group.pnp_spoke_rg"
          ]
        }
      ]
    },
    {
      "module": "module.iothub_module[0]",
      "mode": "managed",
      "type": "azurerm_iothub",
      "name": "pnp_data_iot_c01",
      "provider": "provider[\"registry.terraform.io/hashicorp/azurerm\"]",
      "instances": [
        {
          "schema_version": 1,
          "attributes": {
            "cloud_to_device": [
              {
                "default_ttl": "PT1H",
                "feedback": [
                  {
                    "lock_duration": "PT1M",
                    "max_delivery_count": 10,
                    "time_to_live": "PT1H"
                  }
                ],
                "max_delivery_count": 10
              }
            ],
            "endpoint": [],
            "enrichment": [],
            "event_hub_events_endpoint": "sb://iothub-ns-pnp-data-i-25404878-664e4d88a8.servicebus.windows.net/",
            "event_hub_events_namespace": "iothub-ns-pnp-data-i-25404878-664e4d88a8",
            "event_hub_events_path": "pnp-data-iot-c01",
            "event_hub_operations_endpoint": null,
            "event_hub_operations_path": null,
            "event_hub_partition_count": 4,
            "event_hub_retention_in_days": 1,
            "fallback_route": [
              {
                "condition": "true",
                "enabled": true,
                "endpoint_names": [
                  "events"
                ],
                "source": "DeviceMessages"
              }
            ],
            "file_upload": [],
            "hostname": "PNP-DATA-IOT-C01.azure-devices.net",
            "id": "/subscriptions/187d0279-23aa-4f7d-9f3f-fc1a8ac639d5/resourceGroups/PNP-HUB-RG/providers/Microsoft.Devices/iotHubs/PNP-DATA-IOT-C01",
            "identity": [],
            "local_authentication_enabled": true,
            "location": "koreacentral",
            "min_tls_version": "",
            "name": "PNP-DATA-IOT-C01",
            "network_rule_set": [],
            "public_network_access_enabled": null,
            "resource_group_name": "PNP-HUB-RG",
            "route": [],
            "shared_access_policy": [
              {
                "key_name": "iothubowner",
                "permissions": "RegistryWrite, ServiceConnect, DeviceConnect",
                "primary_key": "5hvdHLmM7qBtZtBmDIJS2fvfHFBzh43ehAIoTE3gJEM=",
                "secondary_key": "2jn9AstbWrp6n075xh3r6pHj0I4/2FpOaAIoTEkCmn8="
              },
              {
                "key_name": "service",
                "permissions": "ServiceConnect",
                "primary_key": "Hvub+ue3L1o9iGSHtuti+3cFmpsBppS82AIoTDmozLg=",
                "secondary_key": "1eM4Jf5FxXOOHA5qBYTKpkrgtpERaHdMcAIoTGwTjtI="
              },
              {
                "key_name": "device",
                "permissions": "DeviceConnect",
                "primary_key": "+rKqWQp6S/vB+LLR+r7FfNr8ho5Hkxeb6AIoTLCdwrs=",
                "secondary_key": "QZ0y5H3nQZ0P1SBNb3sUZXsehNXgynwvzAIoTO88jE0="
              },
              {
                "key_name": "registryRead",
                "permissions": "RegistryRead",
                "primary_key": "1dzmFBySvyQeeyQhUwR5MKZHEmeJJkLYoAIoTCY+Aq0=",
                "secondary_key": "ErTWFaOeuZgjVdTVgIK9r8Cxq5NwLyEUrAIoTN8h6U0="
              },
              {
                "key_name": "registryReadWrite",
                "permissions": "RegistryWrite",
                "primary_key": "5lEWc85w45OiBlw9vV4BF6Ceubl8iqz0cAIoTJsAfQI=",
                "secondary_key": "tjKNYslDAaripDL6Xzpf+IoebptjMyu6FAIoTIlhXag="
              }
            ],
            "sku": [
              {
                "capacity": 1,
                "name": "S1"
              }
            ],
            "tags": {},
            "timeouts": null,
            "type": "Microsoft.Devices/IotHubs"
          },
          "sensitive_attributes": [],
          "private": "eyJlMmJmYjczMC1lY2FhLTExZTYtOGY4OC0zNDM2M2JjN2M0YzAiOnsiY3JlYXRlIjoxODAwMDAwMDAwMDAwLCJkZWxldGUiOjE4MDAwMDAwMDAwMDAsInJlYWQiOjMwMDAwMDAwMDAwMCwidXBkYXRlIjoxODAwMDAwMDAwMDAwfSwic2NoZW1hX3ZlcnNpb24iOiIxIn0=",
          "dependencies": [
            "module.network.azurerm_subnet.pnp_hub_bastion_pep_subnet",
            "module.network.azurerm_subnet.pnp_hub_iot_pep_subnet",
            "module.network.azurerm_subnet.pnp_hub_plh_pep_subnet",
            "module.network.azurerm_subnet.pnp_spoke_data_st_pep_subnet",
            "module.network.azurerm_subnet.pnp_spoke_syn_pep_subnet",
            "module.network.azurerm_virtual_network.pnp_hub_vnet",
            "module.network.azurerm_virtual_network.pnp_spoke_vnet",
            "module.network.azurerm_virtual_network_peering.peer_hub_to_spoke",
            "module.network.azurerm_virtual_network_peering.peer_spoke_to_hub",
            "module.resource_group.azurerm_resource_group.pnp_hub_rg",
            "module.resource_group.azurerm_resource_group.pnp_spoke_rg"
          ]
        }
      ]
    },
    {
      "module": "module.iothub_module[0]",
      "mode": "managed",
      "type": "azurerm_private_dns_zone",
      "name": "iothub_private_dns_zone",
      "provider": "provider[\"registry.terraform.io/hashicorp/azurerm\"]",
      "instances": [
        {
          "schema_version": 0,
          "attributes": {
            "id": "/subscriptions/187d0279-23aa-4f7d-9f3f-fc1a8ac639d5/resourceGroups/PNP-HUB-RG/providers/Microsoft.Network/privateDnsZones/privatelink.azure-devices.net",
            "max_number_of_record_sets": 25000,
            "max_number_of_virtual_network_links": 1000,
            "max_number_of_virtual_network_links_with_registration": 100,
            "name": "privatelink.azure-devices.net",
            "number_of_record_sets": 2,
            "resource_group_name": "PNP-HUB-RG",
            "soa_record": [
              {
                "email": "azureprivatedns-host.microsoft.com",
                "expire_time": 2419200,
                "fqdn": "privatelink.azure-devices.net.",
                "host_name": "azureprivatedns.net",
                "minimum_ttl": 10,
                "refresh_time": 3600,
                "retry_time": 300,
                "serial_number": 1,
                "tags": {},
                "ttl": 3600
              }
            ],
            "tags": {},
            "timeouts": null
          },
          "sensitive_attributes": [],
          "private": "eyJlMmJmYjczMC1lY2FhLTExZTYtOGY4OC0zNDM2M2JjN2M0YzAiOnsiY3JlYXRlIjoxODAwMDAwMDAwMDAwLCJkZWxldGUiOjE4MDAwMDAwMDAwMDAsInJlYWQiOjMwMDAwMDAwMDAwMCwidXBkYXRlIjoxODAwMDAwMDAwMDAwfX0=",
          "dependencies": [
            "module.network.azurerm_subnet.pnp_hub_bastion_pep_subnet",
            "module.network.azurerm_subnet.pnp_hub_iot_pep_subnet",
            "module.network.azurerm_subnet.pnp_hub_plh_pep_subnet",
            "module.network.azurerm_subnet.pnp_spoke_data_st_pep_subnet",
            "module.network.azurerm_subnet.pnp_spoke_syn_pep_subnet",
            "module.network.azurerm_virtual_network.pnp_hub_vnet",
            "module.network.azurerm_virtual_network.pnp_spoke_vnet",
            "module.network.azurerm_virtual_network_peering.peer_hub_to_spoke",
            "module.network.azurerm_virtual_network_peering.peer_spoke_to_hub",
            "module.resource_group.azurerm_resource_group.pnp_hub_rg",
            "module.resource_group.azurerm_resource_group.pnp_spoke_rg"
          ]
        }
      ]
    },
    {
      "module": "module.iothub_module[0]",
      "mode": "managed",
      "type": "azurerm_private_dns_zone",
      "name": "iothub_servicebus_private_dns_zone",
      "provider": "provider[\"registry.terraform.io/hashicorp/azurerm\"]",
      "instances": [
        {
          "schema_version": 0,
          "attributes": {
            "id": "/subscriptions/187d0279-23aa-4f7d-9f3f-fc1a8ac639d5/resourceGroups/PNP-HUB-RG/providers/Microsoft.Network/privateDnsZones/privatelink.servicebus.windows.net",
            "max_number_of_record_sets": 25000,
            "max_number_of_virtual_network_links": 1000,
            "max_number_of_virtual_network_links_with_registration": 100,
            "name": "privatelink.servicebus.windows.net",
            "number_of_record_sets": 2,
            "resource_group_name": "PNP-HUB-RG",
            "soa_record": [
              {
                "email": "azureprivatedns-host.microsoft.com",
                "expire_time": 2419200,
                "fqdn": "privatelink.servicebus.windows.net.",
                "host_name": "azureprivatedns.net",
                "minimum_ttl": 10,
                "refresh_time": 3600,
                "retry_time": 300,
                "serial_number": 1,
                "tags": {},
                "ttl": 3600
              }
            ],
            "tags": {},
            "timeouts": null
          },
          "sensitive_attributes": [],
          "private": "eyJlMmJmYjczMC1lY2FhLTExZTYtOGY4OC0zNDM2M2JjN2M0YzAiOnsiY3JlYXRlIjoxODAwMDAwMDAwMDAwLCJkZWxldGUiOjE4MDAwMDAwMDAwMDAsInJlYWQiOjMwMDAwMDAwMDAwMCwidXBkYXRlIjoxODAwMDAwMDAwMDAwfX0=",
          "dependencies": [
            "module.network.azurerm_subnet.pnp_hub_bastion_pep_subnet",
            "module.network.azurerm_subnet.pnp_hub_iot_pep_subnet",
            "module.network.azurerm_subnet.pnp_hub_plh_pep_subnet",
            "module.network.azurerm_subnet.pnp_spoke_data_st_pep_subnet",
            "module.network.azurerm_subnet.pnp_spoke_syn_pep_subnet",
            "module.network.azurerm_virtual_network.pnp_hub_vnet",
            "module.network.azurerm_virtual_network.pnp_spoke_vnet",
            "module.network.azurerm_virtual_network_peering.peer_hub_to_spoke",
            "module.network.azurerm_virtual_network_peering.peer_spoke_to_hub",
            "module.resource_group.azurerm_resource_group.pnp_hub_rg",
            "module.resource_group.azurerm_resource_group.pnp_spoke_rg"
          ]
        }
      ]
    },
    {
      "module": "module.iothub_module[0]",
      "mode": "managed",
      "type": "azurerm_private_dns_zone_virtual_network_link",
      "name": "iothub_private_dns_zone_link_hub",
      "provider": "provider[\"registry.terraform.io/hashicorp/azurerm\"]",
      "instances": [
        {
          "schema_version": 0,
          "attributes": {
            "id": "/subscriptions/187d0279-23aa-4f7d-9f3f-fc1a8ac639d5/resourceGroups/PNP-HUB-RG/providers/Microsoft.Network/privateDnsZones/privatelink.azure-devices.net/virtualNetworkLinks/link_hub",
            "name": "link_hub",
            "private_dns_zone_name": "privatelink.azure-devices.net",
            "registration_enabled": false,
            "resource_group_name": "PNP-HUB-RG",
            "tags": {},
            "timeouts": null,
            "virtual_network_id": "/subscriptions/187d0279-23aa-4f7d-9f3f-fc1a8ac639d5/resourceGroups/PNP-HUB-RG/providers/Microsoft.Network/virtualNetworks/pnp_hub_vnet"
          },
          "sensitive_attributes": [],
          "private": "eyJlMmJmYjczMC1lY2FhLTExZTYtOGY4OC0zNDM2M2JjN2M0YzAiOnsiY3JlYXRlIjoxODAwMDAwMDAwMDAwLCJkZWxldGUiOjE4MDAwMDAwMDAwMDAsInJlYWQiOjMwMDAwMDAwMDAwMCwidXBkYXRlIjoxODAwMDAwMDAwMDAwfX0=",
          "dependencies": [
            "module.iothub_module.azurerm_private_dns_zone.iothub_private_dns_zone",
            "module.network.azurerm_subnet.pnp_hub_bastion_pep_subnet",
            "module.network.azurerm_subnet.pnp_hub_iot_pep_subnet",
            "module.network.azurerm_subnet.pnp_hub_plh_pep_subnet",
            "module.network.azurerm_subnet.pnp_spoke_data_st_pep_subnet",
            "module.network.azurerm_subnet.pnp_spoke_syn_pep_subnet",
            "module.network.azurerm_virtual_network.pnp_hub_vnet",
            "module.network.azurerm_virtual_network.pnp_spoke_vnet",
            "module.network.azurerm_virtual_network_peering.peer_hub_to_spoke",
            "module.network.azurerm_virtual_network_peering.peer_spoke_to_hub",
            "module.resource_group.azurerm_resource_group.pnp_hub_rg",
            "module.resource_group.azurerm_resource_group.pnp_spoke_rg"
          ]
        }
      ]
    },
    {
      "module": "module.iothub_module[0]",
      "mode": "managed",
      "type": "azurerm_private_dns_zone_virtual_network_link",
      "name": "iothub_servicebus_private_dns_zone_link_hub",
      "provider": "provider[\"registry.terraform.io/hashicorp/azurerm\"]",
      "instances": [
        {
          "schema_version": 0,
          "attributes": {
            "id": "/subscriptions/187d0279-23aa-4f7d-9f3f-fc1a8ac639d5/resourceGroups/PNP-HUB-RG/providers/Microsoft.Network/privateDnsZones/privatelink.servicebus.windows.net/virtualNetworkLinks/link_hub",
            "name": "link_hub",
            "private_dns_zone_name": "privatelink.servicebus.windows.net",
            "registration_enabled": false,
            "resource_group_name": "PNP-HUB-RG",
            "tags": {},
            "timeouts": null,
            "virtual_network_id": "/subscriptions/187d0279-23aa-4f7d-9f3f-fc1a8ac639d5/resourceGroups/PNP-HUB-RG/providers/Microsoft.Network/virtualNetworks/pnp_hub_vnet"
          },
          "sensitive_attributes": [],
          "private": "eyJlMmJmYjczMC1lY2FhLTExZTYtOGY4OC0zNDM2M2JjN2M0YzAiOnsiY3JlYXRlIjoxODAwMDAwMDAwMDAwLCJkZWxldGUiOjE4MDAwMDAwMDAwMDAsInJlYWQiOjMwMDAwMDAwMDAwMCwidXBkYXRlIjoxODAwMDAwMDAwMDAwfX0=",
          "dependencies": [
            "module.iothub_module.azurerm_private_dns_zone.iothub_servicebus_private_dns_zone",
            "module.network.azurerm_subnet.pnp_hub_bastion_pep_subnet",
            "module.network.azurerm_subnet.pnp_hub_iot_pep_subnet",
            "module.network.azurerm_subnet.pnp_hub_plh_pep_subnet",
            "module.network.azurerm_subnet.pnp_spoke_data_st_pep_subnet",
            "module.network.azurerm_subnet.pnp_spoke_syn_pep_subnet",
            "module.network.azurerm_virtual_network.pnp_hub_vnet",
            "module.network.azurerm_virtual_network.pnp_spoke_vnet",
            "module.network.azurerm_virtual_network_peering.peer_hub_to_spoke",
            "module.network.azurerm_virtual_network_peering.peer_spoke_to_hub",
            "module.resource_group.azurerm_resource_group.pnp_hub_rg",
            "module.resource_group.azurerm_resource_group.pnp_spoke_rg"
          ]
        }
      ]
    },
    {
      "module": "module.iothub_module[0]",
      "mode": "managed",
      "type": "azurerm_private_endpoint",
      "name": "pnp_data_iot_c01_pep",
      "provider": "provider[\"registry.terraform.io/hashicorp/azurerm\"]",
      "instances": [
        {
          "schema_version": 0,
          "attributes": {
            "custom_dns_configs": [],
            "custom_network_interface_name": "",
            "id": "/subscriptions/187d0279-23aa-4f7d-9f3f-fc1a8ac639d5/resourceGroups/PNP-HUB-RG/providers/Microsoft.Network/privateEndpoints/PNP-HUB-IOT-IOTHUB-PEP",
            "ip_configuration": [],
            "location": "koreacentral",
            "name": "PNP-HUB-IOT-IOTHUB-PEP",
            "network_interface": [
              {
                "id": "/subscriptions/187d0279-23aa-4f7d-9f3f-fc1a8ac639d5/resourceGroups/PNP-HUB-RG/providers/Microsoft.Network/networkInterfaces/PNP-HUB-IOT-IOTHUB-PEP.nic.136c8763-fa0b-4afd-8cd9-9d117911cda2",
                "name": "PNP-HUB-IOT-IOTHUB-PEP.nic.136c8763-fa0b-4afd-8cd9-9d117911cda2"
              }
            ],
            "private_dns_zone_configs": [
              {
                "id": "/subscriptions/187d0279-23aa-4f7d-9f3f-fc1a8ac639d5/resourceGroups/PNP-HUB-RG/providers/Microsoft.Network/privateEndpoints/PNP-HUB-IOT-IOTHUB-PEP/privateDnsZoneGroups/default/privateDnsZoneConfigs/privatelink.azure-devices.net",
                "name": "privatelink.azure-devices.net",
                "private_dns_zone_id": "/subscriptions/187d0279-23aa-4f7d-9f3f-fc1a8ac639d5/resourceGroups/PNP-HUB-RG/providers/Microsoft.Network/privateDnsZones/privatelink.azure-devices.net",
                "record_sets": [
                  {
                    "fqdn": "PNP-DATA-IOT-C01.privatelink.azure-devices.net",
                    "ip_addresses": [
                      "10.0.2.4"
                    ],
                    "name": "PNP-DATA-IOT-C01",
                    "ttl": 10,
                    "type": "A"
                  }
                ]
              },
              {
                "id": "/subscriptions/187d0279-23aa-4f7d-9f3f-fc1a8ac639d5/resourceGroups/PNP-HUB-RG/providers/Microsoft.Network/privateEndpoints/PNP-HUB-IOT-IOTHUB-PEP/privateDnsZoneGroups/default/privateDnsZoneConfigs/privatelink.servicebus.windows.net",
                "name": "privatelink.servicebus.windows.net",
                "private_dns_zone_id": "/subscriptions/187d0279-23aa-4f7d-9f3f-fc1a8ac639d5/resourceGroups/PNP-HUB-RG/providers/Microsoft.Network/privateDnsZones/privatelink.servicebus.windows.net",
                "record_sets": [
                  {
                    "fqdn": "iothub-ns-pnp-data-i-25404878-664e4d88a8.privatelink.servicebus.windows.net",
                    "ip_addresses": [
                      "10.0.2.5"
                    ],
                    "name": "iothub-ns-pnp-data-i-25404878-664e4d88a8",
                    "ttl": 10,
                    "type": "A"
                  }
                ]
              }
            ],
            "private_dns_zone_group": [
              {
                "id": "/subscriptions/187d0279-23aa-4f7d-9f3f-fc1a8ac639d5/resourceGroups/PNP-HUB-RG/providers/Microsoft.Network/privateEndpoints/PNP-HUB-IOT-IOTHUB-PEP/privateDnsZoneGroups/default",
                "name": "default",
                "private_dns_zone_ids": [
                  "/subscriptions/187d0279-23aa-4f7d-9f3f-fc1a8ac639d5/resourceGroups/PNP-HUB-RG/providers/Microsoft.Network/privateDnsZones/privatelink.azure-devices.net",
                  "/subscriptions/187d0279-23aa-4f7d-9f3f-fc1a8ac639d5/resourceGroups/PNP-HUB-RG/providers/Microsoft.Network/privateDnsZones/privatelink.servicebus.windows.net"
                ]
              }
            ],
            "private_service_connection": [
              {
                "is_manual_connection": false,
                "name": "example-iothub-pe-connection",
                "private_connection_resource_alias": "",
                "private_connection_resource_id": "/subscriptions/187d0279-23aa-4f7d-9f3f-fc1a8ac639d5/resourceGroups/PNP-HUB-RG/providers/Microsoft.Devices/iotHubs/PNP-DATA-IOT-C01",
                "private_ip_address": "10.0.2.4",
                "request_message": "",
                "subresource_names": [
                  "iotHub"
                ]
              }
            ],
            "resource_group_name": "PNP-HUB-RG",
            "subnet_id": "/subscriptions/187d0279-23aa-4f7d-9f3f-fc1a8ac639d5/resourceGroups/PNP-HUB-RG/providers/Microsoft.Network/virtualNetworks/pnp_hub_vnet/subnets/PNP-HUB-IOT-PEP-SUBNET",
            "tags": {},
            "timeouts": null
          },
          "sensitive_attributes": [],
          "private": "eyJlMmJmYjczMC1lY2FhLTExZTYtOGY4OC0zNDM2M2JjN2M0YzAiOnsiY3JlYXRlIjozNjAwMDAwMDAwMDAwLCJkZWxldGUiOjM2MDAwMDAwMDAwMDAsInJlYWQiOjMwMDAwMDAwMDAwMCwidXBkYXRlIjozNjAwMDAwMDAwMDAwfX0=",
          "dependencies": [
            "module.iothub_module.azurerm_iothub.pnp_data_iot_c01",
            "module.iothub_module.azurerm_private_dns_zone.iothub_private_dns_zone",
            "module.iothub_module.azurerm_private_dns_zone.iothub_servicebus_private_dns_zone",
            "module.network.azurerm_subnet.pnp_hub_bastion_pep_subnet",
            "module.network.azurerm_subnet.pnp_hub_iot_pep_subnet",
            "module.network.azurerm_subnet.pnp_hub_plh_pep_subnet",
            "module.network.azurerm_subnet.pnp_spoke_data_st_pep_subnet",
            "module.network.azurerm_subnet.pnp_spoke_syn_pep_subnet",
            "module.network.azurerm_virtual_network.pnp_hub_vnet",
            "module.network.azurerm_virtual_network.pnp_spoke_vnet",
            "module.network.azurerm_virtual_network_peering.peer_hub_to_spoke",
            "module.network.azurerm_virtual_network_peering.peer_spoke_to_hub",
            "module.resource_group.azurerm_resource_group.pnp_hub_rg",
            "module.resource_group.azurerm_resource_group.pnp_spoke_rg"
          ]
        }
      ]
    },
    {
      "module": "module.network[0]",
      "mode": "managed",
      "type": "azurerm_subnet",
      "name": "pnp_hub_bastion_pep_subnet",
      "provider": "provider[\"registry.terraform.io/hashicorp/azurerm\"]",
      "instances": [
        {
          "schema_version": 0,
          "attributes": {
            "address_prefixes": [
              "10.0.1.0/24"
            ],
            "delegation": [],
            "enforce_private_link_endpoint_network_policies": false,
            "enforce_private_link_service_network_policies": false,
            "id": "/subscriptions/187d0279-23aa-4f7d-9f3f-fc1a8ac639d5/resourceGroups/PNP-HUB-RG/providers/Microsoft.Network/virtualNetworks/pnp_hub_vnet/subnets/PNP-HUB-BASTION-PEP-SUBNET",
            "name": "PNP-HUB-BASTION-PEP-SUBNET",
            "private_endpoint_network_policies_enabled": true,
            "private_link_service_network_policies_enabled": true,
            "resource_group_name": "PNP-HUB-RG",
            "service_endpoint_policy_ids": [],
            "service_endpoints": [],
            "timeouts": null,
            "virtual_network_name": "pnp_hub_vnet"
          },
          "sensitive_attributes": [],
          "private": "eyJlMmJmYjczMC1lY2FhLTExZTYtOGY4OC0zNDM2M2JjN2M0YzAiOnsiY3JlYXRlIjoxODAwMDAwMDAwMDAwLCJkZWxldGUiOjE4MDAwMDAwMDAwMDAsInJlYWQiOjMwMDAwMDAwMDAwMCwidXBkYXRlIjoxODAwMDAwMDAwMDAwfX0=",
          "dependencies": [
            "module.network.azurerm_virtual_network.pnp_hub_vnet",
            "module.resource_group.azurerm_resource_group.pnp_hub_rg",
            "module.resource_group.azurerm_resource_group.pnp_spoke_rg"
          ]
        }
      ]
    },
    {
      "module": "module.network[0]",
      "mode": "managed",
      "type": "azurerm_subnet",
      "name": "pnp_hub_iot_pep_subnet",
      "provider": "provider[\"registry.terraform.io/hashicorp/azurerm\"]",
      "instances": [
        {
          "schema_version": 0,
          "attributes": {
            "address_prefixes": [
              "10.0.2.0/24"
            ],
            "delegation": [],
            "enforce_private_link_endpoint_network_policies": false,
            "enforce_private_link_service_network_policies": false,
            "id": "/subscriptions/187d0279-23aa-4f7d-9f3f-fc1a8ac639d5/resourceGroups/PNP-HUB-RG/providers/Microsoft.Network/virtualNetworks/pnp_hub_vnet/subnets/PNP-HUB-IOT-PEP-SUBNET",
            "name": "PNP-HUB-IOT-PEP-SUBNET",
            "private_endpoint_network_policies_enabled": true,
            "private_link_service_network_policies_enabled": true,
            "resource_group_name": "PNP-HUB-RG",
            "service_endpoint_policy_ids": [],
            "service_endpoints": [],
            "timeouts": null,
            "virtual_network_name": "pnp_hub_vnet"
          },
          "sensitive_attributes": [],
          "private": "eyJlMmJmYjczMC1lY2FhLTExZTYtOGY4OC0zNDM2M2JjN2M0YzAiOnsiY3JlYXRlIjoxODAwMDAwMDAwMDAwLCJkZWxldGUiOjE4MDAwMDAwMDAwMDAsInJlYWQiOjMwMDAwMDAwMDAwMCwidXBkYXRlIjoxODAwMDAwMDAwMDAwfX0=",
          "dependencies": [
            "module.network.azurerm_virtual_network.pnp_hub_vnet",
            "module.resource_group.azurerm_resource_group.pnp_hub_rg",
            "module.resource_group.azurerm_resource_group.pnp_spoke_rg"
          ]
        }
      ]
    },
    {
      "module": "module.network[0]",
      "mode": "managed",
      "type": "azurerm_subnet",
      "name": "pnp_hub_plh_pep_subnet",
      "provider": "provider[\"registry.terraform.io/hashicorp/azurerm\"]",
      "instances": [
        {
          "schema_version": 0,
          "attributes": {
            "address_prefixes": [
              "10.0.3.0/24"
            ],
            "delegation": [],
            "enforce_private_link_endpoint_network_policies": false,
            "enforce_private_link_service_network_policies": false,
            "id": "/subscriptions/187d0279-23aa-4f7d-9f3f-fc1a8ac639d5/resourceGroups/PNP-HUB-RG/providers/Microsoft.Network/virtualNetworks/pnp_hub_vnet/subnets/PNP-HUB-PLH-PEP-SUBNET",
            "name": "PNP-HUB-PLH-PEP-SUBNET",
            "private_endpoint_network_policies_enabled": true,
            "private_link_service_network_policies_enabled": true,
            "resource_group_name": "PNP-HUB-RG",
            "service_endpoint_policy_ids": [],
            "service_endpoints": [],
            "timeouts": null,
            "virtual_network_name": "pnp_hub_vnet"
          },
          "sensitive_attributes": [],
          "private": "eyJlMmJmYjczMC1lY2FhLTExZTYtOGY4OC0zNDM2M2JjN2M0YzAiOnsiY3JlYXRlIjoxODAwMDAwMDAwMDAwLCJkZWxldGUiOjE4MDAwMDAwMDAwMDAsInJlYWQiOjMwMDAwMDAwMDAwMCwidXBkYXRlIjoxODAwMDAwMDAwMDAwfX0=",
          "dependencies": [
            "module.network.azurerm_virtual_network.pnp_hub_vnet",
            "module.resource_group.azurerm_resource_group.pnp_hub_rg",
            "module.resource_group.azurerm_resource_group.pnp_spoke_rg"
          ]
        }
      ]
    },
    {
      "module": "module.network[0]",
      "mode": "managed",
      "type": "azurerm_subnet",
      "name": "pnp_spoke_data_st_pep_subnet",
      "provider": "provider[\"registry.terraform.io/hashicorp/azurerm\"]",
      "instances": [
        {
          "schema_version": 0,
          "attributes": {
            "address_prefixes": [
              "10.1.2.0/24"
            ],
            "delegation": [],
            "enforce_private_link_endpoint_network_policies": false,
            "enforce_private_link_service_network_policies": false,
            "id": "/subscriptions/187d0279-23aa-4f7d-9f3f-fc1a8ac639d5/resourceGroups/PNP-SPOKE-RG/providers/Microsoft.Network/virtualNetworks/pnp_spoke_vnet/subnets/PNP-SPOKE-DATA-ST-PEP-SUBNET",
            "name": "PNP-SPOKE-DATA-ST-PEP-SUBNET",
            "private_endpoint_network_policies_enabled": true,
            "private_link_service_network_policies_enabled": true,
            "resource_group_name": "PNP-SPOKE-RG",
            "service_endpoint_policy_ids": [],
            "service_endpoints": [],
            "timeouts": null,
            "virtual_network_name": "pnp_spoke_vnet"
          },
          "sensitive_attributes": [],
          "private": "eyJlMmJmYjczMC1lY2FhLTExZTYtOGY4OC0zNDM2M2JjN2M0YzAiOnsiY3JlYXRlIjoxODAwMDAwMDAwMDAwLCJkZWxldGUiOjE4MDAwMDAwMDAwMDAsInJlYWQiOjMwMDAwMDAwMDAwMCwidXBkYXRlIjoxODAwMDAwMDAwMDAwfX0=",
          "dependencies": [
            "module.network.azurerm_virtual_network.pnp_spoke_vnet",
            "module.resource_group.azurerm_resource_group.pnp_hub_rg",
            "module.resource_group.azurerm_resource_group.pnp_spoke_rg"
          ]
        }
      ]
    },
    {
      "module": "module.network[0]",
      "mode": "managed",
      "type": "azurerm_subnet",
      "name": "pnp_spoke_syn_pep_subnet",
      "provider": "provider[\"registry.terraform.io/hashicorp/azurerm\"]",
      "instances": [
        {
          "schema_version": 0,
          "attributes": {
            "address_prefixes": [
              "10.1.1.0/24"
            ],
            "delegation": [],
            "enforce_private_link_endpoint_network_policies": false,
            "enforce_private_link_service_network_policies": false,
            "id": "/subscriptions/187d0279-23aa-4f7d-9f3f-fc1a8ac639d5/resourceGroups/PNP-SPOKE-RG/providers/Microsoft.Network/virtualNetworks/pnp_spoke_vnet/subnets/PNP-SPOKE-SYN-PEP-SUBNET",
            "name": "PNP-SPOKE-SYN-PEP-SUBNET",
            "private_endpoint_network_policies_enabled": true,
            "private_link_service_network_policies_enabled": true,
            "resource_group_name": "PNP-SPOKE-RG",
            "service_endpoint_policy_ids": [],
            "service_endpoints": [],
            "timeouts": null,
            "virtual_network_name": "pnp_spoke_vnet"
          },
          "sensitive_attributes": [],
          "private": "eyJlMmJmYjczMC1lY2FhLTExZTYtOGY4OC0zNDM2M2JjN2M0YzAiOnsiY3JlYXRlIjoxODAwMDAwMDAwMDAwLCJkZWxldGUiOjE4MDAwMDAwMDAwMDAsInJlYWQiOjMwMDAwMDAwMDAwMCwidXBkYXRlIjoxODAwMDAwMDAwMDAwfX0=",
          "dependencies": [
            "module.network.azurerm_virtual_network.pnp_spoke_vnet",
            "module.resource_group.azurerm_resource_group.pnp_hub_rg",
            "module.resource_group.azurerm_resource_group.pnp_spoke_rg"
          ]
        }
      ]
    },
    {
      "module": "module.network[0]",
      "mode": "managed",
      "type": "azurerm_virtual_network",
      "name": "pnp_hub_vnet",
      "provider": "provider[\"registry.terraform.io/hashicorp/azurerm\"]",
      "instances": [
        {
          "schema_version": 0,
          "attributes": {
            "address_space": [
              "10.0.0.0/16"
            ],
            "bgp_community": "",
            "ddos_protection_plan": [],
            "dns_servers": [],
            "edge_zone": "",
            "encryption": [],
            "flow_timeout_in_minutes": 0,
            "guid": "fb39dbab-2907-4482-a832-bdeca3b1291e",
            "id": "/subscriptions/187d0279-23aa-4f7d-9f3f-fc1a8ac639d5/resourceGroups/PNP-HUB-RG/providers/Microsoft.Network/virtualNetworks/pnp_hub_vnet",
            "location": "koreacentral",
            "name": "pnp_hub_vnet",
            "resource_group_name": "PNP-HUB-RG",
            "subnet": [
              {
                "address_prefix": "10.0.1.0/24",
                "id": "/subscriptions/187d0279-23aa-4f7d-9f3f-fc1a8ac639d5/resourceGroups/PNP-HUB-RG/providers/Microsoft.Network/virtualNetworks/pnp_hub_vnet/subnets/PNP-HUB-BASTION-PEP-SUBNET",
                "name": "PNP-HUB-BASTION-PEP-SUBNET",
                "security_group": ""
              },
              {
                "address_prefix": "10.0.2.0/24",
                "id": "/subscriptions/187d0279-23aa-4f7d-9f3f-fc1a8ac639d5/resourceGroups/PNP-HUB-RG/providers/Microsoft.Network/virtualNetworks/pnp_hub_vnet/subnets/PNP-HUB-IOT-PEP-SUBNET",
                "name": "PNP-HUB-IOT-PEP-SUBNET",
                "security_group": ""
              },
              {
                "address_prefix": "10.0.3.0/24",
                "id": "/subscriptions/187d0279-23aa-4f7d-9f3f-fc1a8ac639d5/resourceGroups/PNP-HUB-RG/providers/Microsoft.Network/virtualNetworks/pnp_hub_vnet/subnets/PNP-HUB-PLH-PEP-SUBNET",
                "name": "PNP-HUB-PLH-PEP-SUBNET",
                "security_group": ""
              }
            ],
            "tags": {},
            "timeouts": null
          },
          "sensitive_attributes": [],
          "private": "eyJlMmJmYjczMC1lY2FhLTExZTYtOGY4OC0zNDM2M2JjN2M0YzAiOnsiY3JlYXRlIjoxODAwMDAwMDAwMDAwLCJkZWxldGUiOjE4MDAwMDAwMDAwMDAsInJlYWQiOjMwMDAwMDAwMDAwMCwidXBkYXRlIjoxODAwMDAwMDAwMDAwfX0=",
          "dependencies": [
            "module.resource_group.azurerm_resource_group.pnp_hub_rg",
            "module.resource_group.azurerm_resource_group.pnp_spoke_rg"
          ]
        }
      ]
    },
    {
      "module": "module.network[0]",
      "mode": "managed",
      "type": "azurerm_virtual_network",
      "name": "pnp_spoke_vnet",
      "provider": "provider[\"registry.terraform.io/hashicorp/azurerm\"]",
      "instances": [
        {
          "schema_version": 0,
          "attributes": {
            "address_space": [
              "10.1.0.0/16"
            ],
            "bgp_community": "",
            "ddos_protection_plan": [],
            "dns_servers": [],
            "edge_zone": "",
            "encryption": [],
            "flow_timeout_in_minutes": 0,
            "guid": "219ce413-7c70-4183-b1e4-3c17235a495a",
            "id": "/subscriptions/187d0279-23aa-4f7d-9f3f-fc1a8ac639d5/resourceGroups/PNP-SPOKE-RG/providers/Microsoft.Network/virtualNetworks/pnp_spoke_vnet",
            "location": "koreacentral",
            "name": "pnp_spoke_vnet",
            "resource_group_name": "PNP-SPOKE-RG",
            "subnet": [
              {
                "address_prefix": "10.1.1.0/24",
                "id": "/subscriptions/187d0279-23aa-4f7d-9f3f-fc1a8ac639d5/resourceGroups/PNP-SPOKE-RG/providers/Microsoft.Network/virtualNetworks/pnp_spoke_vnet/subnets/PNP-SPOKE-SYN-PEP-SUBNET",
                "name": "PNP-SPOKE-SYN-PEP-SUBNET",
                "security_group": ""
              },
              {
                "address_prefix": "10.1.2.0/24",
                "id": "/subscriptions/187d0279-23aa-4f7d-9f3f-fc1a8ac639d5/resourceGroups/PNP-SPOKE-RG/providers/Microsoft.Network/virtualNetworks/pnp_spoke_vnet/subnets/PNP-SPOKE-DATA-ST-PEP-SUBNET",
                "name": "PNP-SPOKE-DATA-ST-PEP-SUBNET",
                "security_group": ""
              }
            ],
            "tags": {},
            "timeouts": null
          },
          "sensitive_attributes": [],
          "private": "eyJlMmJmYjczMC1lY2FhLTExZTYtOGY4OC0zNDM2M2JjN2M0YzAiOnsiY3JlYXRlIjoxODAwMDAwMDAwMDAwLCJkZWxldGUiOjE4MDAwMDAwMDAwMDAsInJlYWQiOjMwMDAwMDAwMDAwMCwidXBkYXRlIjoxODAwMDAwMDAwMDAwfX0=",
          "dependencies": [
            "module.resource_group.azurerm_resource_group.pnp_hub_rg",
            "module.resource_group.azurerm_resource_group.pnp_spoke_rg"
          ]
        }
      ]
    },
    {
      "module": "module.network[0]",
      "mode": "managed",
      "type": "azurerm_virtual_network_peering",
      "name": "peer_hub_to_spoke",
      "provider": "provider[\"registry.terraform.io/hashicorp/azurerm\"]",
      "instances": [
        {
          "schema_version": 0,
          "attributes": {
            "allow_forwarded_traffic": true,
            "allow_gateway_transit": true,
            "allow_virtual_network_access": true,
            "id": "/subscriptions/187d0279-23aa-4f7d-9f3f-fc1a8ac639d5/resourceGroups/PNP-HUB-RG/providers/Microsoft.Network/virtualNetworks/pnp_hub_vnet/virtualNetworkPeerings/peer_hub_to_spoke",
            "name": "peer_hub_to_spoke",
            "remote_virtual_network_id": "/subscriptions/187d0279-23aa-4f7d-9f3f-fc1a8ac639d5/resourceGroups/PNP-SPOKE-RG/providers/Microsoft.Network/virtualNetworks/pnp_spoke_vnet",
            "resource_group_name": "PNP-HUB-RG",
            "timeouts": null,
            "triggers": null,
            "use_remote_gateways": false,
            "virtual_network_name": "pnp_hub_vnet"
          },
          "sensitive_attributes": [],
          "private": "eyJlMmJmYjczMC1lY2FhLTExZTYtOGY4OC0zNDM2M2JjN2M0YzAiOnsiY3JlYXRlIjoxODAwMDAwMDAwMDAwLCJkZWxldGUiOjE4MDAwMDAwMDAwMDAsInJlYWQiOjMwMDAwMDAwMDAwMCwidXBkYXRlIjoxODAwMDAwMDAwMDAwfX0=",
          "dependencies": [
            "module.network.azurerm_virtual_network.pnp_spoke_vnet",
            "module.resource_group.azurerm_resource_group.pnp_hub_rg",
            "module.resource_group.azurerm_resource_group.pnp_spoke_rg"
          ]
        }
      ]
    },
    {
      "module": "module.network[0]",
      "mode": "managed",
      "type": "azurerm_virtual_network_peering",
      "name": "peer_spoke_to_hub",
      "provider": "provider[\"registry.terraform.io/hashicorp/azurerm\"]",
      "instances": [
        {
          "schema_version": 0,
          "attributes": {
            "allow_forwarded_traffic": false,
            "allow_gateway_transit": true,
            "allow_virtual_network_access": true,
            "id": "/subscriptions/187d0279-23aa-4f7d-9f3f-fc1a8ac639d5/resourceGroups/PNP-SPOKE-RG/providers/Microsoft.Network/virtualNetworks/pnp_spoke_vnet/virtualNetworkPeerings/peer_spoke_to_hub",
            "name": "peer_spoke_to_hub",
            "remote_virtual_network_id": "/subscriptions/187d0279-23aa-4f7d-9f3f-fc1a8ac639d5/resourceGroups/PNP-HUB-RG/providers/Microsoft.Network/virtualNetworks/pnp_hub_vnet",
            "resource_group_name": "PNP-SPOKE-RG",
            "timeouts": null,
            "triggers": null,
            "use_remote_gateways": false,
            "virtual_network_name": "pnp_spoke_vnet"
          },
          "sensitive_attributes": [],
          "private": "eyJlMmJmYjczMC1lY2FhLTExZTYtOGY4OC0zNDM2M2JjN2M0YzAiOnsiY3JlYXRlIjoxODAwMDAwMDAwMDAwLCJkZWxldGUiOjE4MDAwMDAwMDAwMDAsInJlYWQiOjMwMDAwMDAwMDAwMCwidXBkYXRlIjoxODAwMDAwMDAwMDAwfX0=",
          "dependencies": [
            "module.network.azurerm_virtual_network.pnp_hub_vnet",
            "module.resource_group.azurerm_resource_group.pnp_hub_rg",
            "module.resource_group.azurerm_resource_group.pnp_spoke_rg"
          ]
        }
      ]
    },
    {
      "module": "module.resource_group[0]",
      "mode": "managed",
      "type": "azurerm_resource_group",
      "name": "pnp_hub_rg",
      "provider": "provider[\"registry.terraform.io/hashicorp/azurerm\"]",
      "instances": [
        {
          "schema_version": 0,
          "attributes": {
            "id": "/subscriptions/187d0279-23aa-4f7d-9f3f-fc1a8ac639d5/resourceGroups/PNP-HUB-RG",
            "location": "koreacentral",
            "managed_by": "",
            "name": "PNP-HUB-RG",
            "tags": {},
            "timeouts": null
          },
          "sensitive_attributes": [],
          "private": "eyJlMmJmYjczMC1lY2FhLTExZTYtOGY4OC0zNDM2M2JjN2M0YzAiOnsiY3JlYXRlIjo1NDAwMDAwMDAwMDAwLCJkZWxldGUiOjU0MDAwMDAwMDAwMDAsInJlYWQiOjMwMDAwMDAwMDAwMCwidXBkYXRlIjo1NDAwMDAwMDAwMDAwfX0="
        }
      ]
    },
    {
      "module": "module.resource_group[0]",
      "mode": "managed",
      "type": "azurerm_resource_group",
      "name": "pnp_spoke_rg",
      "provider": "provider[\"registry.terraform.io/hashicorp/azurerm\"]",
      "instances": [
        {
          "schema_version": 0,
          "attributes": {
            "id": "/subscriptions/187d0279-23aa-4f7d-9f3f-fc1a8ac639d5/resourceGroups/PNP-SPOKE-RG",
            "location": "koreacentral",
            "managed_by": "",
            "name": "PNP-SPOKE-RG",
            "tags": {},
            "timeouts": null
          },
          "sensitive_attributes": [],
          "private": "eyJlMmJmYjczMC1lY2FhLTExZTYtOGY4OC0zNDM2M2JjN2M0YzAiOnsiY3JlYXRlIjo1NDAwMDAwMDAwMDAwLCJkZWxldGUiOjU0MDAwMDAwMDAwMDAsInJlYWQiOjMwMDAwMDAwMDAwMCwidXBkYXRlIjo1NDAwMDAwMDAwMDAwfX0="
        }
      ]
    },
    {
      "module": "module.synapse_module[0]",
      "mode": "managed",
      "type": "azurerm_private_dns_zone",
      "name": "pnp_hub_plh_private_dns_zone",
      "provider": "provider[\"registry.terraform.io/hashicorp/azurerm\"]",
      "instances": [
        {
          "schema_version": 0,
          "attributes": {
            "id": "/subscriptions/187d0279-23aa-4f7d-9f3f-fc1a8ac639d5/resourceGroups/PNP-HUB-RG/providers/Microsoft.Network/privateDnsZones/privatelink.azuresynapse.net",
            "max_number_of_record_sets": 25000,
            "max_number_of_virtual_network_links": 1000,
            "max_number_of_virtual_network_links_with_registration": 100,
            "name": "privatelink.azuresynapse.net",
            "number_of_record_sets": 2,
            "resource_group_name": "PNP-HUB-RG",
            "soa_record": [
              {
                "email": "azureprivatedns-host.microsoft.com",
                "expire_time": 2419200,
                "fqdn": "privatelink.azuresynapse.net.",
                "host_name": "azureprivatedns.net",
                "minimum_ttl": 10,
                "refresh_time": 3600,
                "retry_time": 300,
                "serial_number": 1,
                "tags": {},
                "ttl": 3600
              }
            ],
            "tags": {},
            "timeouts": null
          },
          "sensitive_attributes": [],
          "private": "eyJlMmJmYjczMC1lY2FhLTExZTYtOGY4OC0zNDM2M2JjN2M0YzAiOnsiY3JlYXRlIjoxODAwMDAwMDAwMDAwLCJkZWxldGUiOjE4MDAwMDAwMDAwMDAsInJlYWQiOjMwMDAwMDAwMDAwMCwidXBkYXRlIjoxODAwMDAwMDAwMDAwfX0=",
          "dependencies": [
            "module.network.azurerm_subnet.pnp_hub_bastion_pep_subnet",
            "module.network.azurerm_subnet.pnp_hub_iot_pep_subnet",
            "module.network.azurerm_subnet.pnp_hub_plh_pep_subnet",
            "module.network.azurerm_subnet.pnp_spoke_data_st_pep_subnet",
            "module.network.azurerm_subnet.pnp_spoke_syn_pep_subnet",
            "module.network.azurerm_virtual_network.pnp_hub_vnet",
            "module.network.azurerm_virtual_network.pnp_spoke_vnet",
            "module.network.azurerm_virtual_network_peering.peer_hub_to_spoke",
            "module.network.azurerm_virtual_network_peering.peer_spoke_to_hub",
            "module.resource_group.azurerm_resource_group.pnp_hub_rg",
            "module.resource_group.azurerm_resource_group.pnp_spoke_rg"
          ]
        }
      ]
    },
    {
      "module": "module.synapse_module[0]",
      "mode": "managed",
      "type": "azurerm_private_dns_zone",
      "name": "pnp_spoke_syn_dev_dns_zone",
      "provider": "provider[\"registry.terraform.io/hashicorp/azurerm\"]",
      "instances": [
        {
          "schema_version": 0,
          "attributes": {
            "id": "/subscriptions/187d0279-23aa-4f7d-9f3f-fc1a8ac639d5/resourceGroups/PNP-SPOKE-RG/providers/Microsoft.Network/privateDnsZones/privatelink.dev.azuresynapse.net",
            "max_number_of_record_sets": 25000,
            "max_number_of_virtual_network_links": 1000,
            "max_number_of_virtual_network_links_with_registration": 100,
            "name": "privatelink.dev.azuresynapse.net",
            "number_of_record_sets": 2,
            "resource_group_name": "PNP-SPOKE-RG",
            "soa_record": [
              {
                "email": "azureprivatedns-host.microsoft.com",
                "expire_time": 2419200,
                "fqdn": "privatelink.dev.azuresynapse.net.",
                "host_name": "azureprivatedns.net",
                "minimum_ttl": 10,
                "refresh_time": 3600,
                "retry_time": 300,
                "serial_number": 1,
                "tags": {},
                "ttl": 3600
              }
            ],
            "tags": {},
            "timeouts": null
          },
          "sensitive_attributes": [],
          "private": "eyJlMmJmYjczMC1lY2FhLTExZTYtOGY4OC0zNDM2M2JjN2M0YzAiOnsiY3JlYXRlIjoxODAwMDAwMDAwMDAwLCJkZWxldGUiOjE4MDAwMDAwMDAwMDAsInJlYWQiOjMwMDAwMDAwMDAwMCwidXBkYXRlIjoxODAwMDAwMDAwMDAwfX0=",
          "dependencies": [
            "module.network.azurerm_subnet.pnp_hub_bastion_pep_subnet",
            "module.network.azurerm_subnet.pnp_hub_iot_pep_subnet",
            "module.network.azurerm_subnet.pnp_hub_plh_pep_subnet",
            "module.network.azurerm_subnet.pnp_spoke_data_st_pep_subnet",
            "module.network.azurerm_subnet.pnp_spoke_syn_pep_subnet",
            "module.network.azurerm_virtual_network.pnp_hub_vnet",
            "module.network.azurerm_virtual_network.pnp_spoke_vnet",
            "module.network.azurerm_virtual_network_peering.peer_hub_to_spoke",
            "module.network.azurerm_virtual_network_peering.peer_spoke_to_hub",
            "module.resource_group.azurerm_resource_group.pnp_hub_rg",
            "module.resource_group.azurerm_resource_group.pnp_spoke_rg"
          ]
        }
      ]
    },
    {
      "module": "module.synapse_module[0]",
      "mode": "managed",
      "type": "azurerm_private_dns_zone",
      "name": "pnp_spoke_syn_sql_dns_zone",
      "provider": "provider[\"registry.terraform.io/hashicorp/azurerm\"]",
      "instances": [
        {
          "schema_version": 0,
          "attributes": {
            "id": "/subscriptions/187d0279-23aa-4f7d-9f3f-fc1a8ac639d5/resourceGroups/PNP-SPOKE-RG/providers/Microsoft.Network/privateDnsZones/privatelink.sql.azuresynapse.net",
            "max_number_of_record_sets": 25000,
            "max_number_of_virtual_network_links": 1000,
            "max_number_of_virtual_network_links_with_registration": 100,
            "name": "privatelink.sql.azuresynapse.net",
            "number_of_record_sets": 3,
            "resource_group_name": "PNP-SPOKE-RG",
            "soa_record": [
              {
                "email": "azureprivatedns-host.microsoft.com",
                "expire_time": 2419200,
                "fqdn": "privatelink.sql.azuresynapse.net.",
                "host_name": "azureprivatedns.net",
                "minimum_ttl": 10,
                "refresh_time": 3600,
                "retry_time": 300,
                "serial_number": 1,
                "tags": {},
                "ttl": 3600
              }
            ],
            "tags": {},
            "timeouts": null
          },
          "sensitive_attributes": [],
          "private": "eyJlMmJmYjczMC1lY2FhLTExZTYtOGY4OC0zNDM2M2JjN2M0YzAiOnsiY3JlYXRlIjoxODAwMDAwMDAwMDAwLCJkZWxldGUiOjE4MDAwMDAwMDAwMDAsInJlYWQiOjMwMDAwMDAwMDAwMCwidXBkYXRlIjoxODAwMDAwMDAwMDAwfX0=",
          "dependencies": [
            "module.network.azurerm_subnet.pnp_hub_bastion_pep_subnet",
            "module.network.azurerm_subnet.pnp_hub_iot_pep_subnet",
            "module.network.azurerm_subnet.pnp_hub_plh_pep_subnet",
            "module.network.azurerm_subnet.pnp_spoke_data_st_pep_subnet",
            "module.network.azurerm_subnet.pnp_spoke_syn_pep_subnet",
            "module.network.azurerm_virtual_network.pnp_hub_vnet",
            "module.network.azurerm_virtual_network.pnp_spoke_vnet",
            "module.network.azurerm_virtual_network_peering.peer_hub_to_spoke",
            "module.network.azurerm_virtual_network_peering.peer_spoke_to_hub",
            "module.resource_group.azurerm_resource_group.pnp_hub_rg",
            "module.resource_group.azurerm_resource_group.pnp_spoke_rg"
          ]
        }
      ]
    },
    {
      "module": "module.synapse_module[0]",
      "mode": "managed",
      "type": "azurerm_private_dns_zone_virtual_network_link",
      "name": "pnp_hub_plh_c01_private_dns_zone_link_hub",
      "provider": "provider[\"registry.terraform.io/hashicorp/azurerm\"]",
      "instances": [
        {
          "schema_version": 0,
          "attributes": {
            "id": "/subscriptions/187d0279-23aa-4f7d-9f3f-fc1a8ac639d5/resourceGroups/PNP-HUB-RG/providers/Microsoft.Network/privateDnsZones/privatelink.azuresynapse.net/virtualNetworkLinks/link_hub",
            "name": "link_hub",
            "private_dns_zone_name": "privatelink.azuresynapse.net",
            "registration_enabled": false,
            "resource_group_name": "PNP-HUB-RG",
            "tags": {},
            "timeouts": null,
            "virtual_network_id": "/subscriptions/187d0279-23aa-4f7d-9f3f-fc1a8ac639d5/resourceGroups/PNP-HUB-RG/providers/Microsoft.Network/virtualNetworks/pnp_hub_vnet"
          },
          "sensitive_attributes": [],
          "private": "eyJlMmJmYjczMC1lY2FhLTExZTYtOGY4OC0zNDM2M2JjN2M0YzAiOnsiY3JlYXRlIjoxODAwMDAwMDAwMDAwLCJkZWxldGUiOjE4MDAwMDAwMDAwMDAsInJlYWQiOjMwMDAwMDAwMDAwMCwidXBkYXRlIjoxODAwMDAwMDAwMDAwfX0=",
          "dependencies": [
            "module.network.azurerm_subnet.pnp_hub_bastion_pep_subnet",
            "module.network.azurerm_subnet.pnp_hub_iot_pep_subnet",
            "module.network.azurerm_subnet.pnp_hub_plh_pep_subnet",
            "module.network.azurerm_subnet.pnp_spoke_data_st_pep_subnet",
            "module.network.azurerm_subnet.pnp_spoke_syn_pep_subnet",
            "module.network.azurerm_virtual_network.pnp_hub_vnet",
            "module.network.azurerm_virtual_network.pnp_spoke_vnet",
            "module.network.azurerm_virtual_network_peering.peer_hub_to_spoke",
            "module.network.azurerm_virtual_network_peering.peer_spoke_to_hub",
            "module.resource_group.azurerm_resource_group.pnp_hub_rg",
            "module.resource_group.azurerm_resource_group.pnp_spoke_rg",
            "module.synapse_module.azurerm_private_dns_zone.pnp_hub_plh_private_dns_zone"
          ]
        }
      ]
    },
    {
      "module": "module.synapse_module[0]",
      "mode": "managed",
      "type": "azurerm_private_dns_zone_virtual_network_link",
      "name": "pnp_hub_plh_c01_private_dns_zone_link_spoke",
      "provider": "provider[\"registry.terraform.io/hashicorp/azurerm\"]",
      "instances": [
        {
          "schema_version": 0,
          "attributes": {
            "id": "/subscriptions/187d0279-23aa-4f7d-9f3f-fc1a8ac639d5/resourceGroups/PNP-HUB-RG/providers/Microsoft.Network/privateDnsZones/privatelink.azuresynapse.net/virtualNetworkLinks/link_spoke",
            "name": "link_spoke",
            "private_dns_zone_name": "privatelink.azuresynapse.net",
            "registration_enabled": false,
            "resource_group_name": "PNP-HUB-RG",
            "tags": {},
            "timeouts": null,
            "virtual_network_id": "/subscriptions/187d0279-23aa-4f7d-9f3f-fc1a8ac639d5/resourceGroups/PNP-SPOKE-RG/providers/Microsoft.Network/virtualNetworks/pnp_spoke_vnet"
          },
          "sensitive_attributes": [],
          "private": "eyJlMmJmYjczMC1lY2FhLTExZTYtOGY4OC0zNDM2M2JjN2M0YzAiOnsiY3JlYXRlIjoxODAwMDAwMDAwMDAwLCJkZWxldGUiOjE4MDAwMDAwMDAwMDAsInJlYWQiOjMwMDAwMDAwMDAwMCwidXBkYXRlIjoxODAwMDAwMDAwMDAwfX0=",
          "dependencies": [
            "module.network.azurerm_subnet.pnp_hub_bastion_pep_subnet",
            "module.network.azurerm_subnet.pnp_hub_iot_pep_subnet",
            "module.network.azurerm_subnet.pnp_hub_plh_pep_subnet",
            "module.network.azurerm_subnet.pnp_spoke_data_st_pep_subnet",
            "module.network.azurerm_subnet.pnp_spoke_syn_pep_subnet",
            "module.network.azurerm_virtual_network.pnp_hub_vnet",
            "module.network.azurerm_virtual_network.pnp_spoke_vnet",
            "module.network.azurerm_virtual_network_peering.peer_hub_to_spoke",
            "module.network.azurerm_virtual_network_peering.peer_spoke_to_hub",
            "module.resource_group.azurerm_resource_group.pnp_hub_rg",
            "module.resource_group.azurerm_resource_group.pnp_spoke_rg",
            "module.synapse_module.azurerm_private_dns_zone.pnp_hub_plh_private_dns_zone"
          ]
        }
      ]
    },
    {
      "module": "module.synapse_module[0]",
      "mode": "managed",
      "type": "azurerm_private_dns_zone_virtual_network_link",
      "name": "pnp_spoke_syn_dev_dns_zone_link_hub",
      "provider": "provider[\"registry.terraform.io/hashicorp/azurerm\"]",
      "instances": [
        {
          "schema_version": 0,
          "attributes": {
            "id": "/subscriptions/187d0279-23aa-4f7d-9f3f-fc1a8ac639d5/resourceGroups/PNP-SPOKE-RG/providers/Microsoft.Network/privateDnsZones/privatelink.dev.azuresynapse.net/virtualNetworkLinks/link_hub",
            "name": "link_hub",
            "private_dns_zone_name": "privatelink.dev.azuresynapse.net",
            "registration_enabled": false,
            "resource_group_name": "PNP-SPOKE-RG",
            "tags": {},
            "timeouts": null,
            "virtual_network_id": "/subscriptions/187d0279-23aa-4f7d-9f3f-fc1a8ac639d5/resourceGroups/PNP-HUB-RG/providers/Microsoft.Network/virtualNetworks/pnp_hub_vnet"
          },
          "sensitive_attributes": [],
          "private": "eyJlMmJmYjczMC1lY2FhLTExZTYtOGY4OC0zNDM2M2JjN2M0YzAiOnsiY3JlYXRlIjoxODAwMDAwMDAwMDAwLCJkZWxldGUiOjE4MDAwMDAwMDAwMDAsInJlYWQiOjMwMDAwMDAwMDAwMCwidXBkYXRlIjoxODAwMDAwMDAwMDAwfX0=",
          "dependencies": [
            "module.network.azurerm_subnet.pnp_hub_bastion_pep_subnet",
            "module.network.azurerm_subnet.pnp_hub_iot_pep_subnet",
            "module.network.azurerm_subnet.pnp_hub_plh_pep_subnet",
            "module.network.azurerm_subnet.pnp_spoke_data_st_pep_subnet",
            "module.network.azurerm_subnet.pnp_spoke_syn_pep_subnet",
            "module.network.azurerm_virtual_network.pnp_hub_vnet",
            "module.network.azurerm_virtual_network.pnp_spoke_vnet",
            "module.network.azurerm_virtual_network_peering.peer_hub_to_spoke",
            "module.network.azurerm_virtual_network_peering.peer_spoke_to_hub",
            "module.resource_group.azurerm_resource_group.pnp_hub_rg",
            "module.resource_group.azurerm_resource_group.pnp_spoke_rg",
            "module.synapse_module.azurerm_private_dns_zone.pnp_spoke_syn_dev_dns_zone"
          ]
        }
      ]
    },
    {
      "module": "module.synapse_module[0]",
      "mode": "managed",
      "type": "azurerm_private_dns_zone_virtual_network_link",
      "name": "pnp_spoke_syn_dev_dns_zone_link_spoke",
      "provider": "provider[\"registry.terraform.io/hashicorp/azurerm\"]",
      "instances": [
        {
          "schema_version": 0,
          "attributes": {
            "id": "/subscriptions/187d0279-23aa-4f7d-9f3f-fc1a8ac639d5/resourceGroups/PNP-SPOKE-RG/providers/Microsoft.Network/privateDnsZones/privatelink.dev.azuresynapse.net/virtualNetworkLinks/link_spoke",
            "name": "link_spoke",
            "private_dns_zone_name": "privatelink.dev.azuresynapse.net",
            "registration_enabled": false,
            "resource_group_name": "PNP-SPOKE-RG",
            "tags": {},
            "timeouts": null,
            "virtual_network_id": "/subscriptions/187d0279-23aa-4f7d-9f3f-fc1a8ac639d5/resourceGroups/PNP-SPOKE-RG/providers/Microsoft.Network/virtualNetworks/pnp_spoke_vnet"
          },
          "sensitive_attributes": [],
          "private": "eyJlMmJmYjczMC1lY2FhLTExZTYtOGY4OC0zNDM2M2JjN2M0YzAiOnsiY3JlYXRlIjoxODAwMDAwMDAwMDAwLCJkZWxldGUiOjE4MDAwMDAwMDAwMDAsInJlYWQiOjMwMDAwMDAwMDAwMCwidXBkYXRlIjoxODAwMDAwMDAwMDAwfX0=",
          "dependencies": [
            "module.network.azurerm_subnet.pnp_hub_bastion_pep_subnet",
            "module.network.azurerm_subnet.pnp_hub_iot_pep_subnet",
            "module.network.azurerm_subnet.pnp_hub_plh_pep_subnet",
            "module.network.azurerm_subnet.pnp_spoke_data_st_pep_subnet",
            "module.network.azurerm_subnet.pnp_spoke_syn_pep_subnet",
            "module.network.azurerm_virtual_network.pnp_hub_vnet",
            "module.network.azurerm_virtual_network.pnp_spoke_vnet",
            "module.network.azurerm_virtual_network_peering.peer_hub_to_spoke",
            "module.network.azurerm_virtual_network_peering.peer_spoke_to_hub",
            "module.resource_group.azurerm_resource_group.pnp_hub_rg",
            "module.resource_group.azurerm_resource_group.pnp_spoke_rg",
            "module.synapse_module.azurerm_private_dns_zone.pnp_spoke_syn_dev_dns_zone"
          ]
        }
      ]
    },
    {
      "module": "module.synapse_module[0]",
      "mode": "managed",
      "type": "azurerm_private_dns_zone_virtual_network_link",
      "name": "pnp_spoke_syn_sql_dns_zone_link_hub",
      "provider": "provider[\"registry.terraform.io/hashicorp/azurerm\"]",
      "instances": [
        {
          "schema_version": 0,
          "attributes": {
            "id": "/subscriptions/187d0279-23aa-4f7d-9f3f-fc1a8ac639d5/resourceGroups/PNP-SPOKE-RG/providers/Microsoft.Network/privateDnsZones/privatelink.sql.azuresynapse.net/virtualNetworkLinks/link_hub",
            "name": "link_hub",
            "private_dns_zone_name": "privatelink.sql.azuresynapse.net",
            "registration_enabled": false,
            "resource_group_name": "PNP-SPOKE-RG",
            "tags": {},
            "timeouts": null,
            "virtual_network_id": "/subscriptions/187d0279-23aa-4f7d-9f3f-fc1a8ac639d5/resourceGroups/PNP-HUB-RG/providers/Microsoft.Network/virtualNetworks/pnp_hub_vnet"
          },
          "sensitive_attributes": [],
          "private": "eyJlMmJmYjczMC1lY2FhLTExZTYtOGY4OC0zNDM2M2JjN2M0YzAiOnsiY3JlYXRlIjoxODAwMDAwMDAwMDAwLCJkZWxldGUiOjE4MDAwMDAwMDAwMDAsInJlYWQiOjMwMDAwMDAwMDAwMCwidXBkYXRlIjoxODAwMDAwMDAwMDAwfX0=",
          "dependencies": [
            "module.network.azurerm_subnet.pnp_hub_bastion_pep_subnet",
            "module.network.azurerm_subnet.pnp_hub_iot_pep_subnet",
            "module.network.azurerm_subnet.pnp_hub_plh_pep_subnet",
            "module.network.azurerm_subnet.pnp_spoke_data_st_pep_subnet",
            "module.network.azurerm_subnet.pnp_spoke_syn_pep_subnet",
            "module.network.azurerm_virtual_network.pnp_hub_vnet",
            "module.network.azurerm_virtual_network.pnp_spoke_vnet",
            "module.network.azurerm_virtual_network_peering.peer_hub_to_spoke",
            "module.network.azurerm_virtual_network_peering.peer_spoke_to_hub",
            "module.resource_group.azurerm_resource_group.pnp_hub_rg",
            "module.resource_group.azurerm_resource_group.pnp_spoke_rg",
            "module.synapse_module.azurerm_private_dns_zone.pnp_spoke_syn_sql_dns_zone"
          ]
        }
      ]
    },
    {
      "module": "module.synapse_module[0]",
      "mode": "managed",
      "type": "azurerm_private_dns_zone_virtual_network_link",
      "name": "pnp_spoke_syn_sql_dns_zone_link_spoke",
      "provider": "provider[\"registry.terraform.io/hashicorp/azurerm\"]",
      "instances": [
        {
          "schema_version": 0,
          "attributes": {
            "id": "/subscriptions/187d0279-23aa-4f7d-9f3f-fc1a8ac639d5/resourceGroups/PNP-SPOKE-RG/providers/Microsoft.Network/privateDnsZones/privatelink.sql.azuresynapse.net/virtualNetworkLinks/link_spoke",
            "name": "link_spoke",
            "private_dns_zone_name": "privatelink.sql.azuresynapse.net",
            "registration_enabled": false,
            "resource_group_name": "PNP-SPOKE-RG",
            "tags": {},
            "timeouts": null,
            "virtual_network_id": "/subscriptions/187d0279-23aa-4f7d-9f3f-fc1a8ac639d5/resourceGroups/PNP-SPOKE-RG/providers/Microsoft.Network/virtualNetworks/pnp_spoke_vnet"
          },
          "sensitive_attributes": [],
          "private": "eyJlMmJmYjczMC1lY2FhLTExZTYtOGY4OC0zNDM2M2JjN2M0YzAiOnsiY3JlYXRlIjoxODAwMDAwMDAwMDAwLCJkZWxldGUiOjE4MDAwMDAwMDAwMDAsInJlYWQiOjMwMDAwMDAwMDAwMCwidXBkYXRlIjoxODAwMDAwMDAwMDAwfX0=",
          "dependencies": [
            "module.network.azurerm_subnet.pnp_hub_bastion_pep_subnet",
            "module.network.azurerm_subnet.pnp_hub_iot_pep_subnet",
            "module.network.azurerm_subnet.pnp_hub_plh_pep_subnet",
            "module.network.azurerm_subnet.pnp_spoke_data_st_pep_subnet",
            "module.network.azurerm_subnet.pnp_spoke_syn_pep_subnet",
            "module.network.azurerm_virtual_network.pnp_hub_vnet",
            "module.network.azurerm_virtual_network.pnp_spoke_vnet",
            "module.network.azurerm_virtual_network_peering.peer_hub_to_spoke",
            "module.network.azurerm_virtual_network_peering.peer_spoke_to_hub",
            "module.resource_group.azurerm_resource_group.pnp_hub_rg",
            "module.resource_group.azurerm_resource_group.pnp_spoke_rg",
            "module.synapse_module.azurerm_private_dns_zone.pnp_spoke_syn_sql_dns_zone"
          ]
        }
      ]
    },
    {
      "module": "module.synapse_module[0]",
      "mode": "managed",
      "type": "azurerm_private_endpoint",
      "name": "pnp_hub_plh_web_pep",
      "provider": "provider[\"registry.terraform.io/hashicorp/azurerm\"]",
      "instances": [
        {
          "schema_version": 0,
          "attributes": {
            "custom_dns_configs": [],
            "custom_network_interface_name": "",
            "id": "/subscriptions/187d0279-23aa-4f7d-9f3f-fc1a8ac639d5/resourceGroups/PNP-HUB-RG/providers/Microsoft.Network/privateEndpoints/PNP-HUB-PLH-WEB-PEP",
            "ip_configuration": [],
            "location": "koreacentral",
            "name": "PNP-HUB-PLH-WEB-PEP",
            "network_interface": [
              {
                "id": "/subscriptions/187d0279-23aa-4f7d-9f3f-fc1a8ac639d5/resourceGroups/PNP-HUB-RG/providers/Microsoft.Network/networkInterfaces/PNP-HUB-PLH-WEB-PEP.nic.7510fcdd-e346-45a4-b7cd-4e363e3a26ca",
                "name": "PNP-HUB-PLH-WEB-PEP.nic.7510fcdd-e346-45a4-b7cd-4e363e3a26ca"
              }
            ],
            "private_dns_zone_configs": [
              {
                "id": "/subscriptions/187d0279-23aa-4f7d-9f3f-fc1a8ac639d5/resourceGroups/PNP-HUB-RG/providers/Microsoft.Network/privateEndpoints/PNP-HUB-PLH-WEB-PEP/privateDnsZoneGroups/default/privateDnsZoneConfigs/privatelink.azuresynapse.net",
                "name": "privatelink.azuresynapse.net",
                "private_dns_zone_id": "/subscriptions/187d0279-23aa-4f7d-9f3f-fc1a8ac639d5/resourceGroups/PNP-HUB-RG/providers/Microsoft.Network/privateDnsZones/privatelink.azuresynapse.net",
                "record_sets": [
                  {
                    "fqdn": "web.privatelink.azuresynapse.net",
                    "ip_addresses": [
                      "10.0.3.4"
                    ],
                    "name": "web",
                    "ttl": 10,
                    "type": "A"
                  }
                ]
              }
            ],
            "private_dns_zone_group": [
              {
                "id": "/subscriptions/187d0279-23aa-4f7d-9f3f-fc1a8ac639d5/resourceGroups/PNP-HUB-RG/providers/Microsoft.Network/privateEndpoints/PNP-HUB-PLH-WEB-PEP/privateDnsZoneGroups/default",
                "name": "default",
                "private_dns_zone_ids": [
                  "/subscriptions/187d0279-23aa-4f7d-9f3f-fc1a8ac639d5/resourceGroups/PNP-HUB-RG/providers/Microsoft.Network/privateDnsZones/privatelink.azuresynapse.net"
                ]
              }
            ],
            "private_service_connection": [
              {
                "is_manual_connection": false,
                "name": "example-iothub-pe-connection",
                "private_connection_resource_alias": "",
                "private_connection_resource_id": "/subscriptions/187d0279-23aa-4f7d-9f3f-fc1a8ac639d5/resourceGroups/PNP-HUB-RG/providers/Microsoft.Synapse/privateLinkHubs/pnphubplhc01",
                "private_ip_address": "10.0.3.4",
                "request_message": "",
                "subresource_names": [
                  "web"
                ]
              }
            ],
            "resource_group_name": "PNP-HUB-RG",
            "subnet_id": "/subscriptions/187d0279-23aa-4f7d-9f3f-fc1a8ac639d5/resourceGroups/PNP-HUB-RG/providers/Microsoft.Network/virtualNetworks/pnp_hub_vnet/subnets/PNP-HUB-PLH-PEP-SUBNET",
            "tags": {},
            "timeouts": null
          },
          "sensitive_attributes": [],
          "private": "eyJlMmJmYjczMC1lY2FhLTExZTYtOGY4OC0zNDM2M2JjN2M0YzAiOnsiY3JlYXRlIjozNjAwMDAwMDAwMDAwLCJkZWxldGUiOjM2MDAwMDAwMDAwMDAsInJlYWQiOjMwMDAwMDAwMDAwMCwidXBkYXRlIjozNjAwMDAwMDAwMDAwfX0=",
          "dependencies": [
            "module.network.azurerm_subnet.pnp_hub_bastion_pep_subnet",
            "module.network.azurerm_subnet.pnp_hub_iot_pep_subnet",
            "module.network.azurerm_subnet.pnp_hub_plh_pep_subnet",
            "module.network.azurerm_subnet.pnp_spoke_data_st_pep_subnet",
            "module.network.azurerm_subnet.pnp_spoke_syn_pep_subnet",
            "module.network.azurerm_virtual_network.pnp_hub_vnet",
            "module.network.azurerm_virtual_network.pnp_spoke_vnet",
            "module.network.azurerm_virtual_network_peering.peer_hub_to_spoke",
            "module.network.azurerm_virtual_network_peering.peer_spoke_to_hub",
            "module.resource_group.azurerm_resource_group.pnp_hub_rg",
            "module.resource_group.azurerm_resource_group.pnp_spoke_rg",
            "module.synapse_module.azurerm_private_dns_zone.pnp_hub_plh_private_dns_zone",
            "module.synapse_module.azurerm_synapse_private_link_hub.pnp_hub_plh_c01"
          ]
        }
      ]
    },
    {
      "module": "module.synapse_module[0]",
      "mode": "managed",
      "type": "azurerm_private_endpoint",
      "name": "pnp_spoke_syn_dev_pep",
      "provider": "provider[\"registry.terraform.io/hashicorp/azurerm\"]",
      "instances": [
        {
          "schema_version": 0,
          "attributes": {
            "custom_dns_configs": [],
            "custom_network_interface_name": "",
            "id": "/subscriptions/187d0279-23aa-4f7d-9f3f-fc1a8ac639d5/resourceGroups/PNP-SPOKE-RG/providers/Microsoft.Network/privateEndpoints/PNP-SPOKE-SYN-DEV-PEP",
            "ip_configuration": [],
            "location": "koreacentral",
            "name": "PNP-SPOKE-SYN-DEV-PEP",
            "network_interface": [
              {
                "id": "/subscriptions/187d0279-23aa-4f7d-9f3f-fc1a8ac639d5/resourceGroups/PNP-SPOKE-RG/providers/Microsoft.Network/networkInterfaces/PNP-SPOKE-SYN-DEV-PEP.nic.d130665a-70ef-48c0-bfe9-ae35d5b96cf5",
                "name": "PNP-SPOKE-SYN-DEV-PEP.nic.d130665a-70ef-48c0-bfe9-ae35d5b96cf5"
              }
            ],
            "private_dns_zone_configs": [
              {
                "id": "/subscriptions/187d0279-23aa-4f7d-9f3f-fc1a8ac639d5/resourceGroups/PNP-SPOKE-RG/providers/Microsoft.Network/privateEndpoints/PNP-SPOKE-SYN-DEV-PEP/privateDnsZoneGroups/default/privateDnsZoneConfigs/privatelink.dev.azuresynapse.net",
                "name": "privatelink.dev.azuresynapse.net",
                "private_dns_zone_id": "/subscriptions/187d0279-23aa-4f7d-9f3f-fc1a8ac639d5/resourceGroups/PNP-SPOKE-RG/providers/Microsoft.Network/privateDnsZones/privatelink.dev.azuresynapse.net",
                "record_sets": [
                  {
                    "fqdn": "pnp-spoke-syn-d01.privatelink.dev.azuresynapse.net",
                    "ip_addresses": [
                      "10.1.1.5"
                    ],
                    "name": "pnp-spoke-syn-d01",
                    "ttl": 10,
                    "type": "A"
                  }
                ]
              }
            ],
            "private_dns_zone_group": [
              {
                "id": "/subscriptions/187d0279-23aa-4f7d-9f3f-fc1a8ac639d5/resourceGroups/PNP-SPOKE-RG/providers/Microsoft.Network/privateEndpoints/PNP-SPOKE-SYN-DEV-PEP/privateDnsZoneGroups/default",
                "name": "default",
                "private_dns_zone_ids": [
                  "/subscriptions/187d0279-23aa-4f7d-9f3f-fc1a8ac639d5/resourceGroups/PNP-SPOKE-RG/providers/Microsoft.Network/privateDnsZones/privatelink.dev.azuresynapse.net"
                ]
              }
            ],
            "private_service_connection": [
              {
                "is_manual_connection": false,
                "name": "example-syn-pe-connection",
                "private_connection_resource_alias": "",
                "private_connection_resource_id": "/subscriptions/187d0279-23aa-4f7d-9f3f-fc1a8ac639d5/resourceGroups/PNP-SPOKE-RG/providers/Microsoft.Synapse/workspaces/pnp-spoke-syn-d01",
                "private_ip_address": "10.1.1.5",
                "request_message": "",
                "subresource_names": [
                  "dev"
                ]
              }
            ],
            "resource_group_name": "PNP-SPOKE-RG",
            "subnet_id": "/subscriptions/187d0279-23aa-4f7d-9f3f-fc1a8ac639d5/resourceGroups/PNP-SPOKE-RG/providers/Microsoft.Network/virtualNetworks/pnp_spoke_vnet/subnets/PNP-SPOKE-SYN-PEP-SUBNET",
            "tags": {},
            "timeouts": null
          },
          "sensitive_attributes": [],
          "private": "eyJlMmJmYjczMC1lY2FhLTExZTYtOGY4OC0zNDM2M2JjN2M0YzAiOnsiY3JlYXRlIjozNjAwMDAwMDAwMDAwLCJkZWxldGUiOjM2MDAwMDAwMDAwMDAsInJlYWQiOjMwMDAwMDAwMDAwMCwidXBkYXRlIjozNjAwMDAwMDAwMDAwfX0=",
          "dependencies": [
            "module.network.azurerm_subnet.pnp_hub_bastion_pep_subnet",
            "module.network.azurerm_subnet.pnp_hub_iot_pep_subnet",
            "module.network.azurerm_subnet.pnp_hub_plh_pep_subnet",
            "module.network.azurerm_subnet.pnp_spoke_data_st_pep_subnet",
            "module.network.azurerm_subnet.pnp_spoke_syn_pep_subnet",
            "module.network.azurerm_virtual_network.pnp_hub_vnet",
            "module.network.azurerm_virtual_network.pnp_spoke_vnet",
            "module.network.azurerm_virtual_network_peering.peer_hub_to_spoke",
            "module.network.azurerm_virtual_network_peering.peer_spoke_to_hub",
            "module.resource_group.azurerm_resource_group.pnp_hub_rg",
            "module.resource_group.azurerm_resource_group.pnp_spoke_rg",
            "module.synapse_module.azurerm_private_dns_zone.pnp_spoke_syn_dev_dns_zone",
            "module.synapse_module.azurerm_storage_account.pnp_spoke_syn_adls_d01",
            "module.synapse_module.azurerm_storage_data_lake_gen2_filesystem.synapse_filesystem",
            "module.synapse_module.azurerm_synapse_workspace.pnp-spoke-syn-d01"
          ]
        }
      ]
    },
    {
      "module": "module.synapse_module[0]",
      "mode": "managed",
      "type": "azurerm_private_endpoint",
      "name": "pnp_spoke_syn_ondemand_pep",
      "provider": "provider[\"registry.terraform.io/hashicorp/azurerm\"]",
      "instances": [
        {
          "schema_version": 0,
          "attributes": {
            "custom_dns_configs": [],
            "custom_network_interface_name": "",
            "id": "/subscriptions/187d0279-23aa-4f7d-9f3f-fc1a8ac639d5/resourceGroups/PNP-SPOKE-RG/providers/Microsoft.Network/privateEndpoints/PNP-SPOKE-SYN-ONDEMAND-PEP",
            "ip_configuration": [],
            "location": "koreacentral",
            "name": "PNP-SPOKE-SYN-ONDEMAND-PEP",
            "network_interface": [
              {
                "id": "/subscriptions/187d0279-23aa-4f7d-9f3f-fc1a8ac639d5/resourceGroups/PNP-SPOKE-RG/providers/Microsoft.Network/networkInterfaces/PNP-SPOKE-SYN-ONDEMAND-PEP.nic.b7366be5-1887-45e0-842c-42f5e493587f",
                "name": "PNP-SPOKE-SYN-ONDEMAND-PEP.nic.b7366be5-1887-45e0-842c-42f5e493587f"
              }
            ],
            "private_dns_zone_configs": [
              {
                "id": "/subscriptions/187d0279-23aa-4f7d-9f3f-fc1a8ac639d5/resourceGroups/PNP-SPOKE-RG/providers/Microsoft.Network/privateEndpoints/PNP-SPOKE-SYN-ONDEMAND-PEP/privateDnsZoneGroups/default/privateDnsZoneConfigs/privatelink.sql.azuresynapse.net",
                "name": "privatelink.sql.azuresynapse.net",
                "private_dns_zone_id": "/subscriptions/187d0279-23aa-4f7d-9f3f-fc1a8ac639d5/resourceGroups/PNP-SPOKE-RG/providers/Microsoft.Network/privateDnsZones/privatelink.sql.azuresynapse.net",
                "record_sets": [
                  {
                    "fqdn": "pnp-spoke-syn-d01-ondemand.privatelink.sql.azuresynapse.net",
                    "ip_addresses": [
                      "10.1.1.4"
                    ],
                    "name": "pnp-spoke-syn-d01-ondemand",
                    "ttl": 10,
                    "type": "A"
                  }
                ]
              }
            ],
            "private_dns_zone_group": [
              {
                "id": "/subscriptions/187d0279-23aa-4f7d-9f3f-fc1a8ac639d5/resourceGroups/PNP-SPOKE-RG/providers/Microsoft.Network/privateEndpoints/PNP-SPOKE-SYN-ONDEMAND-PEP/privateDnsZoneGroups/default",
                "name": "default",
                "private_dns_zone_ids": [
                  "/subscriptions/187d0279-23aa-4f7d-9f3f-fc1a8ac639d5/resourceGroups/PNP-SPOKE-RG/providers/Microsoft.Network/privateDnsZones/privatelink.sql.azuresynapse.net"
                ]
              }
            ],
            "private_service_connection": [
              {
                "is_manual_connection": false,
                "name": "example-syn-pe-connection",
                "private_connection_resource_alias": "",
                "private_connection_resource_id": "/subscriptions/187d0279-23aa-4f7d-9f3f-fc1a8ac639d5/resourceGroups/PNP-SPOKE-RG/providers/Microsoft.Synapse/workspaces/pnp-spoke-syn-d01",
                "private_ip_address": "10.1.1.4",
                "request_message": "",
                "subresource_names": [
                  "sqlondemand"
                ]
              }
            ],
            "resource_group_name": "PNP-SPOKE-RG",
            "subnet_id": "/subscriptions/187d0279-23aa-4f7d-9f3f-fc1a8ac639d5/resourceGroups/PNP-SPOKE-RG/providers/Microsoft.Network/virtualNetworks/pnp_spoke_vnet/subnets/PNP-SPOKE-SYN-PEP-SUBNET",
            "tags": {},
            "timeouts": null
          },
          "sensitive_attributes": [],
          "private": "eyJlMmJmYjczMC1lY2FhLTExZTYtOGY4OC0zNDM2M2JjN2M0YzAiOnsiY3JlYXRlIjozNjAwMDAwMDAwMDAwLCJkZWxldGUiOjM2MDAwMDAwMDAwMDAsInJlYWQiOjMwMDAwMDAwMDAwMCwidXBkYXRlIjozNjAwMDAwMDAwMDAwfX0=",
          "dependencies": [
            "module.network.azurerm_subnet.pnp_hub_bastion_pep_subnet",
            "module.network.azurerm_subnet.pnp_hub_iot_pep_subnet",
            "module.network.azurerm_subnet.pnp_hub_plh_pep_subnet",
            "module.network.azurerm_subnet.pnp_spoke_data_st_pep_subnet",
            "module.network.azurerm_subnet.pnp_spoke_syn_pep_subnet",
            "module.network.azurerm_virtual_network.pnp_hub_vnet",
            "module.network.azurerm_virtual_network.pnp_spoke_vnet",
            "module.network.azurerm_virtual_network_peering.peer_hub_to_spoke",
            "module.network.azurerm_virtual_network_peering.peer_spoke_to_hub",
            "module.resource_group.azurerm_resource_group.pnp_hub_rg",
            "module.resource_group.azurerm_resource_group.pnp_spoke_rg",
            "module.synapse_module.azurerm_private_dns_zone.pnp_spoke_syn_sql_dns_zone",
            "module.synapse_module.azurerm_storage_account.pnp_spoke_syn_adls_d01",
            "module.synapse_module.azurerm_storage_data_lake_gen2_filesystem.synapse_filesystem",
            "module.synapse_module.azurerm_synapse_workspace.pnp-spoke-syn-d01"
          ]
        }
      ]
    },
    {
      "module": "module.synapse_module[0]",
      "mode": "managed",
      "type": "azurerm_private_endpoint",
      "name": "pnp_spoke_syn_sql_pep",
      "provider": "provider[\"registry.terraform.io/hashicorp/azurerm\"]",
      "instances": [
        {
          "schema_version": 0,
          "attributes": {
            "custom_dns_configs": [],
            "custom_network_interface_name": "",
            "id": "/subscriptions/187d0279-23aa-4f7d-9f3f-fc1a8ac639d5/resourceGroups/PNP-SPOKE-RG/providers/Microsoft.Network/privateEndpoints/PNP-SPOKE-SYN-SQL-PEP",
            "ip_configuration": [],
            "location": "koreacentral",
            "name": "PNP-SPOKE-SYN-SQL-PEP",
            "network_interface": [
              {
                "id": "/subscriptions/187d0279-23aa-4f7d-9f3f-fc1a8ac639d5/resourceGroups/PNP-SPOKE-RG/providers/Microsoft.Network/networkInterfaces/PNP-SPOKE-SYN-SQL-PEP.nic.2698cad0-d3e6-4798-8a84-7351b5ac4659",
                "name": "PNP-SPOKE-SYN-SQL-PEP.nic.2698cad0-d3e6-4798-8a84-7351b5ac4659"
              }
            ],
            "private_dns_zone_configs": [
              {
                "id": "/subscriptions/187d0279-23aa-4f7d-9f3f-fc1a8ac639d5/resourceGroups/PNP-SPOKE-RG/providers/Microsoft.Network/privateEndpoints/PNP-SPOKE-SYN-SQL-PEP/privateDnsZoneGroups/default/privateDnsZoneConfigs/privatelink.sql.azuresynapse.net",
                "name": "privatelink.sql.azuresynapse.net",
                "private_dns_zone_id": "/subscriptions/187d0279-23aa-4f7d-9f3f-fc1a8ac639d5/resourceGroups/PNP-SPOKE-RG/providers/Microsoft.Network/privateDnsZones/privatelink.sql.azuresynapse.net",
                "record_sets": [
                  {
                    "fqdn": "pnp-spoke-syn-d01.privatelink.sql.azuresynapse.net",
                    "ip_addresses": [
                      "10.1.1.6"
                    ],
                    "name": "pnp-spoke-syn-d01",
                    "ttl": 10,
                    "type": "A"
                  }
                ]
              }
            ],
            "private_dns_zone_group": [
              {
                "id": "/subscriptions/187d0279-23aa-4f7d-9f3f-fc1a8ac639d5/resourceGroups/PNP-SPOKE-RG/providers/Microsoft.Network/privateEndpoints/PNP-SPOKE-SYN-SQL-PEP/privateDnsZoneGroups/default",
                "name": "default",
                "private_dns_zone_ids": [
                  "/subscriptions/187d0279-23aa-4f7d-9f3f-fc1a8ac639d5/resourceGroups/PNP-SPOKE-RG/providers/Microsoft.Network/privateDnsZones/privatelink.sql.azuresynapse.net"
                ]
              }
            ],
            "private_service_connection": [
              {
                "is_manual_connection": false,
                "name": "example-syn-pe-connection",
                "private_connection_resource_alias": "",
                "private_connection_resource_id": "/subscriptions/187d0279-23aa-4f7d-9f3f-fc1a8ac639d5/resourceGroups/PNP-SPOKE-RG/providers/Microsoft.Synapse/workspaces/pnp-spoke-syn-d01",
                "private_ip_address": "10.1.1.6",
                "request_message": "",
                "subresource_names": [
                  "sql"
                ]
              }
            ],
            "resource_group_name": "PNP-SPOKE-RG",
            "subnet_id": "/subscriptions/187d0279-23aa-4f7d-9f3f-fc1a8ac639d5/resourceGroups/PNP-SPOKE-RG/providers/Microsoft.Network/virtualNetworks/pnp_spoke_vnet/subnets/PNP-SPOKE-SYN-PEP-SUBNET",
            "tags": {},
            "timeouts": null
          },
          "sensitive_attributes": [],
          "private": "eyJlMmJmYjczMC1lY2FhLTExZTYtOGY4OC0zNDM2M2JjN2M0YzAiOnsiY3JlYXRlIjozNjAwMDAwMDAwMDAwLCJkZWxldGUiOjM2MDAwMDAwMDAwMDAsInJlYWQiOjMwMDAwMDAwMDAwMCwidXBkYXRlIjozNjAwMDAwMDAwMDAwfX0=",
          "dependencies": [
            "module.network.azurerm_subnet.pnp_hub_bastion_pep_subnet",
            "module.network.azurerm_subnet.pnp_hub_iot_pep_subnet",
            "module.network.azurerm_subnet.pnp_hub_plh_pep_subnet",
            "module.network.azurerm_subnet.pnp_spoke_data_st_pep_subnet",
            "module.network.azurerm_subnet.pnp_spoke_syn_pep_subnet",
            "module.network.azurerm_virtual_network.pnp_hub_vnet",
            "module.network.azurerm_virtual_network.pnp_spoke_vnet",
            "module.network.azurerm_virtual_network_peering.peer_hub_to_spoke",
            "module.network.azurerm_virtual_network_peering.peer_spoke_to_hub",
            "module.resource_group.azurerm_resource_group.pnp_hub_rg",
            "module.resource_group.azurerm_resource_group.pnp_spoke_rg",
            "module.synapse_module.azurerm_private_dns_zone.pnp_spoke_syn_sql_dns_zone",
            "module.synapse_module.azurerm_storage_account.pnp_spoke_syn_adls_d01",
            "module.synapse_module.azurerm_storage_data_lake_gen2_filesystem.synapse_filesystem",
            "module.synapse_module.azurerm_synapse_workspace.pnp-spoke-syn-d01"
          ]
        }
      ]
    },
    {
      "module": "module.synapse_module[0]",
      "mode": "managed",
      "type": "azurerm_storage_account",
      "name": "pnp_spoke_syn_adls_d01",
      "provider": "provider[\"registry.terraform.io/hashicorp/azurerm\"]",
      "instances": [
        {
          "schema_version": 4,
          "attributes": {
            "access_tier": "",
            "account_kind": "BlockBlobStorage",
            "account_replication_type": "LRS",
            "account_tier": "Premium",
            "allow_nested_items_to_be_public": true,
            "allowed_copy_scope": "",
            "azure_files_authentication": [],
            "blob_properties": [
              {
                "change_feed_enabled": false,
                "change_feed_retention_in_days": 0,
                "container_delete_retention_policy": [],
                "cors_rule": [],
                "default_service_version": "",
                "delete_retention_policy": [],
                "last_access_time_enabled": false,
                "restore_policy": [],
                "versioning_enabled": false
              }
            ],
            "cross_tenant_replication_enabled": true,
            "custom_domain": [],
            "customer_managed_key": [],
            "default_to_oauth_authentication": false,
            "edge_zone": "",
            "enable_https_traffic_only": true,
            "id": "/subscriptions/187d0279-23aa-4f7d-9f3f-fc1a8ac639d5/resourceGroups/PNP-SPOKE-RG/providers/Microsoft.Storage/storageAccounts/pnpspokesynadlsd01",
            "identity": [],
            "immutability_policy": [],
            "infrastructure_encryption_enabled": false,
            "is_hns_enabled": true,
            "large_file_share_enabled": null,
            "location": "koreacentral",
            "min_tls_version": "TLS1_2",
            "name": "pnpspokesynadlsd01",
            "network_rules": [
              {
                "bypass": [
                  "AzureServices"
                ],
                "default_action": "Allow",
                "ip_rules": [],
                "private_link_access": [],
                "virtual_network_subnet_ids": []
              }
            ],
            "nfsv3_enabled": false,
            "primary_access_key": "xU/PX3dBXI6R1ZwxZPFrrq9AhZlJNbLlOrqx7UakY9WM54uu6aa+bFIwLK7/gn7M/JVY+rDN3ZWK+ASteDX0Ig==",
            "primary_blob_connection_string": "DefaultEndpointsProtocol=https;BlobEndpoint=https://pnpspokesynadlsd01.blob.core.windows.net/;AccountName=pnpspokesynadlsd01;AccountKey=xU/PX3dBXI6R1ZwxZPFrrq9AhZlJNbLlOrqx7UakY9WM54uu6aa+bFIwLK7/gn7M/JVY+rDN3ZWK+ASteDX0Ig==",
            "primary_blob_endpoint": "https://pnpspokesynadlsd01.blob.core.windows.net/",
            "primary_blob_host": "pnpspokesynadlsd01.blob.core.windows.net",
            "primary_blob_internet_endpoint": null,
            "primary_blob_internet_host": null,
            "primary_blob_microsoft_endpoint": null,
            "primary_blob_microsoft_host": null,
            "primary_connection_string": "DefaultEndpointsProtocol=https;AccountName=pnpspokesynadlsd01;AccountKey=xU/PX3dBXI6R1ZwxZPFrrq9AhZlJNbLlOrqx7UakY9WM54uu6aa+bFIwLK7/gn7M/JVY+rDN3ZWK+ASteDX0Ig==;EndpointSuffix=core.windows.net",
            "primary_dfs_endpoint": "https://pnpspokesynadlsd01.dfs.core.windows.net/",
            "primary_dfs_host": "pnpspokesynadlsd01.dfs.core.windows.net",
            "primary_dfs_internet_endpoint": null,
            "primary_dfs_internet_host": null,
            "primary_dfs_microsoft_endpoint": null,
            "primary_dfs_microsoft_host": null,
            "primary_file_endpoint": "",
            "primary_file_host": "",
            "primary_file_internet_endpoint": null,
            "primary_file_internet_host": null,
            "primary_file_microsoft_endpoint": null,
            "primary_file_microsoft_host": null,
            "primary_location": "koreacentral",
            "primary_queue_endpoint": "",
            "primary_queue_host": "",
            "primary_queue_microsoft_endpoint": null,
            "primary_queue_microsoft_host": null,
            "primary_table_endpoint": "",
            "primary_table_host": "",
            "primary_table_microsoft_endpoint": null,
            "primary_table_microsoft_host": null,
            "primary_web_endpoint": "https://pnpspokesynadlsd01.z12.web.core.windows.net/",
            "primary_web_host": "pnpspokesynadlsd01.z12.web.core.windows.net",
            "primary_web_internet_endpoint": null,
            "primary_web_internet_host": null,
            "primary_web_microsoft_endpoint": null,
            "primary_web_microsoft_host": null,
            "public_network_access_enabled": true,
            "queue_encryption_key_type": "Service",
            "queue_properties": [],
            "resource_group_name": "PNP-SPOKE-RG",
            "routing": [],
            "sas_policy": [],
            "secondary_access_key": "gqZYJniLycN/2pQoRC4SFWUT0Zo5Gb+wwzvCmNqNjXUfyDf3rpNpJ98/m6A5D1TZ3xUpLKtxa5Wb+AStT0kRew==",
            "secondary_blob_connection_string": "",
            "secondary_blob_endpoint": null,
            "secondary_blob_host": null,
            "secondary_blob_internet_endpoint": null,
            "secondary_blob_internet_host": null,
            "secondary_blob_microsoft_endpoint": null,
            "secondary_blob_microsoft_host": null,
            "secondary_connection_string": "DefaultEndpointsProtocol=https;AccountName=pnpspokesynadlsd01;AccountKey=gqZYJniLycN/2pQoRC4SFWUT0Zo5Gb+wwzvCmNqNjXUfyDf3rpNpJ98/m6A5D1TZ3xUpLKtxa5Wb+AStT0kRew==;EndpointSuffix=core.windows.net",
            "secondary_dfs_endpoint": null,
            "secondary_dfs_host": null,
            "secondary_dfs_internet_endpoint": null,
            "secondary_dfs_internet_host": null,
            "secondary_dfs_microsoft_endpoint": null,
            "secondary_dfs_microsoft_host": null,
            "secondary_file_endpoint": null,
            "secondary_file_host": null,
            "secondary_file_internet_endpoint": null,
            "secondary_file_internet_host": null,
            "secondary_file_microsoft_endpoint": null,
            "secondary_file_microsoft_host": null,
            "secondary_location": "",
            "secondary_queue_endpoint": null,
            "secondary_queue_host": null,
            "secondary_queue_microsoft_endpoint": null,
            "secondary_queue_microsoft_host": null,
            "secondary_table_endpoint": null,
            "secondary_table_host": null,
            "secondary_table_microsoft_endpoint": null,
            "secondary_table_microsoft_host": null,
            "secondary_web_endpoint": null,
            "secondary_web_host": null,
            "secondary_web_internet_endpoint": null,
            "secondary_web_internet_host": null,
            "secondary_web_microsoft_endpoint": null,
            "secondary_web_microsoft_host": null,
            "sftp_enabled": false,
            "share_properties": [],
            "shared_access_key_enabled": true,
            "static_website": [],
            "table_encryption_key_type": "Service",
            "tags": {},
            "timeouts": null
          },
          "sensitive_attributes": [],
          "private": "eyJlMmJmYjczMC1lY2FhLTExZTYtOGY4OC0zNDM2M2JjN2M0YzAiOnsiY3JlYXRlIjozNjAwMDAwMDAwMDAwLCJkZWxldGUiOjM2MDAwMDAwMDAwMDAsInJlYWQiOjMwMDAwMDAwMDAwMCwidXBkYXRlIjozNjAwMDAwMDAwMDAwfSwic2NoZW1hX3ZlcnNpb24iOiI0In0=",
          "dependencies": [
            "module.network.azurerm_subnet.pnp_hub_bastion_pep_subnet",
            "module.network.azurerm_subnet.pnp_hub_iot_pep_subnet",
            "module.network.azurerm_subnet.pnp_hub_plh_pep_subnet",
            "module.network.azurerm_subnet.pnp_spoke_data_st_pep_subnet",
            "module.network.azurerm_subnet.pnp_spoke_syn_pep_subnet",
            "module.network.azurerm_virtual_network.pnp_hub_vnet",
            "module.network.azurerm_virtual_network.pnp_spoke_vnet",
            "module.network.azurerm_virtual_network_peering.peer_hub_to_spoke",
            "module.network.azurerm_virtual_network_peering.peer_spoke_to_hub",
            "module.resource_group.azurerm_resource_group.pnp_hub_rg",
            "module.resource_group.azurerm_resource_group.pnp_spoke_rg"
          ]
        }
      ]
    },
    {
      "module": "module.synapse_module[0]",
      "mode": "managed",
      "type": "azurerm_storage_data_lake_gen2_filesystem",
      "name": "synapse_filesystem",
      "provider": "provider[\"registry.terraform.io/hashicorp/azurerm\"]",
      "instances": [
        {
          "schema_version": 0,
          "attributes": {
            "ace": [
              {
                "id": "",
                "permissions": "---",
                "scope": "access",
                "type": "other"
              },
              {
                "id": "",
                "permissions": "r-x",
                "scope": "access",
                "type": "group"
              },
              {
                "id": "",
                "permissions": "rwx",
                "scope": "access",
                "type": "user"
              }
            ],
            "group": "76d2f82a-d4eb-41c0-a734-10b0d81c7ea4",
            "id": "https://pnpspokesynadlsd01.dfs.core.windows.net/synapse",
            "name": "synapse",
            "owner": "76d2f82a-d4eb-41c0-a734-10b0d81c7ea4",
            "properties": {},
            "storage_account_id": "/subscriptions/187d0279-23aa-4f7d-9f3f-fc1a8ac639d5/resourceGroups/PNP-SPOKE-RG/providers/Microsoft.Storage/storageAccounts/pnpspokesynadlsd01",
            "timeouts": null
          },
          "sensitive_attributes": [],
          "private": "eyJlMmJmYjczMC1lY2FhLTExZTYtOGY4OC0zNDM2M2JjN2M0YzAiOnsiY3JlYXRlIjoxODAwMDAwMDAwMDAwLCJkZWxldGUiOjE4MDAwMDAwMDAwMDAsInJlYWQiOjMwMDAwMDAwMDAwMCwidXBkYXRlIjoxODAwMDAwMDAwMDAwfX0=",
          "dependencies": [
            "module.network.azurerm_subnet.pnp_hub_bastion_pep_subnet",
            "module.network.azurerm_subnet.pnp_hub_iot_pep_subnet",
            "module.network.azurerm_subnet.pnp_hub_plh_pep_subnet",
            "module.network.azurerm_subnet.pnp_spoke_data_st_pep_subnet",
            "module.network.azurerm_subnet.pnp_spoke_syn_pep_subnet",
            "module.network.azurerm_virtual_network.pnp_hub_vnet",
            "module.network.azurerm_virtual_network.pnp_spoke_vnet",
            "module.network.azurerm_virtual_network_peering.peer_hub_to_spoke",
            "module.network.azurerm_virtual_network_peering.peer_spoke_to_hub",
            "module.resource_group.azurerm_resource_group.pnp_hub_rg",
            "module.resource_group.azurerm_resource_group.pnp_spoke_rg",
            "module.synapse_module.azurerm_storage_account.pnp_spoke_syn_adls_d01"
          ]
        }
      ]
    },
    {
      "module": "module.synapse_module[0]",
      "mode": "managed",
      "type": "azurerm_synapse_private_link_hub",
      "name": "pnp_hub_plh_c01",
      "provider": "provider[\"registry.terraform.io/hashicorp/azurerm\"]",
      "instances": [
        {
          "schema_version": 0,
          "attributes": {
            "id": "/subscriptions/187d0279-23aa-4f7d-9f3f-fc1a8ac639d5/resourceGroups/PNP-HUB-RG/providers/Microsoft.Synapse/privateLinkHubs/pnphubplhc01",
            "location": "koreacentral",
            "name": "pnphubplhc01",
            "resource_group_name": "PNP-HUB-RG",
            "tags": {},
            "timeouts": null
          },
          "sensitive_attributes": [],
          "private": "eyJlMmJmYjczMC1lY2FhLTExZTYtOGY4OC0zNDM2M2JjN2M0YzAiOnsiY3JlYXRlIjoxODAwMDAwMDAwMDAwLCJkZWxldGUiOjE4MDAwMDAwMDAwMDAsInJlYWQiOjMwMDAwMDAwMDAwMCwidXBkYXRlIjoxODAwMDAwMDAwMDAwfX0=",
          "dependencies": [
            "module.network.azurerm_subnet.pnp_hub_bastion_pep_subnet",
            "module.network.azurerm_subnet.pnp_hub_iot_pep_subnet",
            "module.network.azurerm_subnet.pnp_hub_plh_pep_subnet",
            "module.network.azurerm_subnet.pnp_spoke_data_st_pep_subnet",
            "module.network.azurerm_subnet.pnp_spoke_syn_pep_subnet",
            "module.network.azurerm_virtual_network.pnp_hub_vnet",
            "module.network.azurerm_virtual_network.pnp_spoke_vnet",
            "module.network.azurerm_virtual_network_peering.peer_hub_to_spoke",
            "module.network.azurerm_virtual_network_peering.peer_spoke_to_hub",
            "module.resource_group.azurerm_resource_group.pnp_hub_rg",
            "module.resource_group.azurerm_resource_group.pnp_spoke_rg"
          ]
        }
      ]
    },
    {
      "module": "module.synapse_module[0]",
      "mode": "managed",
      "type": "azurerm_synapse_workspace",
      "name": "pnp-spoke-syn-d01",
      "provider": "provider[\"registry.terraform.io/hashicorp/azurerm\"]",
      "instances": [
        {
          "schema_version": 0,
          "attributes": {
            "aad_admin": [
              {
                "login": "derik@megazone.com",
                "object_id": "76d2f82a-d4eb-41c0-a734-10b0d81c7ea4",
                "tenant_id": "97f42f55-f1db-4804-b1eb-08db083efd4f"
              }
            ],
            "azure_devops_repo": [],
            "azuread_authentication_only": false,
            "compute_subnet_id": null,
            "connectivity_endpoints": {
              "dev": "https://pnp-spoke-syn-d01.dev.azuresynapse.net",
              "sql": "pnp-spoke-syn-d01.sql.azuresynapse.net",
              "sqlOnDemand": "pnp-spoke-syn-d01-ondemand.sql.azuresynapse.net",
              "web": "https://web.azuresynapse.net?workspace=%2fsubscriptions%2f187d0279-23aa-4f7d-9f3f-fc1a8ac639d5%2fresourceGroups%2fPNP-SPOKE-RG%2fproviders%2fMicrosoft.Synapse%2fworkspaces%2fpnp-spoke-syn-d01"
            },
            "customer_managed_key": [],
            "data_exfiltration_protection_enabled": false,
            "github_repo": [],
            "id": "/subscriptions/187d0279-23aa-4f7d-9f3f-fc1a8ac639d5/resourceGroups/PNP-SPOKE-RG/providers/Microsoft.Synapse/workspaces/pnp-spoke-syn-d01",
            "identity": [
              {
                "identity_ids": [],
                "principal_id": "7af1e9ef-f5fa-4420-b17c-ba9c3e8e7132",
                "tenant_id": "97f42f55-f1db-4804-b1eb-08db083efd4f",
                "type": "SystemAssigned"
              }
            ],
            "linking_allowed_for_aad_tenant_ids": [],
            "location": "koreacentral",
            "managed_resource_group_name": "synapseworkspace-managedrg-43398d2a-41c1-44d3-a552-e6625ceae1bb",
            "managed_virtual_network_enabled": true,
            "name": "pnp-spoke-syn-d01",
            "public_network_access_enabled": true,
            "purview_id": null,
            "resource_group_name": "PNP-SPOKE-RG",
            "sql_aad_admin": [
              {
                "login": "derik@megazone.com",
                "object_id": "76d2f82a-d4eb-41c0-a734-10b0d81c7ea4",
                "tenant_id": "97f42f55-f1db-4804-b1eb-08db083efd4f"
              }
            ],
            "sql_administrator_login": "iotsynadmin",
            "sql_administrator_login_password": "aprkwhs123!@#",
            "sql_identity_control_enabled": false,
            "storage_data_lake_gen2_filesystem_id": "https://pnpspokesynadlsd01.dfs.core.windows.net/synapse",
            "tags": {},
            "timeouts": null
          },
          "sensitive_attributes": [],
          "private": "eyJlMmJmYjczMC1lY2FhLTExZTYtOGY4OC0zNDM2M2JjN2M0YzAiOnsiY3JlYXRlIjoxODAwMDAwMDAwMDAwLCJkZWxldGUiOjE4MDAwMDAwMDAwMDAsInJlYWQiOjMwMDAwMDAwMDAwMCwidXBkYXRlIjoxODAwMDAwMDAwMDAwfX0=",
          "dependencies": [
            "module.network.azurerm_subnet.pnp_hub_bastion_pep_subnet",
            "module.network.azurerm_subnet.pnp_hub_iot_pep_subnet",
            "module.network.azurerm_subnet.pnp_hub_plh_pep_subnet",
            "module.network.azurerm_subnet.pnp_spoke_data_st_pep_subnet",
            "module.network.azurerm_subnet.pnp_spoke_syn_pep_subnet",
            "module.network.azurerm_virtual_network.pnp_hub_vnet",
            "module.network.azurerm_virtual_network.pnp_spoke_vnet",
            "module.network.azurerm_virtual_network_peering.peer_hub_to_spoke",
            "module.network.azurerm_virtual_network_peering.peer_spoke_to_hub",
            "module.resource_group.azurerm_resource_group.pnp_hub_rg",
            "module.resource_group.azurerm_resource_group.pnp_spoke_rg",
            "module.synapse_module.azurerm_storage_account.pnp_spoke_syn_adls_d01",
            "module.synapse_module.azurerm_storage_data_lake_gen2_filesystem.synapse_filesystem"
          ]
        }
      ]
    }
  ],
  "check_results": null
}
